PODS:
  - Cache (1.0.0)
  - Fakery (1.1.0):
    - SwiftyJSON
  - Imaginary (0.1.0):
    - Cache
  - Sugar (1.0.0)
  - SwiftyJSON (2.3.2)

DEPENDENCIES:
  - Cache (from `https://github.com/hyperoslo/Cache`)
  - Fakery
  - Imaginary (from `https://github.com/hyperoslo/Imaginary`)
  - Sugar

EXTERNAL SOURCES:
  Cache:
    :git: https://github.com/hyperoslo/Cache
  Imaginary:
    :git: https://github.com/hyperoslo/Imaginary

CHECKOUT OPTIONS:
  Cache:
    :commit: ae5f3ceb0124a4183d4d2ecfa59652109612906c
    :git: https://github.com/hyperoslo/Cache
  Imaginary:
    :commit: 265eb5ddd1df41bbcc9f0f860e33649e831868d4
    :git: https://github.com/hyperoslo/Imaginary

SPEC CHECKSUMS:
  Cache: 78f58bc008313c7a1182967a2ebcb3de9fddecd4
  Fakery: 593389814fb7c42fe7f0801e76c8ae55b95505e7
  Imaginary: feaea646440c68a9b6ed66a46597d548b9a44207
  Sugar: 7191a36d6b567d65ba4ac7c67b1684ca0554fec5
  SwiftyJSON: 04ccea08915aa0109039157c7974cf0298da292a

COCOAPODS: 0.39.0
