PODS:
  - Brick (0.8.2):
    - Sugar (~> 1.0)
    - Tailor
  - Cache (1.5.1):
    - CryptoSwift
  - CryptoSwift (0.5.2)
  - Imaginary (0.1.0):
    - Cache
  - Spots (2.0.3):
    - Brick
    - Cache
    - Hue
    - Sugar
    - Tailor
  - Sugar (1.2.0)
  - Tailor (1.1.2):
    - Sugar

DEPENDENCIES:
  - Brick
  - Imaginary (from `https://github.com/hyperoslo/Imaginary`)
  - Spots (from `../../`)
  - Sugar
  - Tailor

EXTERNAL SOURCES:
  Imaginary:
    :git: https://github.com/hyperoslo/Imaginary
  Spots:
    :path: "../../"

CHECKOUT OPTIONS:
  Imaginary:
    :commit: 4ab2007614aa2397a9ce82c69771f21df3d37cdc
    :git: https://github.com/hyperoslo/Imaginary

SPEC CHECKSUMS:
  Brick: c5b60d83f69c5e882097ee4e9bf12abd428e395a
  Cache: 87b48b059429d3b53238533830c53941f8aa85f0
  CryptoSwift: c1ef79f901b86099a6fe8b3c7524cf9f3f3c8c40
  Imaginary: 62a9ce1e6d7831ede429c8221a183f03ec2a90bc
  Spots: bed67b01b0cbeea7a7b68cc4a2c357d2c7e0e549
  Sugar: 556b623f0f8846cf08de7302701892f11d567419
  Tailor: 135708d29cef05d8f83e61ce8c07171c8fcfc865

PODFILE CHECKSUM: bd5e841a31421a747421c1f55933ab31e60c19f5

COCOAPODS: 1.0.1
