PODS:
  - Brick (0.8.2):
    - Sugar (~> 1.0)
    - Tailor
  - Cache (1.4.0):
    - CryptoSwift
  - CryptoSwift (0.5.1)
  - Imaginary (0.1.0):
    - Cache
  - Spots (2.0.0):
    - Brick
    - Cache
    - Hue
    - Sugar
    - Tailor
  - Sugar (1.1.1)
  - Tailor (1.1.1):
    - Sugar

DEPENDENCIES:
  - Brick
  - Imaginary (from `https://github.com/hyperoslo/Imaginary`)
  - Spots (from `../../`)
  - Sugar
  - Tailor

EXTERNAL SOURCES:
  Imaginary:
    :git: https://github.com/hyperoslo/Imaginary
  Spots:
    :path: "../../"

CHECKOUT OPTIONS:
  Imaginary:
    :commit: 4ab2007614aa2397a9ce82c69771f21df3d37cdc
    :git: https://github.com/hyperoslo/Imaginary

SPEC CHECKSUMS:
  Brick: c5b60d83f69c5e882097ee4e9bf12abd428e395a
  Cache: 059cf0e10e6c3aec2c402eea19bd6b3aacb3fe9d
  CryptoSwift: df42dda18baf6c76347a94e227dbcc0a341304bd
  Imaginary: 62a9ce1e6d7831ede429c8221a183f03ec2a90bc
  Spots: dd1bb515914fd6c50dc14574e4a689eebec5b919
  Sugar: bed396c924fd089feee7c780778cca2a124f580c
  Tailor: 38a9f1ed1fa804856583396a55ed764d832eeca8

PODFILE CHECKSUM: bd5e841a31421a747421c1f55933ab31e60c19f5

COCOAPODS: 1.0.0
