PODS:
  - Brick (1.0.0):
    - Tailor
  - Cache (1.5.1):
    - CryptoSwift
  - CryptoSwift (0.6.0)
  - Imaginary (0.1.0):
    - Cache
  - Spots (4.0.2):
    - Brick (= 1.0.0)
    - Cache (= 1.5.1)
    - CryptoSwift (= 0.6.0)
    - Tailor (= 2.0.0)
  - Sugar (1.2.0)
  - Tailor (2.0.0)

DEPENDENCIES:
  - Brick (from `https://github.com/hyperoslo/Brick`, branch `swift-3`)
  - Cache (from `https://github.com/hyperoslo/Cache`, branch `swift-3`)
  - CryptoSwift (= 0.6.0)
  - Imaginary (from `https://github.com/hyperoslo/Imaginary`, branch `swift-3`)
  - Spots (from `../../`)
  - Sugar (from `https://github.com/hyperoslo/Sugar`, branch `swift-3`)
  - Tailor (= 2.0.0)

EXTERNAL SOURCES:
  Brick:
    :branch: swift-3
    :git: https://github.com/hyperoslo/Brick
  Cache:
    :branch: swift-3
    :git: https://github.com/hyperoslo/Cache
  Imaginary:
    :branch: swift-3
    :git: https://github.com/hyperoslo/Imaginary
  Spots:
    :path: "../../"
  Sugar:
    :branch: swift-3
    :git: https://github.com/hyperoslo/Sugar

CHECKOUT OPTIONS:
  Brick:
    :commit: 8c3040e96b8e8d62b534d40def925de30b7f8853
    :git: https://github.com/hyperoslo/Brick
  Cache:
    :commit: f4f1398fe02c762630a802b5e5ae9c334beafed9
    :git: https://github.com/hyperoslo/Cache
  Imaginary:
    :commit: b8780d8f5037ea49050bdca18087b9c92f53f502
    :git: https://github.com/hyperoslo/Imaginary
  Sugar:
    :commit: bff8fdde3499f5d40ef0725d120f45dea3f102ce
    :git: https://github.com/hyperoslo/Sugar

SPEC CHECKSUMS:
  Brick: 2de240889550c54ea20b146c72f31e9b256c71ad
  Cache: 87b48b059429d3b53238533830c53941f8aa85f0
  CryptoSwift: 4a599b7241b8d3b857d6e2c28867d0bd5d1aae24
  Imaginary: 62a9ce1e6d7831ede429c8221a183f03ec2a90bc
  Spots: fcb567d256e0051a629b4fb302c00598e54d45a0
  Sugar: 556b623f0f8846cf08de7302701892f11d567419
  Tailor: d5ee9756f4698e0b0d3f3eaa650ffc995714b3b3

PODFILE CHECKSUM: 75f069e06500b8bd7cac942fb7187df1dcd546e5

COCOAPODS: 1.1.0.rc.2
