PODS:
  - Cache (1.0.0)
  - Compass (1.3.0):
    - Sugar
  - Fakery (1.1.0):
    - SwiftyJSON
  - Hue (1.0.0)
  - Imaginary (0.1.0):
    - Cache
  - Spots (1.0.0):
    - Imaginary
    - Sugar
    - Tailor
  - Sugar (1.0.2)
  - SwiftyJSON (2.3.2)
  - Tailor (0.3.1):
    - Sugar

DEPENDENCIES:
  - Cache (from `https://github.com/hyperoslo/Cache`)
  - Compass (from `https://github.com/hyperoslo/Compass`)
  - Fakery
  - Hue (from `https://github.com/hyperoslo/Hue`)
  - Imaginary (from `https://github.com/hyperoslo/Imaginary`)
  - Spots (from `../../`)

EXTERNAL SOURCES:
  Cache:
    :git: https://github.com/hyperoslo/Cache
  Compass:
    :git: https://github.com/hyperoslo/Compass
  Hue:
    :git: https://github.com/hyperoslo/Hue
  Imaginary:
    :git: https://github.com/hyperoslo/Imaginary
  Spots:
    :path: "../../"

CHECKOUT OPTIONS:
  Cache:
    :commit: 5da09c624c8de0735cdd39b95e0ad2b25d8f1708
    :git: https://github.com/hyperoslo/Cache
  Compass:
    :commit: 3f50eb79bb76b14475f23b9b27c05d7f8d817b22
    :git: https://github.com/hyperoslo/Compass
  Hue:
    :commit: d31e0257a47f05c1c800ce150d1fec104dfc9085
    :git: https://github.com/hyperoslo/Hue
  Imaginary:
    :commit: 8301434e481f643734f533e4e84e8abc12e266eb
    :git: https://github.com/hyperoslo/Imaginary

SPEC CHECKSUMS:
  Cache: 78f58bc008313c7a1182967a2ebcb3de9fddecd4
  Compass: 3c8b5a504f9c1616332070239c47d0235d90040a
  Fakery: 593389814fb7c42fe7f0801e76c8ae55b95505e7
  Hue: 44ae8b1091935fcc75055174095ab04653989235
  Imaginary: feaea646440c68a9b6ed66a46597d548b9a44207
  Spots: 0e2a783d37cf05ce0752e2ae4cd709de0112cb04
  Sugar: c9638457a8566ba13bb875c41a464e291c37019a
  SwiftyJSON: 04ccea08915aa0109039157c7974cf0298da292a
  Tailor: 3ec670165a4a0b728c187313e85b433af457152c

PODFILE CHECKSUM: 41d8ae0f93569cab8c8c72f97c7329145a7a6924

COCOAPODS: 1.0.0.beta.2
