PODS:
  - Brick (0.5.0):
    - Sugar (~> 1.0)
    - Tailor
  - Spots (1.4.0):
    - Brick
    - Sugar
    - Tailor
  - Sugar (1.1.0)
  - Tailor (0.12.0):
    - Sugar

DEPENDENCIES:
  - Brick
  - Spots (from `../../`)
  - Sugar
  - Tailor

EXTERNAL SOURCES:
  Spots:
    :path: "../../"

SPEC CHECKSUMS:
  Brick: 585fdfc3a5dae686790a519eaea220b8338b91a7
  Spots: a6ba983b32d47869c3566881d272c970abf6c0f9
  Sugar: 65f2987353aa6249889e122631b2573e84849126
  Tailor: 4b9d3a6e386f3e743bada55e380721e25ef07c58

PODFILE CHECKSUM: 5f1233ce9ada5c2e2bd3df0a174bbc1b54aaaf7f

COCOAPODS: 1.0.0.beta.8
