PODS:
  - Brick (0.9.6):
    - Tailor
  - Cache (1.5.1):
    - CryptoSwift
  - CryptoSwift (0.5.2)
  - Hue (1.3.0)
  - Spots (3.0.4):
    - Brick
    - Cache
    - CryptoSwift (= 0.5.2)
    - Tailor
  - Tailor (1.3.0)

DEPENDENCIES:
  - Hue
  - Spots (from `../../`)

EXTERNAL SOURCES:
  Spots:
    :path: "../../"

SPEC CHECKSUMS:
  Brick: 4af97115ccf754c13d5d6dc0860936809b198d67
  Cache: 87b48b059429d3b53238533830c53941f8aa85f0
  CryptoSwift: c1ef79f901b86099a6fe8b3c7524cf9f3f3c8c40
  Hue: b4d7f4923dd16237f9cbc1783c3c81438b4391f4
  Spots: a6cb714c1da7007b666196651c143e49c9bf05b4
  Tailor: 71fac74a4f14abcd13a10bf07bbe69d5ac746f58

PODFILE CHECKSUM: 88664515d6f3f45da372bf23d4d9adb495101990

COCOAPODS: 1.1.0.rc.2
