PODS:
  - Brick (1.0.0):
    - Tailor
  - Cache (1.5.1):
    - CryptoSwift
  - CryptoSwift (0.6.0)
  - Hue (2.0.0)
  - Spots (4.0.2):
    - Brick (= 1.0.0)
    - Cache (= 1.5.1)
    - CryptoSwift (= 0.6.0)
    - Tailor (= 2.0.0)
  - Tailor (2.0.0)

DEPENDENCIES:
  - Brick (from `https://github.com/hyperoslo/Brick`, branch `swift-3`)
  - Cache (from `https://github.com/hyperoslo/Cache`, branch `swift-3`)
  - CryptoSwift (= 0.6.0)
  - Hue (from `https://github.com/hyperoslo/Hue`, branch `swift-3`)
  - Spots (from `../../`)
  - Tailor (= 2.0.0)

EXTERNAL SOURCES:
  Brick:
    :branch: swift-3
    :git: https://github.com/hyperoslo/Brick
  Cache:
    :branch: swift-3
    :git: https://github.com/hyperoslo/Cache
  Hue:
    :branch: swift-3
    :git: https://github.com/hyperoslo/Hue
  Spots:
    :path: "../../"

CHECKOUT OPTIONS:
  Brick:
    :commit: 8c3040e96b8e8d62b534d40def925de30b7f8853
    :git: https://github.com/hyperoslo/Brick
  Cache:
    :commit: f4f1398fe02c762630a802b5e5ae9c334beafed9
    :git: https://github.com/hyperoslo/Cache
  Hue:
    :commit: b8682f91d47b137b3be4f1cd8e255fdee8214027
    :git: https://github.com/hyperoslo/Hue

SPEC CHECKSUMS:
  Brick: 2de240889550c54ea20b146c72f31e9b256c71ad
  Cache: 87b48b059429d3b53238533830c53941f8aa85f0
  CryptoSwift: 4a599b7241b8d3b857d6e2c28867d0bd5d1aae24
  Hue: '08216d56d01a550a6bbf785778e3dca851b6a65f'
  Spots: fcb567d256e0051a629b4fb302c00598e54d45a0
  Tailor: d5ee9756f4698e0b0d3f3eaa650ffc995714b3b3

PODFILE CHECKSUM: 5e38d91c67d8b3de21c7dfd9d1db21d9707eb084

COCOAPODS: 1.1.0.rc.2
