PODS:
  - Brick (0.5.0):
    - Sugar (~> 1.0)
    - Tailor
  - Cache (1.1.0)
  - Compass (1.4.0):
    - Sugar
  - Hue (1.1)
  - Imaginary (0.1.0):
    - Cache
  - Spots (1.4.0):
    - Brick
    - Sugar
    - Tailor
  - Sugar (1.1.0)
  - Tailor (0.12.0):
    - Sugar

DEPENDENCIES:
  - Cache (from `https://github.com/hyperoslo/Cache`)
  - Compass (from `https://github.com/hyperoslo/Compass`)
  - Hue (from `https://github.com/hyperoslo/Hue`)
  - Imaginary (from `https://github.com/hyperoslo/Imaginary`)
  - Spots (from `../../`)

EXTERNAL SOURCES:
  Cache:
    :git: https://github.com/hyperoslo/Cache
  Compass:
    :git: https://github.com/hyperoslo/Compass
  Hue:
    :git: https://github.com/hyperoslo/Hue
  Imaginary:
    :git: https://github.com/hyperoslo/Imaginary
  Spots:
    :path: "../../"

CHECKOUT OPTIONS:
  Cache:
    :commit: 23f28bcd1e4072bbea57fadad17bed729e946326
    :git: https://github.com/hyperoslo/Cache
  Compass:
    :commit: b702df434f60418b8817896d89b60fc4a78fea89
    :git: https://github.com/hyperoslo/Compass
  Hue:
    :commit: 89ae5e19abc17e5ef87ad823a08250c0671a79e9
    :git: https://github.com/hyperoslo/Hue
  Imaginary:
    :commit: 3a11aad63dabe4812ca1ff83e04f2096d9c38729
    :git: https://github.com/hyperoslo/Imaginary

SPEC CHECKSUMS:
  Brick: 585fdfc3a5dae686790a519eaea220b8338b91a7
  Cache: e40d243efe7172ce3eda44287ada2b95b5a7bd7b
  Compass: f4b8c37f9b315f0ee4f5e4f71888c54c92992d5d
  Hue: c7d6a7206bac669ed69e78cc6c14a4d7bd28277c
  Imaginary: 5317b8d2dc8ecf20455232226bf8a277abdd37d5
  Spots: a6ba983b32d47869c3566881d272c970abf6c0f9
  Sugar: 65f2987353aa6249889e122631b2573e84849126
  Tailor: 4b9d3a6e386f3e743bada55e380721e25ef07c58

PODFILE CHECKSUM: e34ff9f2f0af8d3a15a0ab02c1e69180312dbce3

COCOAPODS: 1.0.0.beta.8
