PODS:
  - Brick (0.8.2):
    - Sugar (~> 1.0)
    - Tailor
  - Cache (1.5.1):
    - CryptoSwift
  - Compass (3.0.0):
    - Sugar
  - CryptoSwift (0.5.2)
  - Hue (1.1.1)
  - Imaginary (0.1.0):
    - Cache
  - Spots (2.1.0):
    - Brick
    - Cache
    - Hue
    - Sugar
    - Tailor
  - Sugar (1.2.0)
  - Tailor (1.1.2):
    - Sugar

DEPENDENCIES:
  - Cache (from `https://github.com/hyperoslo/Cache`)
  - Compass (from `https://github.com/hyperoslo/Compass`)
  - Hue (from `https://github.com/hyperoslo/Hue`)
  - Imaginary (from `https://github.com/hyperoslo/Imaginary`)
  - Spots (from `../../`)

EXTERNAL SOURCES:
  Cache:
    :git: https://github.com/hyperoslo/Cache
  Compass:
    :git: https://github.com/hyperoslo/Compass
  Hue:
    :git: https://github.com/hyperoslo/Hue
  Imaginary:
    :git: https://github.com/hyperoslo/Imaginary
  Spots:
    :path: "../../"

CHECKOUT OPTIONS:
  Cache:
    :commit: 4d7029d95a0b0a77ead2f0144b99bf6543452e3d
    :git: https://github.com/hyperoslo/Cache
  Compass:
    :commit: b08b753962834f19a9d45096aa7eec370f11b6f2
    :git: https://github.com/hyperoslo/Compass
  Hue:
    :commit: 66e5c25d9ef9a95840c23467dc79f12ded8af0c8
    :git: https://github.com/hyperoslo/Hue
  Imaginary:
    :commit: 4ab2007614aa2397a9ce82c69771f21df3d37cdc
    :git: https://github.com/hyperoslo/Imaginary

SPEC CHECKSUMS:
  Brick: c5b60d83f69c5e882097ee4e9bf12abd428e395a
  Cache: 87b48b059429d3b53238533830c53941f8aa85f0
  Compass: a3c2e008e328b5773501df6186d5f64771cd82ce
  CryptoSwift: c1ef79f901b86099a6fe8b3c7524cf9f3f3c8c40
  Hue: 931aeeadcb29ce5de5b97589aa936be4638a1501
  Imaginary: 62a9ce1e6d7831ede429c8221a183f03ec2a90bc
  Spots: df1baf3b762d51b1d315ca87a18791da1834053d
  Sugar: 556b623f0f8846cf08de7302701892f11d567419
  Tailor: 135708d29cef05d8f83e61ce8c07171c8fcfc865

PODFILE CHECKSUM: e34ff9f2f0af8d3a15a0ab02c1e69180312dbce3

COCOAPODS: 1.0.1
