// !$*UTF8*$!
{
	archiveVersion = 1;
	classes = {
	};
	objectVersion = 46;
	objects = {

/* Begin PBXBuildFile section */
		8DCE245EB5A0FC196F0DB692 /* Pods_SpotsCards.framework in Frameworks */ = {isa = PBXBuildFile; fileRef = 05D18CF10BFF2B9C47E8419C /* Pods_SpotsCards.framework */; };
		BD4BCD211BDE0F5A00466C0F /* AppDelegate.swift in Sources */ = {isa = PBXBuildFile; fileRef = BD4BCD201BDE0F5A00466C0F /* AppDelegate.swift */; };
		BD4BCD281BDE0F5A00466C0F /* Assets.xcassets in Resources */ = {isa = PBXBuildFile; fileRef = BD4BCD271BDE0F5A00466C0F /* Assets.xcassets */; };
		BD4BCD2B1BDE0F5A00466C0F /* LaunchScreen.storyboard in Resources */ = {isa = PBXBuildFile; fileRef = BD4BCD291BDE0F5A00466C0F /* LaunchScreen.storyboard */; };
		BD4BCD621BDE0F9800466C0F /* components.json in Resources */ = {isa = PBXBuildFile; fileRef = BD4BCD611BDE0F9800466C0F /* components.json */; };
		BD4BCD641BDE101100466C0F /* JSONController.swift in Sources */ = {isa = PBXBuildFile; fileRef = BD4BCD631BDE101100466C0F /* JSONController.swift */; };
		BD4BCD671BDE106D00466C0F /* CardSpotCell.swift in Sources */ = {isa = PBXBuildFile; fileRef = BD4BCD661BDE106D00466C0F /* CardSpotCell.swift */; };
		BD8C6EA61BF2458D00B35D3D /* CardSpot.swift in Sources */ = {isa = PBXBuildFile; fileRef = BD8C6EA51BF2458D00B35D3D /* CardSpot.swift */; };
/* End PBXBuildFile section */

/* Begin PBXFileReference section */
		05D18CF10BFF2B9C47E8419C /* Pods_SpotsCards.framework */ = {isa = PBXFileReference; explicitFileType = wrapper.framework; includeInIndex = 0; path = Pods_SpotsCards.framework; sourceTree = BUILT_PRODUCTS_DIR; };
		27192DA08F037B75DE4366E5 /* Pods-SpotsCards.debug.xcconfig */ = {isa = PBXFileReference; includeInIndex = 1; lastKnownFileType = text.xcconfig; name = "Pods-SpotsCards.debug.xcconfig"; path = "Pods/Target Support Files/Pods-SpotsCards/Pods-SpotsCards.debug.xcconfig"; sourceTree = "<group>"; };
		93E8FD7D0E96208038B8777C /* Pods-SpotsCards.release.xcconfig */ = {isa = PBXFileReference; includeInIndex = 1; lastKnownFileType = text.xcconfig; name = "Pods-SpotsCards.release.xcconfig"; path = "Pods/Target Support Files/Pods-SpotsCards/Pods-SpotsCards.release.xcconfig"; sourceTree = "<group>"; };
		9845CF6BF63E39541F5B2CC0 /* Pods.framework */ = {isa = PBXFileReference; explicitFileType = wrapper.framework; includeInIndex = 0; path = Pods.framework; sourceTree = BUILT_PRODUCTS_DIR; };
		BD4BCD1D1BDE0F5A00466C0F /* SpotsCards.app */ = {isa = PBXFileReference; explicitFileType = wrapper.application; includeInIndex = 0; path = SpotsCards.app; sourceTree = BUILT_PRODUCTS_DIR; };
		BD4BCD201BDE0F5A00466C0F /* AppDelegate.swift */ = {isa = PBXFileReference; lastKnownFileType = sourcecode.swift; path = AppDelegate.swift; sourceTree = "<group>"; };
		BD4BCD271BDE0F5A00466C0F /* Assets.xcassets */ = {isa = PBXFileReference; lastKnownFileType = folder.assetcatalog; path = Assets.xcassets; sourceTree = "<group>"; };
		BD4BCD2A1BDE0F5A00466C0F /* Base */ = {isa = PBXFileReference; lastKnownFileType = file.storyboard; name = Base; path = Base.lproj/LaunchScreen.storyboard; sourceTree = "<group>"; };
		BD4BCD2C1BDE0F5A00466C0F /* Info.plist */ = {isa = PBXFileReference; lastKnownFileType = text.plist.xml; path = Info.plist; sourceTree = "<group>"; };
		BD4BCD611BDE0F9800466C0F /* components.json */ = {isa = PBXFileReference; fileEncoding = 4; lastKnownFileType = text.json; path = components.json; sourceTree = "<group>"; };
		BD4BCD631BDE101100466C0F /* JSONController.swift */ = {isa = PBXFileReference; fileEncoding = 4; lastKnownFileType = sourcecode.swift; path = JSONController.swift; sourceTree = "<group>"; };
		BD4BCD661BDE106D00466C0F /* CardSpotCell.swift */ = {isa = PBXFileReference; fileEncoding = 4; lastKnownFileType = sourcecode.swift; path = CardSpotCell.swift; sourceTree = "<group>"; };
		BD8C6EA51BF2458D00B35D3D /* CardSpot.swift */ = {isa = PBXFileReference; fileEncoding = 4; lastKnownFileType = sourcecode.swift; path = CardSpot.swift; sourceTree = "<group>"; };
/* End PBXFileReference section */

/* Begin PBXFrameworksBuildPhase section */
		BD4BCD1A1BDE0F5A00466C0F /* Frameworks */ = {
			isa = PBXFrameworksBuildPhase;
			buildActionMask = 2147483647;
			files = (
				8DCE245EB5A0FC196F0DB692 /* Pods_SpotsCards.framework in Frameworks */,
			);
			runOnlyForDeploymentPostprocessing = 0;
		};
/* End PBXFrameworksBuildPhase section */

/* Begin PBXGroup section */
		34AA6E7AF9BD602FF84E4F99 /* Pods */ = {
			isa = PBXGroup;
			children = (
				27192DA08F037B75DE4366E5 /* Pods-SpotsCards.debug.xcconfig */,
				93E8FD7D0E96208038B8777C /* Pods-SpotsCards.release.xcconfig */,
			);
			name = Pods;
			sourceTree = "<group>";
		};
		BD4BCD141BDE0F5A00466C0F = {
			isa = PBXGroup;
			children = (
				BD4BCD1F1BDE0F5A00466C0F /* SpotsCards */,
				BD4BCD1E1BDE0F5A00466C0F /* Products */,
				E18DAD6705D29D987259DB2E /* Frameworks */,
				34AA6E7AF9BD602FF84E4F99 /* Pods */,
			);
			sourceTree = "<group>";
		};
		BD4BCD1E1BDE0F5A00466C0F /* Products */ = {
			isa = PBXGroup;
			children = (
				BD4BCD1D1BDE0F5A00466C0F /* SpotsCards.app */,
			);
			name = Products;
			sourceTree = "<group>";
		};
		BD4BCD1F1BDE0F5A00466C0F /* SpotsCards */ = {
			isa = PBXGroup;
			children = (
				BD8C6EA41BF2458500B35D3D /* Spots */,
				BD4BCD651BDE105400466C0F /* Cells */,
				BD4BCD631BDE101100466C0F /* JSONController.swift */,
				BD4BCD611BDE0F9800466C0F /* components.json */,
				BD4BCD201BDE0F5A00466C0F /* AppDelegate.swift */,
				BD4BCD271BDE0F5A00466C0F /* Assets.xcassets */,
				BD4BCD291BDE0F5A00466C0F /* LaunchScreen.storyboard */,
				BD4BCD2C1BDE0F5A00466C0F /* Info.plist */,
			);
			path = SpotsCards;
			sourceTree = "<group>";
		};
		BD4BCD651BDE105400466C0F /* Cells */ = {
			isa = PBXGroup;
			children = (
				BD4BCD661BDE106D00466C0F /* CardSpotCell.swift */,
			);
			path = Cells;
			sourceTree = "<group>";
		};
		BD8C6EA41BF2458500B35D3D /* Spots */ = {
			isa = PBXGroup;
			children = (
				BD8C6EA51BF2458D00B35D3D /* CardSpot.swift */,
			);
			path = Spots;
			sourceTree = "<group>";
		};
		E18DAD6705D29D987259DB2E /* Frameworks */ = {
			isa = PBXGroup;
			children = (
				9845CF6BF63E39541F5B2CC0 /* Pods.framework */,
				05D18CF10BFF2B9C47E8419C /* Pods_SpotsCards.framework */,
			);
			name = Frameworks;
			sourceTree = "<group>";
		};
/* End PBXGroup section */

/* Begin PBXNativeTarget section */
		BD4BCD1C1BDE0F5A00466C0F /* SpotsCards */ = {
			isa = PBXNativeTarget;
			buildConfigurationList = BD4BCD2F1BDE0F5A00466C0F /* Build configuration list for PBXNativeTarget "SpotsCards" */;
			buildPhases = (
				30CF626A5522FFC0C05045FF /* 📦 Check Pods Manifest.lock */,
				BD4BCD191BDE0F5A00466C0F /* Sources */,
				BD4BCD1A1BDE0F5A00466C0F /* Frameworks */,
				BD4BCD1B1BDE0F5A00466C0F /* Resources */,
				1384420F47395BCF4BEB8C6B /* 📦 Embed Pods Frameworks */,
				2FEBBD276C78AD6214863310 /* 📦 Copy Pods Resources */,
			);
			buildRules = (
			);
			dependencies = (
			);
			name = SpotsCards;
			productName = SpotsCards;
			productReference = BD4BCD1D1BDE0F5A00466C0F /* SpotsCards.app */;
			productType = "com.apple.product-type.application";
		};
/* End PBXNativeTarget section */

/* Begin PBXProject section */
		BD4BCD151BDE0F5A00466C0F /* Project object */ = {
			isa = PBXProject;
			attributes = {
				LastUpgradeCheck = 0700;
				ORGANIZATIONNAME = Hyper;
				TargetAttributes = {
					BD4BCD1C1BDE0F5A00466C0F = {
						CreatedOnToolsVersion = 7.0.1;
					};
				};
			};
			buildConfigurationList = BD4BCD181BDE0F5A00466C0F /* Build configuration list for PBXProject "SpotsCards" */;
			compatibilityVersion = "Xcode 3.2";
			developmentRegion = English;
			hasScannedForEncodings = 0;
			knownRegions = (
				en,
				Base,
			);
			mainGroup = BD4BCD141BDE0F5A00466C0F;
			productRefGroup = BD4BCD1E1BDE0F5A00466C0F /* Products */;
			projectDirPath = "";
			projectRoot = "";
			targets = (
				BD4BCD1C1BDE0F5A00466C0F /* SpotsCards */,
			);
		};
/* End PBXProject section */

/* Begin PBXResourcesBuildPhase section */
		BD4BCD1B1BDE0F5A00466C0F /* Resources */ = {
			isa = PBXResourcesBuildPhase;
			buildActionMask = 2147483647;
			files = (
				BD4BCD2B1BDE0F5A00466C0F /* LaunchScreen.storyboard in Resources */,
				BD4BCD621BDE0F9800466C0F /* components.json in Resources */,
				BD4BCD281BDE0F5A00466C0F /* Assets.xcassets in Resources */,
			);
			runOnlyForDeploymentPostprocessing = 0;
		};
/* End PBXResourcesBuildPhase section */

/* Begin PBXShellScriptBuildPhase section */
		1384420F47395BCF4BEB8C6B /* 📦 Embed Pods Frameworks */ = {
			isa = PBXShellScriptBuildPhase;
			buildActionMask = 2147483647;
			files = (
			);
			inputPaths = (
			);
			name = "📦 Embed Pods Frameworks";
			outputPaths = (
			);
			runOnlyForDeploymentPostprocessing = 0;
			shellPath = /bin/sh;
			shellScript = "\"${SRCROOT}/Pods/Target Support Files/Pods-SpotsCards/Pods-SpotsCards-frameworks.sh\"\n";
			showEnvVarsInLog = 0;
		};
		2FEBBD276C78AD6214863310 /* 📦 Copy Pods Resources */ = {
			isa = PBXShellScriptBuildPhase;
			buildActionMask = 2147483647;
			files = (
			);
			inputPaths = (
			);
			name = "📦 Copy Pods Resources";
			outputPaths = (
			);
			runOnlyForDeploymentPostprocessing = 0;
			shellPath = /bin/sh;
			shellScript = "\"${SRCROOT}/Pods/Target Support Files/Pods-SpotsCards/Pods-SpotsCards-resources.sh\"\n";
			showEnvVarsInLog = 0;
		};
		30CF626A5522FFC0C05045FF /* 📦 Check Pods Manifest.lock */ = {
			isa = PBXShellScriptBuildPhase;
			buildActionMask = 2147483647;
			files = (
			);
			inputPaths = (
			);
			name = "📦 Check Pods Manifest.lock";
			outputPaths = (
			);
			runOnlyForDeploymentPostprocessing = 0;
			shellPath = /bin/sh;
			shellScript = "diff \"${PODS_ROOT}/../Podfile.lock\" \"${PODS_ROOT}/Manifest.lock\" > /dev/null\nif [[ $? != 0 ]] ; then\n    cat << EOM\nerror: The sandbox is not in sync with the Podfile.lock. Run 'pod install' or update your CocoaPods installation.\nEOM\n    exit 1\nfi\n";
			showEnvVarsInLog = 0;
		};
/* End PBXShellScriptBuildPhase section */

/* Begin PBXSourcesBuildPhase section */
		BD4BCD191BDE0F5A00466C0F /* Sources */ = {
			isa = PBXSourcesBuildPhase;
			buildActionMask = 2147483647;
			files = (
				BD4BCD671BDE106D00466C0F /* CardSpotCell.swift in Sources */,
				BD4BCD641BDE101100466C0F /* JSONController.swift in Sources */,
				BD4BCD211BDE0F5A00466C0F /* AppDelegate.swift in Sources */,
				BD8C6EA61BF2458D00B35D3D /* CardSpot.swift in Sources */,
			);
			runOnlyForDeploymentPostprocessing = 0;
		};
/* End PBXSourcesBuildPhase section */

/* Begin PBXVariantGroup section */
		BD4BCD291BDE0F5A00466C0F /* LaunchScreen.storyboard */ = {
			isa = PBXVariantGroup;
			children = (
				BD4BCD2A1BDE0F5A00466C0F /* Base */,
			);
			name = LaunchScreen.storyboard;
			sourceTree = "<group>";
		};
/* End PBXVariantGroup section */

/* Begin XCBuildConfiguration section */
		BD4BCD2D1BDE0F5A00466C0F /* Debug */ = {
			isa = XCBuildConfiguration;
			buildSettings = {
				ALWAYS_SEARCH_USER_PATHS = NO;
				CLANG_CXX_LANGUAGE_STANDARD = "gnu++0x";
				CLANG_CXX_LIBRARY = "libc++";
				CLANG_ENABLE_MODULES = YES;
				CLANG_ENABLE_OBJC_ARC = YES;
				CLANG_WARN_BOOL_CONVERSION = YES;
				CLANG_WARN_CONSTANT_CONVERSION = YES;
				CLANG_WARN_DIRECT_OBJC_ISA_USAGE = YES_ERROR;
				CLANG_WARN_EMPTY_BODY = YES;
				CLANG_WARN_ENUM_CONVERSION = YES;
				CLANG_WARN_INT_CONVERSION = YES;
				CLANG_WARN_OBJC_ROOT_CLASS = YES_ERROR;
				CLANG_WARN_UNREACHABLE_CODE = YES;
				CLANG_WARN__DUPLICATE_METHOD_MATCH = YES;
				"CODE_SIGN_IDENTITY[sdk=iphoneos*]" = "iPhone Developer";
				COPY_PHASE_STRIP = NO;
				DEBUG_INFORMATION_FORMAT = dwarf;
				ENABLE_STRICT_OBJC_MSGSEND = YES;
				ENABLE_TESTABILITY = YES;
				GCC_C_LANGUAGE_STANDARD = gnu99;
				GCC_DYNAMIC_NO_PIC = NO;
				GCC_NO_COMMON_BLOCKS = YES;
				GCC_OPTIMIZATION_LEVEL = 0;
				GCC_PREPROCESSOR_DEFINITIONS = (
					"DEBUG=1",
					"$(inherited)",
				);
				GCC_WARN_64_TO_32_BIT_CONVERSION = YES;
				GCC_WARN_ABOUT_RETURN_TYPE = YES_ERROR;
				GCC_WARN_UNDECLARED_SELECTOR = YES;
				GCC_WARN_UNINITIALIZED_AUTOS = YES_AGGRESSIVE;
				GCC_WARN_UNUSED_FUNCTION = YES;
				GCC_WARN_UNUSED_VARIABLE = YES;
				IPHONEOS_DEPLOYMENT_TARGET = 9.0;
				MTL_ENABLE_DEBUG_INFO = YES;
				ONLY_ACTIVE_ARCH = YES;
				SDKROOT = iphoneos;
				SWIFT_OPTIMIZATION_LEVEL = "-Onone";
			};
			name = Debug;
		};
		BD4BCD2E1BDE0F5A00466C0F /* Release */ = {
			isa = XCBuildConfiguration;
			buildSettings = {
				ALWAYS_SEARCH_USER_PATHS = NO;
				CLANG_CXX_LANGUAGE_STANDARD = "gnu++0x";
				CLANG_CXX_LIBRARY = "libc++";
				CLANG_ENABLE_MODULES = YES;
				CLANG_ENABLE_OBJC_ARC = YES;
				CLANG_WARN_BOOL_CONVERSION = YES;
				CLANG_WARN_CONSTANT_CONVERSION = YES;
				CLANG_WARN_DIRECT_OBJC_ISA_USAGE = YES_ERROR;
				CLANG_WARN_EMPTY_BODY = YES;
				CLANG_WARN_ENUM_CONVERSION = YES;
				CLANG_WARN_INT_CONVERSION = YES;
				CLANG_WARN_OBJC_ROOT_CLASS = YES_ERROR;
				CLANG_WARN_UNREACHABLE_CODE = YES;
				CLANG_WARN__DUPLICATE_METHOD_MATCH = YES;
				"CODE_SIGN_IDENTITY[sdk=iphoneos*]" = "iPhone Developer";
				COPY_PHASE_STRIP = NO;
				DEBUG_INFORMATION_FORMAT = "dwarf-with-dsym";
				ENABLE_NS_ASSERTIONS = NO;
				ENABLE_STRICT_OBJC_MSGSEND = YES;
				GCC_C_LANGUAGE_STANDARD = gnu99;
				GCC_NO_COMMON_BLOCKS = YES;
				GCC_WARN_64_TO_32_BIT_CONVERSION = YES;
				GCC_WARN_ABOUT_RETURN_TYPE = YES_ERROR;
				GCC_WARN_UNDECLARED_SELECTOR = YES;
				GCC_WARN_UNINITIALIZED_AUTOS = YES_AGGRESSIVE;
				GCC_WARN_UNUSED_FUNCTION = YES;
				GCC_WARN_UNUSED_VARIABLE = YES;
				IPHONEOS_DEPLOYMENT_TARGET = 9.0;
				MTL_ENABLE_DEBUG_INFO = NO;
				SDKROOT = iphoneos;
				VALIDATE_PRODUCT = YES;
			};
			name = Release;
		};
		BD4BCD301BDE0F5A00466C0F /* Debug */ = {
			isa = XCBuildConfiguration;
			baseConfigurationReference = 27192DA08F037B75DE4366E5 /* Pods-SpotsCards.debug.xcconfig */;
			buildSettings = {
				ASSETCATALOG_COMPILER_APPICON_NAME = AppIcon;
				INFOPLIST_FILE = SpotsCards/Info.plist;
				LD_RUNPATH_SEARCH_PATHS = "$(inherited) @executable_path/Frameworks";
				PRODUCT_BUNDLE_IDENTIFIER = no.hyper.SpotsCards;
				PRODUCT_NAME = "$(TARGET_NAME)";
			};
			name = Debug;
		};
		BD4BCD311BDE0F5A00466C0F /* Release */ = {
			isa = XCBuildConfiguration;
			baseConfigurationReference = 93E8FD7D0E96208038B8777C /* Pods-SpotsCards.release.xcconfig */;
			buildSettings = {
				ASSETCATALOG_COMPILER_APPICON_NAME = AppIcon;
				INFOPLIST_FILE = SpotsCards/Info.plist;
				LD_RUNPATH_SEARCH_PATHS = "$(inherited) @executable_path/Frameworks";
				PRODUCT_BUNDLE_IDENTIFIER = no.hyper.SpotsCards;
				PRODUCT_NAME = "$(TARGET_NAME)";
			};
			name = Release;
		};
/* End XCBuildConfiguration section */

/* Begin XCConfigurationList section */
		BD4BCD181BDE0F5A00466C0F /* Build configuration list for PBXProject "SpotsCards" */ = {
			isa = XCConfigurationList;
			buildConfigurations = (
				BD4BCD2D1BDE0F5A00466C0F /* Debug */,
				BD4BCD2E1BDE0F5A00466C0F /* Release */,
			);
			defaultConfigurationIsVisible = 0;
			defaultConfigurationName = Release;
		};
		BD4BCD2F1BDE0F5A00466C0F /* Build configuration list for PBXNativeTarget "SpotsCards" */ = {
			isa = XCConfigurationList;
			buildConfigurations = (
				BD4BCD301BDE0F5A00466C0F /* Debug */,
				BD4BCD311BDE0F5A00466C0F /* Release */,
			);
			defaultConfigurationIsVisible = 0;
			defaultConfigurationName = Release;
		};
/* End XCConfigurationList section */
	};
	rootObject = BD4BCD151BDE0F5A00466C0F /* Project object */;
}
