// !$*UTF8*$!
{
	archiveVersion = 1;
	classes = {
	};
	objectVersion = 46;
	objects = {

/* Begin PBXBuildFile section */
		BD0625F71C45754B00A16F91 /* ViewSpot.swift in Sources */ = {isa = PBXBuildFile; fileRef = BD0625F61C45754B00A16F91 /* ViewSpot.swift */; };
		BD2A7E0B1CC4E74E00D26905 /* CollectionAdapter.swift in Sources */ = {isa = PBXBuildFile; fileRef = BD2A7E0A1CC4E74E00D26905 /* CollectionAdapter.swift */; };
		BD2A7E0F1CC4F56F00D26905 /* ListAdapter.swift in Sources */ = {isa = PBXBuildFile; fileRef = BD2A7E0E1CC4F56F00D26905 /* ListAdapter.swift */; };
		BD352E5F1CBAD6EC002CD032 /* Brick.framework in Frameworks */ = {isa = PBXBuildFile; fileRef = BD352E5E1CBAD6EC002CD032 /* Brick.framework */; };
		BD352E611CBAD6F9002CD032 /* Brick.framework in Frameworks */ = {isa = PBXBuildFile; fileRef = BD352E601CBAD6F9002CD032 /* Brick.framework */; };
		BD48BEC71C45795600317D76 /* Viewable.swift in Sources */ = {isa = PBXBuildFile; fileRef = BD48BEC61C45795600317D76 /* Viewable.swift */; };
		BD48BEC91C459B4800317D76 /* ViewSpotSpec.swift in Sources */ = {isa = PBXBuildFile; fileRef = BD48BEC81C459B4800317D76 /* ViewSpotSpec.swift */; };
		BD48BECB1C459D2A00317D76 /* CarouselSpotSpec.swift in Sources */ = {isa = PBXBuildFile; fileRef = BD48BECA1C459D2A00317D76 /* CarouselSpotSpec.swift */; };
		BD9FBC751CBFD7CE00A59212 /* ViewRegistry.swift in Sources */ = {isa = PBXBuildFile; fileRef = BD9FBC741CBFD7CE00A59212 /* ViewRegistry.swift */; };
		BDB538301C444B3C0005E498 /* ListSpotSpec.swift in Sources */ = {isa = PBXBuildFile; fileRef = BDB5382F1C444B3C0005E498 /* ListSpotSpec.swift */; };
		BDCCD9271C44438800AC21D1 /* GridSpotSpec.swift in Sources */ = {isa = PBXBuildFile; fileRef = BDCCD9261C44438800AC21D1 /* GridSpotSpec.swift */; };
		D58478141C43FEB9006EBA49 /* Spots.framework in Frameworks */ = {isa = PBXBuildFile; fileRef = D58478091C43FEB8006EBA49 /* Spots.framework */; };
		D58478531C43FFEB006EBA49 /* TestSpotFactory.swift in Sources */ = {isa = PBXBuildFile; fileRef = D58478281C43FF34006EBA49 /* TestSpotFactory.swift */; };
		D58478551C43FFEF006EBA49 /* TestSpotsController.swift in Sources */ = {isa = PBXBuildFile; fileRef = D58478291C43FF34006EBA49 /* TestSpotsController.swift */; };
		D58478571C43FFFD006EBA49 /* TestComponent.swift in Sources */ = {isa = PBXBuildFile; fileRef = D584782B1C43FF34006EBA49 /* TestComponent.swift */; };
		D584787D1C440062006EBA49 /* SpotsController+UIScrollViewDelegate.swift in Sources */ = {isa = PBXBuildFile; fileRef = D584785E1C440062006EBA49 /* SpotsController+UIScrollViewDelegate.swift */; };
		D584787F1C440062006EBA49 /* SpotsController.swift in Sources */ = {isa = PBXBuildFile; fileRef = D584785F1C440062006EBA49 /* SpotsController.swift */; };
		D58478811C440062006EBA49 /* Gridable.swift in Sources */ = {isa = PBXBuildFile; fileRef = D58478611C440062006EBA49 /* Gridable.swift */; };
		D58478831C440062006EBA49 /* Listable.swift in Sources */ = {isa = PBXBuildFile; fileRef = D58478621C440062006EBA49 /* Listable.swift */; };
		D58478851C440062006EBA49 /* Parser.swift in Sources */ = {isa = PBXBuildFile; fileRef = D58478631C440062006EBA49 /* Parser.swift */; };
		D58478871C440062006EBA49 /* Spotable.swift in Sources */ = {isa = PBXBuildFile; fileRef = D58478641C440062006EBA49 /* Spotable.swift */; };
		D58478891C440062006EBA49 /* SpotFactory.swift in Sources */ = {isa = PBXBuildFile; fileRef = D58478651C440062006EBA49 /* SpotFactory.swift */; };
		D584788B1C440062006EBA49 /* SpotsDelegates.swift in Sources */ = {isa = PBXBuildFile; fileRef = D58478661C440062006EBA49 /* SpotsDelegates.swift */; };
		D584788D1C440062006EBA49 /* CarouselSpot.swift in Sources */ = {isa = PBXBuildFile; fileRef = D58478691C440062006EBA49 /* CarouselSpot.swift */; };
		D584788F1C440062006EBA49 /* CarouselSpotCell.swift in Sources */ = {isa = PBXBuildFile; fileRef = D584786A1C440062006EBA49 /* CarouselSpotCell.swift */; };
		D58478911C440062006EBA49 /* GridSpot.swift in Sources */ = {isa = PBXBuildFile; fileRef = D584786C1C440062006EBA49 /* GridSpot.swift */; };
		D58478931C440062006EBA49 /* GridSpotCell.swift in Sources */ = {isa = PBXBuildFile; fileRef = D584786D1C440062006EBA49 /* GridSpotCell.swift */; };
		D58478951C440062006EBA49 /* ListSpot.swift in Sources */ = {isa = PBXBuildFile; fileRef = D584786F1C440062006EBA49 /* ListSpot.swift */; };
		D58478971C440062006EBA49 /* ListSpotCell.swift in Sources */ = {isa = PBXBuildFile; fileRef = D58478701C440062006EBA49 /* ListSpotCell.swift */; };
		D584789B1C440062006EBA49 /* SpotsContentView.swift in Sources */ = {isa = PBXBuildFile; fileRef = D58478741C440062006EBA49 /* SpotsContentView.swift */; };
		D584789D1C440062006EBA49 /* SpotsScrollView.swift in Sources */ = {isa = PBXBuildFile; fileRef = D58478751C440062006EBA49 /* SpotsScrollView.swift */; };
		D584789F1C440062006EBA49 /* Componentable.swift in Sources */ = {isa = PBXBuildFile; fileRef = D58478781C440062006EBA49 /* Componentable.swift */; };
		D58478A11C440062006EBA49 /* SpotConfigurable.swift in Sources */ = {isa = PBXBuildFile; fileRef = D58478791C440062006EBA49 /* SpotConfigurable.swift */; };
		D58478A31C440062006EBA49 /* Component.swift in Sources */ = {isa = PBXBuildFile; fileRef = D584787B1C440062006EBA49 /* Component.swift */; };
		D58478D21C440568006EBA49 /* Spots.framework in Frameworks */ = {isa = PBXBuildFile; fileRef = D58478C81C440567006EBA49 /* Spots.framework */; };
		D58478E31C44063C006EBA49 /* Componentable.swift in Sources */ = {isa = PBXBuildFile; fileRef = D58478781C440062006EBA49 /* Componentable.swift */; };
		D58478E41C44063C006EBA49 /* SpotConfigurable.swift in Sources */ = {isa = PBXBuildFile; fileRef = D58478791C440062006EBA49 /* SpotConfigurable.swift */; };
		D58478E51C44063C006EBA49 /* Component.swift in Sources */ = {isa = PBXBuildFile; fileRef = D584787B1C440062006EBA49 /* Component.swift */; };
		D58478E71C440645006EBA49 /* TestComponent.swift in Sources */ = {isa = PBXBuildFile; fileRef = D584782B1C43FF34006EBA49 /* TestComponent.swift */; };
		D58478ED1C440726006EBA49 /* Tailor.framework in Frameworks */ = {isa = PBXBuildFile; fileRef = D58478E91C440726006EBA49 /* Tailor.framework */; };
		D58478EF1C440726006EBA49 /* Sugar.framework in Frameworks */ = {isa = PBXBuildFile; fileRef = D58478EB1C440726006EBA49 /* Sugar.framework */; };
		D58478F21C44074C006EBA49 /* Sugar.framework in Frameworks */ = {isa = PBXBuildFile; fileRef = D58478EB1C440726006EBA49 /* Sugar.framework */; };
		D58478F51C44074C006EBA49 /* Fakery.framework in Frameworks */ = {isa = PBXBuildFile; fileRef = D58478F31C44074C006EBA49 /* Fakery.framework */; };
		D58478F61C44074C006EBA49 /* SwiftyJSON.framework in Frameworks */ = {isa = PBXBuildFile; fileRef = D58478F41C44074C006EBA49 /* SwiftyJSON.framework */; };
		D58478F91C44076B006EBA49 /* Tailor.framework in Frameworks */ = {isa = PBXBuildFile; fileRef = D58478F71C44076B006EBA49 /* Tailor.framework */; };
		D58478FA1C44076B006EBA49 /* Sugar.framework in Frameworks */ = {isa = PBXBuildFile; fileRef = D58478F81C44076B006EBA49 /* Sugar.framework */; };
		D58478FB1C440781006EBA49 /* Sugar.framework in Frameworks */ = {isa = PBXBuildFile; fileRef = D58478F81C44076B006EBA49 /* Sugar.framework */; };
		D58478FE1C440781006EBA49 /* Fakery.framework in Frameworks */ = {isa = PBXBuildFile; fileRef = D58478FC1C440781006EBA49 /* Fakery.framework */; };
		D58478FF1C440781006EBA49 /* SwiftyJSON.framework in Frameworks */ = {isa = PBXBuildFile; fileRef = D58478FD1C440781006EBA49 /* SwiftyJSON.framework */; };
/* End PBXBuildFile section */

/* Begin PBXContainerItemProxy section */
		D58478151C43FEB9006EBA49 /* PBXContainerItemProxy */ = {
			isa = PBXContainerItemProxy;
			containerPortal = D58478001C43FEB8006EBA49 /* Project object */;
			proxyType = 1;
			remoteGlobalIDString = D58478081C43FEB8006EBA49;
			remoteInfo = Spots;
		};
		D58478D31C440568006EBA49 /* PBXContainerItemProxy */ = {
			isa = PBXContainerItemProxy;
			containerPortal = D58478001C43FEB8006EBA49 /* Project object */;
			proxyType = 1;
			remoteGlobalIDString = D58478C71C440567006EBA49;
			remoteInfo = "Spots-Mac";
		};
/* End PBXContainerItemProxy section */

/* Begin PBXFileReference section */
		BD0625F61C45754B00A16F91 /* ViewSpot.swift */ = {isa = PBXFileReference; fileEncoding = 4; lastKnownFileType = sourcecode.swift; path = ViewSpot.swift; sourceTree = "<group>"; };
		BD2A7E0A1CC4E74E00D26905 /* CollectionAdapter.swift */ = {isa = PBXFileReference; fileEncoding = 4; lastKnownFileType = sourcecode.swift; path = CollectionAdapter.swift; sourceTree = "<group>"; };
		BD2A7E0E1CC4F56F00D26905 /* ListAdapter.swift */ = {isa = PBXFileReference; fileEncoding = 4; lastKnownFileType = sourcecode.swift; path = ListAdapter.swift; sourceTree = "<group>"; };
		BD352E5E1CBAD6EC002CD032 /* Brick.framework */ = {isa = PBXFileReference; lastKnownFileType = wrapper.framework; name = Brick.framework; path = Carthage/Build/iOS/Brick.framework; sourceTree = "<group>"; };
		BD352E601CBAD6F9002CD032 /* Brick.framework */ = {isa = PBXFileReference; lastKnownFileType = wrapper.framework; name = Brick.framework; path = Carthage/Build/Mac/Brick.framework; sourceTree = "<group>"; };
		BD48BEC61C45795600317D76 /* Viewable.swift */ = {isa = PBXFileReference; fileEncoding = 4; lastKnownFileType = sourcecode.swift; path = Viewable.swift; sourceTree = "<group>"; };
		BD48BEC81C459B4800317D76 /* ViewSpotSpec.swift */ = {isa = PBXFileReference; fileEncoding = 4; lastKnownFileType = sourcecode.swift; path = ViewSpotSpec.swift; sourceTree = "<group>"; };
		BD48BECA1C459D2A00317D76 /* CarouselSpotSpec.swift */ = {isa = PBXFileReference; fileEncoding = 4; lastKnownFileType = sourcecode.swift; path = CarouselSpotSpec.swift; sourceTree = "<group>"; };
		BD9FBC741CBFD7CE00A59212 /* ViewRegistry.swift */ = {isa = PBXFileReference; fileEncoding = 4; lastKnownFileType = sourcecode.swift; path = ViewRegistry.swift; sourceTree = "<group>"; };
		BDB5382F1C444B3C0005E498 /* ListSpotSpec.swift */ = {isa = PBXFileReference; fileEncoding = 4; lastKnownFileType = sourcecode.swift; path = ListSpotSpec.swift; sourceTree = "<group>"; };
		BDB538321C444D460005E498 /* Playground-iOS.playground */ = {isa = PBXFileReference; lastKnownFileType = file.playground; path = "Playground-iOS.playground"; sourceTree = "<group>"; };
		BDCCD9261C44438800AC21D1 /* GridSpotSpec.swift */ = {isa = PBXFileReference; fileEncoding = 4; lastKnownFileType = sourcecode.swift; path = GridSpotSpec.swift; sourceTree = "<group>"; };
		D58478091C43FEB8006EBA49 /* Spots.framework */ = {isa = PBXFileReference; explicitFileType = wrapper.framework; includeInIndex = 0; path = Spots.framework; sourceTree = BUILT_PRODUCTS_DIR; };
		D58478131C43FEB9006EBA49 /* Spots-iOS-Tests.xctest */ = {isa = PBXFileReference; explicitFileType = wrapper.cfbundle; includeInIndex = 0; path = "Spots-iOS-Tests.xctest"; sourceTree = BUILT_PRODUCTS_DIR; };
		D58478241C43FF34006EBA49 /* Info-iOS.plist */ = {isa = PBXFileReference; fileEncoding = 4; lastKnownFileType = text.plist.xml; path = "Info-iOS.plist"; sourceTree = "<group>"; };
		D58478261C43FF34006EBA49 /* Info-iOS.plist */ = {isa = PBXFileReference; fileEncoding = 4; lastKnownFileType = text.plist.xml; path = "Info-iOS.plist"; sourceTree = "<group>"; };
		D58478281C43FF34006EBA49 /* TestSpotFactory.swift */ = {isa = PBXFileReference; fileEncoding = 4; lastKnownFileType = sourcecode.swift; path = TestSpotFactory.swift; sourceTree = "<group>"; };
		D58478291C43FF34006EBA49 /* TestSpotsController.swift */ = {isa = PBXFileReference; fileEncoding = 4; lastKnownFileType = sourcecode.swift; path = TestSpotsController.swift; sourceTree = "<group>"; };
		D584782B1C43FF34006EBA49 /* TestComponent.swift */ = {isa = PBXFileReference; fileEncoding = 4; lastKnownFileType = sourcecode.swift; path = TestComponent.swift; sourceTree = "<group>"; };
		D584784F1C43FFA1006EBA49 /* Info-Mac.plist */ = {isa = PBXFileReference; fileEncoding = 4; lastKnownFileType = text.plist.xml; path = "Info-Mac.plist"; sourceTree = "<group>"; };
		D58478511C43FFA8006EBA49 /* Info-Mac.plist */ = {isa = PBXFileReference; fileEncoding = 4; lastKnownFileType = text.plist.xml; path = "Info-Mac.plist"; sourceTree = "<group>"; };
		D584785E1C440062006EBA49 /* SpotsController+UIScrollViewDelegate.swift */ = {isa = PBXFileReference; fileEncoding = 4; lastKnownFileType = sourcecode.swift; path = "SpotsController+UIScrollViewDelegate.swift"; sourceTree = "<group>"; };
		D584785F1C440062006EBA49 /* SpotsController.swift */ = {isa = PBXFileReference; fileEncoding = 4; lastKnownFileType = sourcecode.swift; path = SpotsController.swift; sourceTree = "<group>"; };
		D58478611C440062006EBA49 /* Gridable.swift */ = {isa = PBXFileReference; fileEncoding = 4; lastKnownFileType = sourcecode.swift; path = Gridable.swift; sourceTree = "<group>"; };
		D58478621C440062006EBA49 /* Listable.swift */ = {isa = PBXFileReference; fileEncoding = 4; lastKnownFileType = sourcecode.swift; path = Listable.swift; sourceTree = "<group>"; };
		D58478631C440062006EBA49 /* Parser.swift */ = {isa = PBXFileReference; fileEncoding = 4; lastKnownFileType = sourcecode.swift; path = Parser.swift; sourceTree = "<group>"; };
		D58478641C440062006EBA49 /* Spotable.swift */ = {isa = PBXFileReference; fileEncoding = 4; lastKnownFileType = sourcecode.swift; path = Spotable.swift; sourceTree = "<group>"; };
		D58478651C440062006EBA49 /* SpotFactory.swift */ = {isa = PBXFileReference; fileEncoding = 4; lastKnownFileType = sourcecode.swift; path = SpotFactory.swift; sourceTree = "<group>"; };
		D58478661C440062006EBA49 /* SpotsDelegates.swift */ = {isa = PBXFileReference; fileEncoding = 4; lastKnownFileType = sourcecode.swift; path = SpotsDelegates.swift; sourceTree = "<group>"; };
		D58478691C440062006EBA49 /* CarouselSpot.swift */ = {isa = PBXFileReference; fileEncoding = 4; lastKnownFileType = sourcecode.swift; path = CarouselSpot.swift; sourceTree = "<group>"; };
		D584786A1C440062006EBA49 /* CarouselSpotCell.swift */ = {isa = PBXFileReference; fileEncoding = 4; lastKnownFileType = sourcecode.swift; path = CarouselSpotCell.swift; sourceTree = "<group>"; };
		D584786C1C440062006EBA49 /* GridSpot.swift */ = {isa = PBXFileReference; fileEncoding = 4; lastKnownFileType = sourcecode.swift; path = GridSpot.swift; sourceTree = "<group>"; };
		D584786D1C440062006EBA49 /* GridSpotCell.swift */ = {isa = PBXFileReference; fileEncoding = 4; lastKnownFileType = sourcecode.swift; path = GridSpotCell.swift; sourceTree = "<group>"; };
		D584786F1C440062006EBA49 /* ListSpot.swift */ = {isa = PBXFileReference; fileEncoding = 4; lastKnownFileType = sourcecode.swift; path = ListSpot.swift; sourceTree = "<group>"; };
		D58478701C440062006EBA49 /* ListSpotCell.swift */ = {isa = PBXFileReference; fileEncoding = 4; lastKnownFileType = sourcecode.swift; path = ListSpotCell.swift; sourceTree = "<group>"; };
		D58478741C440062006EBA49 /* SpotsContentView.swift */ = {isa = PBXFileReference; fileEncoding = 4; lastKnownFileType = sourcecode.swift; path = SpotsContentView.swift; sourceTree = "<group>"; };
		D58478751C440062006EBA49 /* SpotsScrollView.swift */ = {isa = PBXFileReference; fileEncoding = 4; lastKnownFileType = sourcecode.swift; path = SpotsScrollView.swift; sourceTree = "<group>"; };
		D58478781C440062006EBA49 /* Componentable.swift */ = {isa = PBXFileReference; fileEncoding = 4; lastKnownFileType = sourcecode.swift; path = Componentable.swift; sourceTree = "<group>"; };
		D58478791C440062006EBA49 /* SpotConfigurable.swift */ = {isa = PBXFileReference; fileEncoding = 4; lastKnownFileType = sourcecode.swift; path = SpotConfigurable.swift; sourceTree = "<group>"; };
		D584787B1C440062006EBA49 /* Component.swift */ = {isa = PBXFileReference; fileEncoding = 4; lastKnownFileType = sourcecode.swift; path = Component.swift; sourceTree = "<group>"; };
		D58478C81C440567006EBA49 /* Spots.framework */ = {isa = PBXFileReference; explicitFileType = wrapper.framework; includeInIndex = 0; path = Spots.framework; sourceTree = BUILT_PRODUCTS_DIR; };
		D58478D11C440567006EBA49 /* Spots-Mac-Tests.xctest */ = {isa = PBXFileReference; explicitFileType = wrapper.cfbundle; includeInIndex = 0; path = "Spots-Mac-Tests.xctest"; sourceTree = BUILT_PRODUCTS_DIR; };
		D58478E91C440726006EBA49 /* Tailor.framework */ = {isa = PBXFileReference; lastKnownFileType = wrapper.framework; name = Tailor.framework; path = Carthage/Build/iOS/Tailor.framework; sourceTree = "<group>"; };
		D58478EA1C440726006EBA49 /* Imaginary.framework */ = {isa = PBXFileReference; lastKnownFileType = wrapper.framework; name = Imaginary.framework; path = Carthage/Build/iOS/Imaginary.framework; sourceTree = "<group>"; };
		D58478EB1C440726006EBA49 /* Sugar.framework */ = {isa = PBXFileReference; lastKnownFileType = wrapper.framework; name = Sugar.framework; path = Carthage/Build/iOS/Sugar.framework; sourceTree = "<group>"; };
		D58478EC1C440726006EBA49 /* Cache.framework */ = {isa = PBXFileReference; lastKnownFileType = wrapper.framework; name = Cache.framework; path = Carthage/Build/iOS/Cache.framework; sourceTree = "<group>"; };
		D58478F31C44074C006EBA49 /* Fakery.framework */ = {isa = PBXFileReference; lastKnownFileType = wrapper.framework; name = Fakery.framework; path = Carthage/Build/iOS/Fakery.framework; sourceTree = "<group>"; };
		D58478F41C44074C006EBA49 /* SwiftyJSON.framework */ = {isa = PBXFileReference; lastKnownFileType = wrapper.framework; name = SwiftyJSON.framework; path = Carthage/Build/iOS/SwiftyJSON.framework; sourceTree = "<group>"; };
		D58478F71C44076B006EBA49 /* Tailor.framework */ = {isa = PBXFileReference; lastKnownFileType = wrapper.framework; name = Tailor.framework; path = Carthage/Build/Mac/Tailor.framework; sourceTree = "<group>"; };
		D58478F81C44076B006EBA49 /* Sugar.framework */ = {isa = PBXFileReference; lastKnownFileType = wrapper.framework; name = Sugar.framework; path = Carthage/Build/Mac/Sugar.framework; sourceTree = "<group>"; };
		D58478FC1C440781006EBA49 /* Fakery.framework */ = {isa = PBXFileReference; lastKnownFileType = wrapper.framework; name = Fakery.framework; path = Carthage/Build/Mac/Fakery.framework; sourceTree = "<group>"; };
		D58478FD1C440781006EBA49 /* SwiftyJSON.framework */ = {isa = PBXFileReference; lastKnownFileType = wrapper.framework; name = SwiftyJSON.framework; path = Carthage/Build/Mac/SwiftyJSON.framework; sourceTree = "<group>"; };
/* End PBXFileReference section */

/* Begin PBXFrameworksBuildPhase section */
		D58478051C43FEB8006EBA49 /* Frameworks */ = {
			isa = PBXFrameworksBuildPhase;
			buildActionMask = 2147483647;
			files = (
				D58478ED1C440726006EBA49 /* Tailor.framework in Frameworks */,
				D58478EF1C440726006EBA49 /* Sugar.framework in Frameworks */,
				BD352E5F1CBAD6EC002CD032 /* Brick.framework in Frameworks */,
			);
			runOnlyForDeploymentPostprocessing = 0;
		};
		D58478101C43FEB9006EBA49 /* Frameworks */ = {
			isa = PBXFrameworksBuildPhase;
			buildActionMask = 2147483647;
			files = (
				D58478F51C44074C006EBA49 /* Fakery.framework in Frameworks */,
				D58478F61C44074C006EBA49 /* SwiftyJSON.framework in Frameworks */,
				D58478F21C44074C006EBA49 /* Sugar.framework in Frameworks */,
				D58478141C43FEB9006EBA49 /* Spots.framework in Frameworks */,
			);
			runOnlyForDeploymentPostprocessing = 0;
		};
		D58478C41C440567006EBA49 /* Frameworks */ = {
			isa = PBXFrameworksBuildPhase;
			buildActionMask = 2147483647;
			files = (
				D58478F91C44076B006EBA49 /* Tailor.framework in Frameworks */,
				D58478FA1C44076B006EBA49 /* Sugar.framework in Frameworks */,
				BD352E611CBAD6F9002CD032 /* Brick.framework in Frameworks */,
			);
			runOnlyForDeploymentPostprocessing = 0;
		};
		D58478CE1C440567006EBA49 /* Frameworks */ = {
			isa = PBXFrameworksBuildPhase;
			buildActionMask = 2147483647;
			files = (
				D58478FE1C440781006EBA49 /* Fakery.framework in Frameworks */,
				D58478FF1C440781006EBA49 /* SwiftyJSON.framework in Frameworks */,
				D58478FB1C440781006EBA49 /* Sugar.framework in Frameworks */,
				D58478D21C440568006EBA49 /* Spots.framework in Frameworks */,
			);
			runOnlyForDeploymentPostprocessing = 0;
		};
/* End PBXFrameworksBuildPhase section */

/* Begin PBXGroup section */
		BD0625F51C45753900A16F91 /* View */ = {
			isa = PBXGroup;
			children = (
				BD0625F61C45754B00A16F91 /* ViewSpot.swift */,
			);
			path = View;
			sourceTree = "<group>";
		};
		BDB538311C444D460005E498 /* Playgrounds */ = {
			isa = PBXGroup;
			children = (
				BDB538321C444D460005E498 /* Playground-iOS.playground */,
			);
			path = Playgrounds;
			sourceTree = "<group>";
		};
		D58477FF1C43FEB8006EBA49 = {
			isa = PBXGroup;
			children = (
				BDB538311C444D460005E498 /* Playgrounds */,
				D58479001C44078B006EBA49 /* Frameworks-Mac */,
				D58478F11C44072B006EBA49 /* Frameworks-iOS */,
				D584785B1C440062006EBA49 /* Sources */,
				D58478231C43FF34006EBA49 /* Spots */,
				D58478251C43FF34006EBA49 /* SpotsTests */,
				D584780A1C43FEB8006EBA49 /* Products */,
			);
			sourceTree = "<group>";
		};
		D584780A1C43FEB8006EBA49 /* Products */ = {
			isa = PBXGroup;
			children = (
				D58478091C43FEB8006EBA49 /* Spots.framework */,
				D58478131C43FEB9006EBA49 /* Spots-iOS-Tests.xctest */,
				D58478C81C440567006EBA49 /* Spots.framework */,
				D58478D11C440567006EBA49 /* Spots-Mac-Tests.xctest */,
			);
			name = Products;
			sourceTree = "<group>";
		};
		D58478231C43FF34006EBA49 /* Spots */ = {
			isa = PBXGroup;
			children = (
				D584784F1C43FFA1006EBA49 /* Info-Mac.plist */,
				D58478241C43FF34006EBA49 /* Info-iOS.plist */,
			);
			path = Spots;
			sourceTree = "<group>";
		};
		D58478251C43FF34006EBA49 /* SpotsTests */ = {
			isa = PBXGroup;
			children = (
				D58478511C43FFA8006EBA49 /* Info-Mac.plist */,
				D58478261C43FF34006EBA49 /* Info-iOS.plist */,
				D58478271C43FF34006EBA49 /* iOS */,
				D584782A1C43FF34006EBA49 /* Shared */,
			);
			path = SpotsTests;
			sourceTree = "<group>";
		};
		D58478271C43FF34006EBA49 /* iOS */ = {
			isa = PBXGroup;
			children = (
				D58478281C43FF34006EBA49 /* TestSpotFactory.swift */,
				D58478291C43FF34006EBA49 /* TestSpotsController.swift */,
				BDCCD9261C44438800AC21D1 /* GridSpotSpec.swift */,
				BDB5382F1C444B3C0005E498 /* ListSpotSpec.swift */,
				BD48BEC81C459B4800317D76 /* ViewSpotSpec.swift */,
				BD48BECA1C459D2A00317D76 /* CarouselSpotSpec.swift */,
			);
			path = iOS;
			sourceTree = "<group>";
		};
		D584782A1C43FF34006EBA49 /* Shared */ = {
			isa = PBXGroup;
			children = (
				D584782B1C43FF34006EBA49 /* TestComponent.swift */,
			);
			path = Shared;
			sourceTree = "<group>";
		};
		D584785B1C440062006EBA49 /* Sources */ = {
			isa = PBXGroup;
			children = (
				D584785C1C440062006EBA49 /* iOS */,
				D58478761C440062006EBA49 /* Shared */,
			);
			path = Sources;
			sourceTree = "<group>";
		};
		D584785C1C440062006EBA49 /* iOS */ = {
			isa = PBXGroup;
			children = (
				D584785D1C440062006EBA49 /* Controllers */,
				D58478601C440062006EBA49 /* Library */,
				D58478671C440062006EBA49 /* Spots */,
				D58478731C440062006EBA49 /* Views */,
			);
			path = iOS;
			sourceTree = "<group>";
		};
		D584785D1C440062006EBA49 /* Controllers */ = {
			isa = PBXGroup;
			children = (
				D584785E1C440062006EBA49 /* SpotsController+UIScrollViewDelegate.swift */,
				D584785F1C440062006EBA49 /* SpotsController.swift */,
			);
			path = Controllers;
			sourceTree = "<group>";
		};
		D58478601C440062006EBA49 /* Library */ = {
			isa = PBXGroup;
			children = (
				D58478611C440062006EBA49 /* Gridable.swift */,
				D58478621C440062006EBA49 /* Listable.swift */,
				D58478631C440062006EBA49 /* Parser.swift */,
				D58478641C440062006EBA49 /* Spotable.swift */,
				D58478651C440062006EBA49 /* SpotFactory.swift */,
				D58478661C440062006EBA49 /* SpotsDelegates.swift */,
				BD48BEC61C45795600317D76 /* Viewable.swift */,
				BD9FBC741CBFD7CE00A59212 /* ViewRegistry.swift */,
				BD2A7E0A1CC4E74E00D26905 /* CollectionAdapter.swift */,
				BD2A7E0E1CC4F56F00D26905 /* ListAdapter.swift */,
			);
			path = Library;
			sourceTree = "<group>";
		};
		D58478671C440062006EBA49 /* Spots */ = {
			isa = PBXGroup;
			children = (
				D58478681C440062006EBA49 /* Carousel */,
				D584786B1C440062006EBA49 /* Grid */,
				D584786E1C440062006EBA49 /* List */,
				BD0625F51C45753900A16F91 /* View */,
			);
			path = Spots;
			sourceTree = "<group>";
		};
		D58478681C440062006EBA49 /* Carousel */ = {
			isa = PBXGroup;
			children = (
				D58478691C440062006EBA49 /* CarouselSpot.swift */,
				D584786A1C440062006EBA49 /* CarouselSpotCell.swift */,
			);
			path = Carousel;
			sourceTree = "<group>";
		};
		D584786B1C440062006EBA49 /* Grid */ = {
			isa = PBXGroup;
			children = (
				D584786C1C440062006EBA49 /* GridSpot.swift */,
				D584786D1C440062006EBA49 /* GridSpotCell.swift */,
			);
			path = Grid;
			sourceTree = "<group>";
		};
		D584786E1C440062006EBA49 /* List */ = {
			isa = PBXGroup;
			children = (
				D584786F1C440062006EBA49 /* ListSpot.swift */,
				D58478701C440062006EBA49 /* ListSpotCell.swift */,
			);
			path = List;
			sourceTree = "<group>";
		};
		D58478731C440062006EBA49 /* Views */ = {
			isa = PBXGroup;
			children = (
				D58478741C440062006EBA49 /* SpotsContentView.swift */,
				D58478751C440062006EBA49 /* SpotsScrollView.swift */,
			);
			path = Views;
			sourceTree = "<group>";
		};
		D58478761C440062006EBA49 /* Shared */ = {
			isa = PBXGroup;
			children = (
				D58478771C440062006EBA49 /* Library */,
				D584787A1C440062006EBA49 /* Models */,
			);
			path = Shared;
			sourceTree = "<group>";
		};
		D58478771C440062006EBA49 /* Library */ = {
			isa = PBXGroup;
			children = (
				D58478781C440062006EBA49 /* Componentable.swift */,
				D58478791C440062006EBA49 /* SpotConfigurable.swift */,
			);
			path = Library;
			sourceTree = "<group>";
		};
		D584787A1C440062006EBA49 /* Models */ = {
			isa = PBXGroup;
			children = (
				D584787B1C440062006EBA49 /* Component.swift */,
			);
			path = Models;
			sourceTree = "<group>";
		};
		D58478F11C44072B006EBA49 /* Frameworks-iOS */ = {
			isa = PBXGroup;
			children = (
				BD352E5E1CBAD6EC002CD032 /* Brick.framework */,
				D58478F31C44074C006EBA49 /* Fakery.framework */,
				D58478F41C44074C006EBA49 /* SwiftyJSON.framework */,
				D58478E91C440726006EBA49 /* Tailor.framework */,
				D58478EA1C440726006EBA49 /* Imaginary.framework */,
				D58478EB1C440726006EBA49 /* Sugar.framework */,
				D58478EC1C440726006EBA49 /* Cache.framework */,
			);
			name = "Frameworks-iOS";
			sourceTree = "<group>";
		};
		D58479001C44078B006EBA49 /* Frameworks-Mac */ = {
			isa = PBXGroup;
			children = (
				BD352E601CBAD6F9002CD032 /* Brick.framework */,
				D58478FC1C440781006EBA49 /* Fakery.framework */,
				D58478FD1C440781006EBA49 /* SwiftyJSON.framework */,
				D58478F71C44076B006EBA49 /* Tailor.framework */,
				D58478F81C44076B006EBA49 /* Sugar.framework */,
			);
			name = "Frameworks-Mac";
			sourceTree = "<group>";
		};
/* End PBXGroup section */

/* Begin PBXHeadersBuildPhase section */
		D58478061C43FEB8006EBA49 /* Headers */ = {
			isa = PBXHeadersBuildPhase;
			buildActionMask = 2147483647;
			files = (
			);
			runOnlyForDeploymentPostprocessing = 0;
		};
		D58478C51C440567006EBA49 /* Headers */ = {
			isa = PBXHeadersBuildPhase;
			buildActionMask = 2147483647;
			files = (
			);
			runOnlyForDeploymentPostprocessing = 0;
		};
/* End PBXHeadersBuildPhase section */

/* Begin PBXNativeTarget section */
		D58478081C43FEB8006EBA49 /* Spots-iOS */ = {
			isa = PBXNativeTarget;
			buildConfigurationList = D584781D1C43FEB9006EBA49 /* Build configuration list for PBXNativeTarget "Spots-iOS" */;
			buildPhases = (
				D58478041C43FEB8006EBA49 /* Sources */,
				D58478051C43FEB8006EBA49 /* Frameworks */,
				D58478061C43FEB8006EBA49 /* Headers */,
				D58478071C43FEB8006EBA49 /* Resources */,
				D58478A71C440171006EBA49 /* ShellScript */,
			);
			buildRules = (
			);
			dependencies = (
			);
			name = "Spots-iOS";
			productName = Spots;
			productReference = D58478091C43FEB8006EBA49 /* Spots.framework */;
			productType = "com.apple.product-type.framework";
		};
		D58478121C43FEB9006EBA49 /* Spots-iOS-Tests */ = {
			isa = PBXNativeTarget;
			buildConfigurationList = D58478201C43FEB9006EBA49 /* Build configuration list for PBXNativeTarget "Spots-iOS-Tests" */;
			buildPhases = (
				D584780F1C43FEB9006EBA49 /* Sources */,
				D58478101C43FEB9006EBA49 /* Frameworks */,
				D58478111C43FEB9006EBA49 /* Resources */,
				D58478B61C440208006EBA49 /* ShellScript */,
			);
			buildRules = (
			);
			dependencies = (
				D58478161C43FEB9006EBA49 /* PBXTargetDependency */,
			);
			name = "Spots-iOS-Tests";
			productName = SpotsTests;
			productReference = D58478131C43FEB9006EBA49 /* Spots-iOS-Tests.xctest */;
			productType = "com.apple.product-type.bundle.unit-test";
		};
		D58478C71C440567006EBA49 /* Spots-Mac */ = {
			isa = PBXNativeTarget;
			buildConfigurationList = D58478D91C440568006EBA49 /* Build configuration list for PBXNativeTarget "Spots-Mac" */;
			buildPhases = (
				D58478C31C440567006EBA49 /* Sources */,
				D58478C41C440567006EBA49 /* Frameworks */,
				D58478C51C440567006EBA49 /* Headers */,
				D58478C61C440567006EBA49 /* Resources */,
				D58478DF1C4405D2006EBA49 /* ShellScript */,
			);
			buildRules = (
			);
			dependencies = (
			);
			name = "Spots-Mac";
			productName = "Spots-Mac";
			productReference = D58478C81C440567006EBA49 /* Spots.framework */;
			productType = "com.apple.product-type.framework";
		};
		D58478D01C440567006EBA49 /* Spots-Mac-Tests */ = {
			isa = PBXNativeTarget;
			buildConfigurationList = D58478DC1C440568006EBA49 /* Build configuration list for PBXNativeTarget "Spots-Mac-Tests" */;
			buildPhases = (
				D58478CD1C440567006EBA49 /* Sources */,
				D58478CE1C440567006EBA49 /* Frameworks */,
				D58478CF1C440567006EBA49 /* Resources */,
				D58478E21C440605006EBA49 /* ShellScript */,
			);
			buildRules = (
			);
			dependencies = (
				D58478D41C440568006EBA49 /* PBXTargetDependency */,
			);
			name = "Spots-Mac-Tests";
			productName = "Spots-MacTests";
			productReference = D58478D11C440567006EBA49 /* Spots-Mac-Tests.xctest */;
			productType = "com.apple.product-type.bundle.unit-test";
		};
/* End PBXNativeTarget section */

/* Begin PBXProject section */
		D58478001C43FEB8006EBA49 /* Project object */ = {
			isa = PBXProject;
			attributes = {
				LastSwiftUpdateCheck = 0720;
				LastUpgradeCheck = 0720;
				ORGANIZATIONNAME = "Hyper Interaktiv AS";
				TargetAttributes = {
					D58478081C43FEB8006EBA49 = {
						CreatedOnToolsVersion = 7.2;
					};
					D58478121C43FEB9006EBA49 = {
						CreatedOnToolsVersion = 7.2;
					};
					D58478C71C440567006EBA49 = {
						CreatedOnToolsVersion = 7.2;
					};
					D58478D01C440567006EBA49 = {
						CreatedOnToolsVersion = 7.2;
					};
				};
			};
			buildConfigurationList = D58478031C43FEB8006EBA49 /* Build configuration list for PBXProject "Spots" */;
			compatibilityVersion = "Xcode 3.2";
			developmentRegion = English;
			hasScannedForEncodings = 0;
			knownRegions = (
				en,
			);
			mainGroup = D58477FF1C43FEB8006EBA49;
			productRefGroup = D584780A1C43FEB8006EBA49 /* Products */;
			projectDirPath = "";
			projectRoot = "";
			targets = (
				D58478081C43FEB8006EBA49 /* Spots-iOS */,
				D58478121C43FEB9006EBA49 /* Spots-iOS-Tests */,
				D58478C71C440567006EBA49 /* Spots-Mac */,
				D58478D01C440567006EBA49 /* Spots-Mac-Tests */,
			);
		};
/* End PBXProject section */

/* Begin PBXResourcesBuildPhase section */
		D58478071C43FEB8006EBA49 /* Resources */ = {
			isa = PBXResourcesBuildPhase;
			buildActionMask = 2147483647;
			files = (
			);
			runOnlyForDeploymentPostprocessing = 0;
		};
		D58478111C43FEB9006EBA49 /* Resources */ = {
			isa = PBXResourcesBuildPhase;
			buildActionMask = 2147483647;
			files = (
			);
			runOnlyForDeploymentPostprocessing = 0;
		};
		D58478C61C440567006EBA49 /* Resources */ = {
			isa = PBXResourcesBuildPhase;
			buildActionMask = 2147483647;
			files = (
			);
			runOnlyForDeploymentPostprocessing = 0;
		};
		D58478CF1C440567006EBA49 /* Resources */ = {
			isa = PBXResourcesBuildPhase;
			buildActionMask = 2147483647;
			files = (
			);
			runOnlyForDeploymentPostprocessing = 0;
		};
/* End PBXResourcesBuildPhase section */

/* Begin PBXShellScriptBuildPhase section */
		D58478A71C440171006EBA49 /* ShellScript */ = {
			isa = PBXShellScriptBuildPhase;
			buildActionMask = 2147483647;
			files = (
			);
			inputPaths = (
				"$(SRCROOT)/Carthage/Build/iOS/Tailor.framework",
				"$(SRCROOT)/Carthage/Build/iOS/Sugar.framework",
				"$(SRCROOT)/Carthage/Build/iOS/Brick.framework",
			);
			outputPaths = (
			);
			runOnlyForDeploymentPostprocessing = 0;
			shellPath = /bin/sh;
			shellScript = "/usr/local/bin/carthage copy-frameworks";
		};
		D58478B61C440208006EBA49 /* ShellScript */ = {
			isa = PBXShellScriptBuildPhase;
			buildActionMask = 2147483647;
			files = (
			);
			inputPaths = (
				"$(SRCROOT)/Carthage/Build/iOS/Fakery.framework",
				"$(SRCROOT)/Carthage/Build/iOS/SwiftyJSON.framework",
				"$(SRCROOT)/Carthage/Build/iOS/Sugar.framework",
				"$(SRCROOT)/Carthage/Build/iOS/Quick.framework",
				"$(SRCROOT)/Carthage/Build/iOS/Nimble.framework",
			);
			outputPaths = (
			);
			runOnlyForDeploymentPostprocessing = 0;
			shellPath = /bin/sh;
			shellScript = "/usr/local/bin/carthage copy-frameworks";
		};
		D58478DF1C4405D2006EBA49 /* ShellScript */ = {
			isa = PBXShellScriptBuildPhase;
			buildActionMask = 2147483647;
			files = (
			);
			inputPaths = (
				"$(SRCROOT)/Carthage/Build/Mac/Tailor.framework",
				"$(SRCROOT)/Carthage/Build/Mac/Sugar.framework",
				"$(SRCROOT)/Carthage/Build/Mac/Brick.framework",
			);
			outputPaths = (
			);
			runOnlyForDeploymentPostprocessing = 0;
			shellPath = /bin/sh;
			shellScript = "/usr/local/bin/carthage copy-frameworks";
		};
		D58478E21C440605006EBA49 /* ShellScript */ = {
			isa = PBXShellScriptBuildPhase;
			buildActionMask = 2147483647;
			files = (
			);
			inputPaths = (
				"$(SRCROOT)/Carthage/Build/Mac/Fakery.framework",
				"$(SRCROOT)/Carthage/Build/Mac/Sugar.framework",
				"$(SRCROOT)/Carthage/Build/Mac/SwiftyJSON.framework",
			);
			outputPaths = (
			);
			runOnlyForDeploymentPostprocessing = 0;
			shellPath = /bin/sh;
			shellScript = "/usr/local/bin/carthage copy-frameworks";
		};
/* End PBXShellScriptBuildPhase section */

/* Begin PBXSourcesBuildPhase section */
		D58478041C43FEB8006EBA49 /* Sources */ = {
			isa = PBXSourcesBuildPhase;
			buildActionMask = 2147483647;
			files = (
				BD48BEC71C45795600317D76 /* Viewable.swift in Sources */,
				BD9FBC751CBFD7CE00A59212 /* ViewRegistry.swift in Sources */,
				D584789B1C440062006EBA49 /* SpotsContentView.swift in Sources */,
				D584789F1C440062006EBA49 /* Componentable.swift in Sources */,
				BD0625F71C45754B00A16F91 /* ViewSpot.swift in Sources */,
				D58478911C440062006EBA49 /* GridSpot.swift in Sources */,
				D58478931C440062006EBA49 /* GridSpotCell.swift in Sources */,
				D584789D1C440062006EBA49 /* SpotsScrollView.swift in Sources */,
				D58478891C440062006EBA49 /* SpotFactory.swift in Sources */,
				D584788D1C440062006EBA49 /* CarouselSpot.swift in Sources */,
				D58478811C440062006EBA49 /* Gridable.swift in Sources */,
				D58478871C440062006EBA49 /* Spotable.swift in Sources */,
				D58478A31C440062006EBA49 /* Component.swift in Sources */,
				D58478831C440062006EBA49 /* Listable.swift in Sources */,
				D58478A11C440062006EBA49 /* SpotConfigurable.swift in Sources */,
				D58478971C440062006EBA49 /* ListSpotCell.swift in Sources */,
				BD2A7E0B1CC4E74E00D26905 /* CollectionAdapter.swift in Sources */,
				D58478851C440062006EBA49 /* Parser.swift in Sources */,
				D58478951C440062006EBA49 /* ListSpot.swift in Sources */,
				BD2A7E0F1CC4F56F00D26905 /* ListAdapter.swift in Sources */,
				D584787D1C440062006EBA49 /* SpotsController+UIScrollViewDelegate.swift in Sources */,
				D584788B1C440062006EBA49 /* SpotsDelegates.swift in Sources */,
				D584787F1C440062006EBA49 /* SpotsController.swift in Sources */,
				D584788F1C440062006EBA49 /* CarouselSpotCell.swift in Sources */,
			);
			runOnlyForDeploymentPostprocessing = 0;
		};
		D584780F1C43FEB9006EBA49 /* Sources */ = {
			isa = PBXSourcesBuildPhase;
			buildActionMask = 2147483647;
			files = (
				BD48BECB1C459D2A00317D76 /* CarouselSpotSpec.swift in Sources */,
				BDB538301C444B3C0005E498 /* ListSpotSpec.swift in Sources */,
				BDCCD9271C44438800AC21D1 /* GridSpotSpec.swift in Sources */,
				D58478571C43FFFD006EBA49 /* TestComponent.swift in Sources */,
				BD48BEC91C459B4800317D76 /* ViewSpotSpec.swift in Sources */,
				D58478531C43FFEB006EBA49 /* TestSpotFactory.swift in Sources */,
				D58478551C43FFEF006EBA49 /* TestSpotsController.swift in Sources */,
			);
			runOnlyForDeploymentPostprocessing = 0;
		};
		D58478C31C440567006EBA49 /* Sources */ = {
			isa = PBXSourcesBuildPhase;
			buildActionMask = 2147483647;
			files = (
				D58478E41C44063C006EBA49 /* SpotConfigurable.swift in Sources */,
				D58478E51C44063C006EBA49 /* Component.swift in Sources */,
				D58478E31C44063C006EBA49 /* Componentable.swift in Sources */,
			);
			runOnlyForDeploymentPostprocessing = 0;
		};
		D58478CD1C440567006EBA49 /* Sources */ = {
			isa = PBXSourcesBuildPhase;
			buildActionMask = 2147483647;
			files = (
				D58478E71C440645006EBA49 /* TestComponent.swift in Sources */,
			);
			runOnlyForDeploymentPostprocessing = 0;
		};
/* End PBXSourcesBuildPhase section */

/* Begin PBXTargetDependency section */
		D58478161C43FEB9006EBA49 /* PBXTargetDependency */ = {
			isa = PBXTargetDependency;
			target = D58478081C43FEB8006EBA49 /* Spots-iOS */;
			targetProxy = D58478151C43FEB9006EBA49 /* PBXContainerItemProxy */;
		};
		D58478D41C440568006EBA49 /* PBXTargetDependency */ = {
			isa = PBXTargetDependency;
			target = D58478C71C440567006EBA49 /* Spots-Mac */;
			targetProxy = D58478D31C440568006EBA49 /* PBXContainerItemProxy */;
		};
/* End PBXTargetDependency section */

/* Begin XCBuildConfiguration section */
		D584781B1C43FEB9006EBA49 /* Debug */ = {
			isa = XCBuildConfiguration;
			buildSettings = {
				ALWAYS_SEARCH_USER_PATHS = NO;
				CLANG_CXX_LANGUAGE_STANDARD = "gnu++0x";
				CLANG_CXX_LIBRARY = "libc++";
				CLANG_ENABLE_MODULES = YES;
				CLANG_ENABLE_OBJC_ARC = YES;
				CLANG_WARN_BOOL_CONVERSION = YES;
				CLANG_WARN_CONSTANT_CONVERSION = YES;
				CLANG_WARN_DIRECT_OBJC_ISA_USAGE = YES_ERROR;
				CLANG_WARN_EMPTY_BODY = YES;
				CLANG_WARN_ENUM_CONVERSION = YES;
				CLANG_WARN_INT_CONVERSION = YES;
				CLANG_WARN_OBJC_ROOT_CLASS = YES_ERROR;
				CLANG_WARN_UNREACHABLE_CODE = YES;
				CLANG_WARN__DUPLICATE_METHOD_MATCH = YES;
				"CODE_SIGN_IDENTITY[sdk=iphoneos*]" = "iPhone Developer";
				COPY_PHASE_STRIP = NO;
				CURRENT_PROJECT_VERSION = 1;
				DEBUG_INFORMATION_FORMAT = dwarf;
				ENABLE_STRICT_OBJC_MSGSEND = YES;
				ENABLE_TESTABILITY = YES;
				GCC_C_LANGUAGE_STANDARD = gnu99;
				GCC_DYNAMIC_NO_PIC = NO;
				GCC_NO_COMMON_BLOCKS = YES;
				GCC_OPTIMIZATION_LEVEL = 0;
				GCC_PREPROCESSOR_DEFINITIONS = (
					"DEBUG=1",
					"$(inherited)",
				);
				GCC_WARN_64_TO_32_BIT_CONVERSION = YES;
				GCC_WARN_ABOUT_RETURN_TYPE = YES_ERROR;
				GCC_WARN_UNDECLARED_SELECTOR = YES;
				GCC_WARN_UNINITIALIZED_AUTOS = YES_AGGRESSIVE;
				GCC_WARN_UNUSED_FUNCTION = YES;
				GCC_WARN_UNUSED_VARIABLE = YES;
				IPHONEOS_DEPLOYMENT_TARGET = 9.2;
				MTL_ENABLE_DEBUG_INFO = YES;
				ONLY_ACTIVE_ARCH = YES;
				SDKROOT = iphoneos;
				SWIFT_OPTIMIZATION_LEVEL = "-Onone";
				TARGETED_DEVICE_FAMILY = "1,2";
				VERSIONING_SYSTEM = "apple-generic";
				VERSION_INFO_PREFIX = "";
			};
			name = Debug;
		};
		D584781C1C43FEB9006EBA49 /* Release */ = {
			isa = XCBuildConfiguration;
			buildSettings = {
				ALWAYS_SEARCH_USER_PATHS = NO;
				CLANG_CXX_LANGUAGE_STANDARD = "gnu++0x";
				CLANG_CXX_LIBRARY = "libc++";
				CLANG_ENABLE_MODULES = YES;
				CLANG_ENABLE_OBJC_ARC = YES;
				CLANG_WARN_BOOL_CONVERSION = YES;
				CLANG_WARN_CONSTANT_CONVERSION = YES;
				CLANG_WARN_DIRECT_OBJC_ISA_USAGE = YES_ERROR;
				CLANG_WARN_EMPTY_BODY = YES;
				CLANG_WARN_ENUM_CONVERSION = YES;
				CLANG_WARN_INT_CONVERSION = YES;
				CLANG_WARN_OBJC_ROOT_CLASS = YES_ERROR;
				CLANG_WARN_UNREACHABLE_CODE = YES;
				CLANG_WARN__DUPLICATE_METHOD_MATCH = YES;
				"CODE_SIGN_IDENTITY[sdk=iphoneos*]" = "iPhone Developer";
				COPY_PHASE_STRIP = NO;
				CURRENT_PROJECT_VERSION = 1;
				DEBUG_INFORMATION_FORMAT = "dwarf-with-dsym";
				ENABLE_NS_ASSERTIONS = NO;
				ENABLE_STRICT_OBJC_MSGSEND = YES;
				GCC_C_LANGUAGE_STANDARD = gnu99;
				GCC_NO_COMMON_BLOCKS = YES;
				GCC_WARN_64_TO_32_BIT_CONVERSION = YES;
				GCC_WARN_ABOUT_RETURN_TYPE = YES_ERROR;
				GCC_WARN_UNDECLARED_SELECTOR = YES;
				GCC_WARN_UNINITIALIZED_AUTOS = YES_AGGRESSIVE;
				GCC_WARN_UNUSED_FUNCTION = YES;
				GCC_WARN_UNUSED_VARIABLE = YES;
				IPHONEOS_DEPLOYMENT_TARGET = 9.2;
				MTL_ENABLE_DEBUG_INFO = NO;
				SDKROOT = iphoneos;
				TARGETED_DEVICE_FAMILY = "1,2";
				VALIDATE_PRODUCT = YES;
				VERSIONING_SYSTEM = "apple-generic";
				VERSION_INFO_PREFIX = "";
			};
			name = Release;
		};
		D584781E1C43FEB9006EBA49 /* Debug */ = {
			isa = XCBuildConfiguration;
			buildSettings = {
				DEFINES_MODULE = YES;
				DYLIB_COMPATIBILITY_VERSION = 1;
				DYLIB_CURRENT_VERSION = 1;
				DYLIB_INSTALL_NAME_BASE = "@rpath";
				FRAMEWORK_SEARCH_PATHS = (
					"$(inherited)",
					"$(PROJECT_DIR)/Carthage/Build/iOS",
				);
				INFOPLIST_FILE = "Spots/Info-iOS.plist";
				INSTALL_PATH = "$(LOCAL_LIBRARY_DIR)/Frameworks";
				IPHONEOS_DEPLOYMENT_TARGET = 8.0;
				LD_RUNPATH_SEARCH_PATHS = "$(inherited) @executable_path/Frameworks @loader_path/Frameworks";
				PRODUCT_BUNDLE_IDENTIFIER = no.hyper.Spots;
				PRODUCT_NAME = Spots;
				SKIP_INSTALL = YES;
			};
			name = Debug;
		};
		D584781F1C43FEB9006EBA49 /* Release */ = {
			isa = XCBuildConfiguration;
			buildSettings = {
				DEFINES_MODULE = YES;
				DYLIB_COMPATIBILITY_VERSION = 1;
				DYLIB_CURRENT_VERSION = 1;
				DYLIB_INSTALL_NAME_BASE = "@rpath";
				FRAMEWORK_SEARCH_PATHS = (
					"$(inherited)",
					"$(PROJECT_DIR)/Carthage/Build/iOS",
				);
				INFOPLIST_FILE = "Spots/Info-iOS.plist";
				INSTALL_PATH = "$(LOCAL_LIBRARY_DIR)/Frameworks";
				IPHONEOS_DEPLOYMENT_TARGET = 8.0;
				LD_RUNPATH_SEARCH_PATHS = "$(inherited) @executable_path/Frameworks @loader_path/Frameworks";
				PRODUCT_BUNDLE_IDENTIFIER = no.hyper.Spots;
				PRODUCT_NAME = Spots;
				SKIP_INSTALL = YES;
			};
			name = Release;
		};
		D58478211C43FEB9006EBA49 /* Debug */ = {
			isa = XCBuildConfiguration;
			buildSettings = {
				FRAMEWORK_SEARCH_PATHS = (
					"$(inherited)",
					"$(PROJECT_DIR)/Carthage/Build/iOS",
				);
				INFOPLIST_FILE = "SpotsTests/Info-iOS.plist";
				LD_RUNPATH_SEARCH_PATHS = "$(inherited) @executable_path/Frameworks @loader_path/Frameworks $(FRAMEWORK_SEARCH_PATHS)";
				PRODUCT_BUNDLE_IDENTIFIER = no.hyper.SpotsTests;
				PRODUCT_NAME = "$(TARGET_NAME)";
			};
			name = Debug;
		};
		D58478221C43FEB9006EBA49 /* Release */ = {
			isa = XCBuildConfiguration;
			buildSettings = {
				FRAMEWORK_SEARCH_PATHS = (
					"$(inherited)",
					"$(PROJECT_DIR)/Carthage/Build/iOS",
				);
				INFOPLIST_FILE = "SpotsTests/Info-iOS.plist";
				LD_RUNPATH_SEARCH_PATHS = "$(inherited) @executable_path/Frameworks @loader_path/Frameworks $(FRAMEWORK_SEARCH_PATHS)";
				PRODUCT_BUNDLE_IDENTIFIER = no.hyper.SpotsTests;
				PRODUCT_NAME = "$(TARGET_NAME)";
			};
			name = Release;
		};
		D58478DA1C440568006EBA49 /* Debug */ = {
			isa = XCBuildConfiguration;
			buildSettings = {
				CODE_SIGN_IDENTITY = "";
				COMBINE_HIDPI_IMAGES = YES;
				DEFINES_MODULE = YES;
				DYLIB_COMPATIBILITY_VERSION = 1;
				DYLIB_CURRENT_VERSION = 1;
				DYLIB_INSTALL_NAME_BASE = "@rpath";
				FRAMEWORK_SEARCH_PATHS = (
					"$(inherited)",
					"$(PROJECT_DIR)/Carthage/Build/Mac",
				);
				FRAMEWORK_VERSION = A;
				INFOPLIST_FILE = "Spots/Info-Mac.plist";
				INSTALL_PATH = "$(LOCAL_LIBRARY_DIR)/Frameworks";
				LD_RUNPATH_SEARCH_PATHS = "$(inherited) @executable_path/../Frameworks @loader_path/Frameworks";
				MACOSX_DEPLOYMENT_TARGET = 10.10;
				PRODUCT_BUNDLE_IDENTIFIER = "no.hyper.Spots-Mac";
				PRODUCT_NAME = Spots;
				SDKROOT = macosx;
				SKIP_INSTALL = YES;
			};
			name = Debug;
		};
		D58478DB1C440568006EBA49 /* Release */ = {
			isa = XCBuildConfiguration;
			buildSettings = {
				CODE_SIGN_IDENTITY = "";
				COMBINE_HIDPI_IMAGES = YES;
				DEFINES_MODULE = YES;
				DYLIB_COMPATIBILITY_VERSION = 1;
				DYLIB_CURRENT_VERSION = 1;
				DYLIB_INSTALL_NAME_BASE = "@rpath";
				FRAMEWORK_SEARCH_PATHS = (
					"$(inherited)",
					"$(PROJECT_DIR)/Carthage/Build/Mac",
				);
				FRAMEWORK_VERSION = A;
				INFOPLIST_FILE = "Spots/Info-Mac.plist";
				INSTALL_PATH = "$(LOCAL_LIBRARY_DIR)/Frameworks";
				LD_RUNPATH_SEARCH_PATHS = "$(inherited) @executable_path/../Frameworks @loader_path/Frameworks";
				MACOSX_DEPLOYMENT_TARGET = 10.10;
				PRODUCT_BUNDLE_IDENTIFIER = "no.hyper.Spots-Mac";
				PRODUCT_NAME = Spots;
				SDKROOT = macosx;
				SKIP_INSTALL = YES;
			};
			name = Release;
		};
		D58478DD1C440568006EBA49 /* Debug */ = {
			isa = XCBuildConfiguration;
			buildSettings = {
				CODE_SIGN_IDENTITY = "-";
				COMBINE_HIDPI_IMAGES = YES;
				FRAMEWORK_SEARCH_PATHS = (
					"$(inherited)",
					"$(PROJECT_DIR)/Carthage/Build/Mac",
				);
				INFOPLIST_FILE = "SpotsTests/Info-Mac.plist";
				LD_RUNPATH_SEARCH_PATHS = "$(inherited) @executable_path/../Frameworks @loader_path/../Frameworks $(FRAMEWORK_SEARCH_PATHS)";
				MACOSX_DEPLOYMENT_TARGET = 10.11;
				PRODUCT_BUNDLE_IDENTIFIER = "no.hyper.Spots-MacTests";
				PRODUCT_NAME = "$(TARGET_NAME)";
				SDKROOT = macosx;
			};
			name = Debug;
		};
		D58478DE1C440568006EBA49 /* Release */ = {
			isa = XCBuildConfiguration;
			buildSettings = {
				CODE_SIGN_IDENTITY = "-";
				COMBINE_HIDPI_IMAGES = YES;
				FRAMEWORK_SEARCH_PATHS = (
					"$(inherited)",
					"$(PROJECT_DIR)/Carthage/Build/Mac",
				);
				INFOPLIST_FILE = "SpotsTests/Info-Mac.plist";
				LD_RUNPATH_SEARCH_PATHS = "$(inherited) @executable_path/../Frameworks @loader_path/../Frameworks $(FRAMEWORK_SEARCH_PATHS)";
				MACOSX_DEPLOYMENT_TARGET = 10.11;
				PRODUCT_BUNDLE_IDENTIFIER = "no.hyper.Spots-MacTests";
				PRODUCT_NAME = "$(TARGET_NAME)";
				SDKROOT = macosx;
			};
			name = Release;
		};
/* End XCBuildConfiguration section */

/* Begin XCConfigurationList section */
		D58478031C43FEB8006EBA49 /* Build configuration list for PBXProject "Spots" */ = {
			isa = XCConfigurationList;
			buildConfigurations = (
				D584781B1C43FEB9006EBA49 /* Debug */,
				D584781C1C43FEB9006EBA49 /* Release */,
			);
			defaultConfigurationIsVisible = 0;
			defaultConfigurationName = Release;
		};
		D584781D1C43FEB9006EBA49 /* Build configuration list for PBXNativeTarget "Spots-iOS" */ = {
			isa = XCConfigurationList;
			buildConfigurations = (
				D584781E1C43FEB9006EBA49 /* Debug */,
				D584781F1C43FEB9006EBA49 /* Release */,
			);
			defaultConfigurationIsVisible = 0;
			defaultConfigurationName = Release;
		};
		D58478201C43FEB9006EBA49 /* Build configuration list for PBXNativeTarget "Spots-iOS-Tests" */ = {
			isa = XCConfigurationList;
			buildConfigurations = (
				D58478211C43FEB9006EBA49 /* Debug */,
				D58478221C43FEB9006EBA49 /* Release */,
			);
			defaultConfigurationIsVisible = 0;
			defaultConfigurationName = Release;
		};
		D58478D91C440568006EBA49 /* Build configuration list for PBXNativeTarget "Spots-Mac" */ = {
			isa = XCConfigurationList;
			buildConfigurations = (
				D58478DA1C440568006EBA49 /* Debug */,
				D58478DB1C440568006EBA49 /* Release */,
			);
			defaultConfigurationIsVisible = 0;
			defaultConfigurationName = Release;
		};
		D58478DC1C440568006EBA49 /* Build configuration list for PBXNativeTarget "Spots-Mac-Tests" */ = {
			isa = XCConfigurationList;
			buildConfigurations = (
				D58478DD1C440568006EBA49 /* Debug */,
				D58478DE1C440568006EBA49 /* Release */,
			);
			defaultConfigurationIsVisible = 0;
			defaultConfigurationName = Release;
		};
/* End XCConfigurationList section */
	};
	rootObject = D58478001C43FEB8006EBA49 /* Project object */;
}
