// !$*UTF8*$!
{
	archiveVersion = 1;
	classes = {
	};
	objectVersion = 46;
	objects = {

/* Begin PBXBuildFile section */
		B103685F719FC0F4B3308D88 /* Pods_AppleNews.framework in Frameworks */ = {isa = PBXBuildFile; fileRef = EC46DABFCED227E91A04AF3F /* Pods_AppleNews.framework */; };
		BD0054351C7A3DB1001AD90A /* ForYouDetailController.swift in Sources */ = {isa = PBXBuildFile; fileRef = BD0054341C7A3DB1001AD90A /* ForYouDetailController.swift */; };
		BD0054371C7A43C7001AD90A /* FeedDetailItem.swift in Sources */ = {isa = PBXBuildFile; fileRef = BD0054361C7A43C7001AD90A /* FeedDetailItem.swift */; };
		BD037EBF1C0B89A7004BDA21 /* SearchHeaderView.swift in Sources */ = {isa = PBXBuildFile; fileRef = BD037EBE1C0B89A7004BDA21 /* SearchHeaderView.swift */; };
		BD0500D31C7A336000FEF1BD /* FeedFeaturedItemCell.swift in Sources */ = {isa = PBXBuildFile; fileRef = BD0500D21C7A336000FEF1BD /* FeedFeaturedItemCell.swift */; };
		BD7D3B2E1C7A2CCF005C4418 /* Configurator.swift in Sources */ = {isa = PBXBuildFile; fileRef = BD7D3B2D1C7A2CCF005C4418 /* Configurator.swift */; };
		BD7D3B301C7A2CE7005C4418 /* SpotsConfigurator.swift in Sources */ = {isa = PBXBuildFile; fileRef = BD7D3B2F1C7A2CE7005C4418 /* SpotsConfigurator.swift */; };
		BD9142C91BF086300062BFCB /* AppDelegate.swift in Sources */ = {isa = PBXBuildFile; fileRef = BD9142C31BF086300062BFCB /* AppDelegate.swift */; };
		BD9142CA1BF086300062BFCB /* Assets.xcassets in Resources */ = {isa = PBXBuildFile; fileRef = BD9142C41BF086300062BFCB /* Assets.xcassets */; };
		BD9142CB1BF086300062BFCB /* LaunchScreen.storyboard in Resources */ = {isa = PBXBuildFile; fileRef = BD9142C51BF086300062BFCB /* LaunchScreen.storyboard */; };
		BD9142CE1BF0904D0062BFCB /* GridTopicCell.swift in Sources */ = {isa = PBXBuildFile; fileRef = BD9142CD1BF0904D0062BFCB /* GridTopicCell.swift */; };
		BD9142D21BF099080062BFCB /* ListHeaderView.swift in Sources */ = {isa = PBXBuildFile; fileRef = BD9142D11BF099080062BFCB /* ListHeaderView.swift */; };
		BDE260421C0B1A7700FB1939 /* FeedItemCell.swift in Sources */ = {isa = PBXBuildFile; fileRef = BDE260411C0B1A7700FB1939 /* FeedItemCell.swift */; };
		BDE260491C0B67F000FB1939 /* ExploreController.swift in Sources */ = {isa = PBXBuildFile; fileRef = BDE260441C0B67F000FB1939 /* ExploreController.swift */; };
		BDE2604A1C0B67F000FB1939 /* FavoritesController.swift in Sources */ = {isa = PBXBuildFile; fileRef = BDE260451C0B67F000FB1939 /* FavoritesController.swift */; };
		BDE2604B1C0B67F000FB1939 /* ForYouController.swift in Sources */ = {isa = PBXBuildFile; fileRef = BDE260461C0B67F000FB1939 /* ForYouController.swift */; };
		BDE2604C1C0B67F000FB1939 /* SavedController.swift in Sources */ = {isa = PBXBuildFile; fileRef = BDE260471C0B67F000FB1939 /* SavedController.swift */; };
		BDE2604D1C0B67F000FB1939 /* SearchController.swift in Sources */ = {isa = PBXBuildFile; fileRef = BDE260481C0B67F000FB1939 /* SearchController.swift */; };
		BDE2604F1C0B798C00FB1939 /* MainController.swift in Sources */ = {isa = PBXBuildFile; fileRef = BDE2604E1C0B798C00FB1939 /* MainController.swift */; };
/* End PBXBuildFile section */

/* Begin PBXFileReference section */
		4130076C870CD84B2DA65854 /* Pods.framework */ = {isa = PBXFileReference; explicitFileType = wrapper.framework; includeInIndex = 0; path = Pods.framework; sourceTree = BUILT_PRODUCTS_DIR; };
		BD0054341C7A3DB1001AD90A /* ForYouDetailController.swift */ = {isa = PBXFileReference; fileEncoding = 4; lastKnownFileType = sourcecode.swift; path = ForYouDetailController.swift; sourceTree = "<group>"; };
		BD0054361C7A43C7001AD90A /* FeedDetailItem.swift */ = {isa = PBXFileReference; fileEncoding = 4; lastKnownFileType = sourcecode.swift; lineEnding = 0; path = FeedDetailItem.swift; sourceTree = "<group>"; xcLanguageSpecificationIdentifier = xcode.lang.swift; };
		BD037EBE1C0B89A7004BDA21 /* SearchHeaderView.swift */ = {isa = PBXFileReference; fileEncoding = 4; lastKnownFileType = sourcecode.swift; lineEnding = 0; path = SearchHeaderView.swift; sourceTree = "<group>"; xcLanguageSpecificationIdentifier = xcode.lang.swift; };
		BD0500D21C7A336000FEF1BD /* FeedFeaturedItemCell.swift */ = {isa = PBXFileReference; fileEncoding = 4; lastKnownFileType = sourcecode.swift; lineEnding = 0; path = FeedFeaturedItemCell.swift; sourceTree = "<group>"; xcLanguageSpecificationIdentifier = xcode.lang.swift; };
		BD4BCCC91BDE04AA00466C0F /* AppleNews.app */ = {isa = PBXFileReference; explicitFileType = wrapper.application; includeInIndex = 0; path = AppleNews.app; sourceTree = BUILT_PRODUCTS_DIR; };
		BD7D3B2D1C7A2CCF005C4418 /* Configurator.swift */ = {isa = PBXFileReference; fileEncoding = 4; lastKnownFileType = sourcecode.swift; path = Configurator.swift; sourceTree = "<group>"; };
		BD7D3B2F1C7A2CE7005C4418 /* SpotsConfigurator.swift */ = {isa = PBXFileReference; fileEncoding = 4; lastKnownFileType = sourcecode.swift; path = SpotsConfigurator.swift; sourceTree = "<group>"; };
		BD9142C31BF086300062BFCB /* AppDelegate.swift */ = {isa = PBXFileReference; fileEncoding = 4; lastKnownFileType = sourcecode.swift; path = AppDelegate.swift; sourceTree = "<group>"; };
		BD9142C41BF086300062BFCB /* Assets.xcassets */ = {isa = PBXFileReference; lastKnownFileType = folder.assetcatalog; path = Assets.xcassets; sourceTree = "<group>"; };
		BD9142C61BF086300062BFCB /* Base */ = {isa = PBXFileReference; lastKnownFileType = file.storyboard; name = Base; path = Base.lproj/LaunchScreen.storyboard; sourceTree = "<group>"; };
		BD9142C81BF086300062BFCB /* Info.plist */ = {isa = PBXFileReference; fileEncoding = 4; lastKnownFileType = text.plist.xml; path = Info.plist; sourceTree = "<group>"; };
		BD9142CD1BF0904D0062BFCB /* GridTopicCell.swift */ = {isa = PBXFileReference; fileEncoding = 4; lastKnownFileType = sourcecode.swift; path = GridTopicCell.swift; sourceTree = "<group>"; };
		BD9142D11BF099080062BFCB /* ListHeaderView.swift */ = {isa = PBXFileReference; fileEncoding = 4; lastKnownFileType = sourcecode.swift; path = ListHeaderView.swift; sourceTree = "<group>"; };
		BDE260411C0B1A7700FB1939 /* FeedItemCell.swift */ = {isa = PBXFileReference; fileEncoding = 4; lastKnownFileType = sourcecode.swift; path = FeedItemCell.swift; sourceTree = "<group>"; };
		BDE260441C0B67F000FB1939 /* ExploreController.swift */ = {isa = PBXFileReference; fileEncoding = 4; lastKnownFileType = sourcecode.swift; path = ExploreController.swift; sourceTree = "<group>"; };
		BDE260451C0B67F000FB1939 /* FavoritesController.swift */ = {isa = PBXFileReference; fileEncoding = 4; lastKnownFileType = sourcecode.swift; path = FavoritesController.swift; sourceTree = "<group>"; };
		BDE260461C0B67F000FB1939 /* ForYouController.swift */ = {isa = PBXFileReference; fileEncoding = 4; lastKnownFileType = sourcecode.swift; lineEnding = 0; path = ForYouController.swift; sourceTree = "<group>"; xcLanguageSpecificationIdentifier = xcode.lang.swift; };
		BDE260471C0B67F000FB1939 /* SavedController.swift */ = {isa = PBXFileReference; fileEncoding = 4; lastKnownFileType = sourcecode.swift; path = SavedController.swift; sourceTree = "<group>"; };
		BDE260481C0B67F000FB1939 /* SearchController.swift */ = {isa = PBXFileReference; fileEncoding = 4; lastKnownFileType = sourcecode.swift; path = SearchController.swift; sourceTree = "<group>"; };
		BDE2604E1C0B798C00FB1939 /* MainController.swift */ = {isa = PBXFileReference; fileEncoding = 4; lastKnownFileType = sourcecode.swift; path = MainController.swift; sourceTree = "<group>"; };
		D3B9DE7A4DA3F167E6879FB0 /* Pods-AppleNews.debug.xcconfig */ = {isa = PBXFileReference; includeInIndex = 1; lastKnownFileType = text.xcconfig; name = "Pods-AppleNews.debug.xcconfig"; path = "Pods/Target Support Files/Pods-AppleNews/Pods-AppleNews.debug.xcconfig"; sourceTree = "<group>"; };
		EC46DABFCED227E91A04AF3F /* Pods_AppleNews.framework */ = {isa = PBXFileReference; explicitFileType = wrapper.framework; includeInIndex = 0; path = Pods_AppleNews.framework; sourceTree = BUILT_PRODUCTS_DIR; };
		F929C65B8845D2404FCC2AA2 /* Pods-AppleNews.release.xcconfig */ = {isa = PBXFileReference; includeInIndex = 1; lastKnownFileType = text.xcconfig; name = "Pods-AppleNews.release.xcconfig"; path = "Pods/Target Support Files/Pods-AppleNews/Pods-AppleNews.release.xcconfig"; sourceTree = "<group>"; };
/* End PBXFileReference section */

/* Begin PBXFrameworksBuildPhase section */
		BD4BCCC61BDE04AA00466C0F /* Frameworks */ = {
			isa = PBXFrameworksBuildPhase;
			buildActionMask = 2147483647;
			files = (
				B103685F719FC0F4B3308D88 /* Pods_AppleNews.framework in Frameworks */,
			);
			runOnlyForDeploymentPostprocessing = 0;
		};
/* End PBXFrameworksBuildPhase section */

/* Begin PBXGroup section */
		22AB7A2AE7FDD8056EF15DDE /* Frameworks */ = {
			isa = PBXGroup;
			children = (
				4130076C870CD84B2DA65854 /* Pods.framework */,
				EC46DABFCED227E91A04AF3F /* Pods_AppleNews.framework */,
			);
			name = Frameworks;
			sourceTree = "<group>";
		};
		25DF78BEB6F7FE8647FBA6CB /* Pods */ = {
			isa = PBXGroup;
			children = (
				D3B9DE7A4DA3F167E6879FB0 /* Pods-AppleNews.debug.xcconfig */,
				F929C65B8845D2404FCC2AA2 /* Pods-AppleNews.release.xcconfig */,
			);
			name = Pods;
			sourceTree = "<group>";
		};
		BD4BCCC01BDE04AA00466C0F = {
			isa = PBXGroup;
			children = (
				22AB7A2AE7FDD8056EF15DDE /* Frameworks */,
				BD4BCCCA1BDE04AA00466C0F /* Products */,
				BD9142C21BF086300062BFCB /* AppleNews */,
				25DF78BEB6F7FE8647FBA6CB /* Pods */,
			);
			sourceTree = "<group>";
		};
		BD4BCCCA1BDE04AA00466C0F /* Products */ = {
			isa = PBXGroup;
			children = (
				BD4BCCC91BDE04AA00466C0F /* AppleNews.app */,
			);
			name = Products;
			sourceTree = "<group>";
		};
		BD7D3B2B1C7A2CBE005C4418 /* Configurators */ = {
			isa = PBXGroup;
			children = (
				BD7D3B2F1C7A2CE7005C4418 /* SpotsConfigurator.swift */,
			);
			path = Configurators;
			sourceTree = "<group>";
		};
		BD7D3B2C1C7A2CC7005C4418 /* Protocols */ = {
			isa = PBXGroup;
			children = (
				BD7D3B2D1C7A2CCF005C4418 /* Configurator.swift */,
			);
			path = Protocols;
			sourceTree = "<group>";
		};
		BD9142C21BF086300062BFCB /* AppleNews */ = {
			isa = PBXGroup;
			children = (
				BD9142C31BF086300062BFCB /* AppDelegate.swift */,
				BD9142C41BF086300062BFCB /* Assets.xcassets */,
				BD9142C71BF086300062BFCB /* Cells */,
				BD7D3B2B1C7A2CBE005C4418 /* Configurators */,
				BDE260431C0B67F000FB1939 /* Controllers */,
				BD9142D01BF099000062BFCB /* Headers */,
				BD9142C81BF086300062BFCB /* Info.plist */,
				BD9142C51BF086300062BFCB /* LaunchScreen.storyboard */,
				BD7D3B2C1C7A2CC7005C4418 /* Protocols */,
			);
			path = AppleNews;
			sourceTree = "<group>";
		};
		BD9142C71BF086300062BFCB /* Cells */ = {
			isa = PBXGroup;
			children = (
				BD0054361C7A43C7001AD90A /* FeedDetailItem.swift */,
				BD0500D21C7A336000FEF1BD /* FeedFeaturedItemCell.swift */,
				BDE260411C0B1A7700FB1939 /* FeedItemCell.swift */,
				BD9142CD1BF0904D0062BFCB /* GridTopicCell.swift */,
			);
			path = Cells;
			sourceTree = "<group>";
		};
		BD9142D01BF099000062BFCB /* Headers */ = {
			isa = PBXGroup;
			children = (
				BD9142D11BF099080062BFCB /* ListHeaderView.swift */,
				BD037EBE1C0B89A7004BDA21 /* SearchHeaderView.swift */,
			);
			path = Headers;
			sourceTree = "<group>";
		};
		BDE260431C0B67F000FB1939 /* Controllers */ = {
			isa = PBXGroup;
			children = (
				BDE260441C0B67F000FB1939 /* ExploreController.swift */,
				BDE260451C0B67F000FB1939 /* FavoritesController.swift */,
				BDE260461C0B67F000FB1939 /* ForYouController.swift */,
				BD0054341C7A3DB1001AD90A /* ForYouDetailController.swift */,
				BDE2604E1C0B798C00FB1939 /* MainController.swift */,
				BDE260471C0B67F000FB1939 /* SavedController.swift */,
				BDE260481C0B67F000FB1939 /* SearchController.swift */,
			);
			path = Controllers;
			sourceTree = "<group>";
		};
/* End PBXGroup section */

/* Begin PBXNativeTarget section */
		BD4BCCC81BDE04AA00466C0F /* AppleNews */ = {
			isa = PBXNativeTarget;
			buildConfigurationList = BD4BCCDB1BDE04AA00466C0F /* Build configuration list for PBXNativeTarget "AppleNews" */;
			buildPhases = (
				FB89AE5D66CAD4B6D4A0A26A /* 📦 Check Pods Manifest.lock */,
				BD4BCCC51BDE04AA00466C0F /* Sources */,
				BD4BCCC61BDE04AA00466C0F /* Frameworks */,
				BD4BCCC71BDE04AA00466C0F /* Resources */,
				A8F34E097D1DDF39F74C66BC /* 📦 Embed Pods Frameworks */,
				EBB61488B540A42FD4BF13B4 /* 📦 Copy Pods Resources */,
			);
			buildRules = (
			);
			dependencies = (
			);
			name = AppleNews;
			productName = SpotsFeed;
			productReference = BD4BCCC91BDE04AA00466C0F /* AppleNews.app */;
			productType = "com.apple.product-type.application";
		};
/* End PBXNativeTarget section */

/* Begin PBXProject section */
		BD4BCCC11BDE04AA00466C0F /* Project object */ = {
			isa = PBXProject;
			attributes = {
				LastUpgradeCheck = 0700;
				ORGANIZATIONNAME = Hyper;
				TargetAttributes = {
					BD4BCCC81BDE04AA00466C0F = {
						CreatedOnToolsVersion = 7.0.1;
					};
				};
			};
			buildConfigurationList = BD4BCCC41BDE04AA00466C0F /* Build configuration list for PBXProject "AppleNews" */;
			compatibilityVersion = "Xcode 3.2";
			developmentRegion = English;
			hasScannedForEncodings = 0;
			knownRegions = (
				en,
				Base,
			);
			mainGroup = BD4BCCC01BDE04AA00466C0F;
			productRefGroup = BD4BCCCA1BDE04AA00466C0F /* Products */;
			projectDirPath = "";
			projectRoot = "";
			targets = (
				BD4BCCC81BDE04AA00466C0F /* AppleNews */,
			);
		};
/* End PBXProject section */

/* Begin PBXResourcesBuildPhase section */
		BD4BCCC71BDE04AA00466C0F /* Resources */ = {
			isa = PBXResourcesBuildPhase;
			buildActionMask = 2147483647;
			files = (
				BD9142CA1BF086300062BFCB /* Assets.xcassets in Resources */,
				BD9142CB1BF086300062BFCB /* LaunchScreen.storyboard in Resources */,
			);
			runOnlyForDeploymentPostprocessing = 0;
		};
/* End PBXResourcesBuildPhase section */

/* Begin PBXShellScriptBuildPhase section */
		A8F34E097D1DDF39F74C66BC /* 📦 Embed Pods Frameworks */ = {
			isa = PBXShellScriptBuildPhase;
			buildActionMask = 2147483647;
			files = (
			);
			inputPaths = (
			);
			name = "📦 Embed Pods Frameworks";
			outputPaths = (
			);
			runOnlyForDeploymentPostprocessing = 0;
			shellPath = /bin/sh;
			shellScript = "\"${SRCROOT}/Pods/Target Support Files/Pods-AppleNews/Pods-AppleNews-frameworks.sh\"\n";
			showEnvVarsInLog = 0;
		};
		EBB61488B540A42FD4BF13B4 /* 📦 Copy Pods Resources */ = {
			isa = PBXShellScriptBuildPhase;
			buildActionMask = 2147483647;
			files = (
			);
			inputPaths = (
			);
			name = "📦 Copy Pods Resources";
			outputPaths = (
			);
			runOnlyForDeploymentPostprocessing = 0;
			shellPath = /bin/sh;
			shellScript = "\"${SRCROOT}/Pods/Target Support Files/Pods-AppleNews/Pods-AppleNews-resources.sh\"\n";
			showEnvVarsInLog = 0;
		};
		FB89AE5D66CAD4B6D4A0A26A /* 📦 Check Pods Manifest.lock */ = {
			isa = PBXShellScriptBuildPhase;
			buildActionMask = 2147483647;
			files = (
			);
			inputPaths = (
			);
			name = "📦 Check Pods Manifest.lock";
			outputPaths = (
			);
			runOnlyForDeploymentPostprocessing = 0;
			shellPath = /bin/sh;
			shellScript = "diff \"${PODS_ROOT}/../Podfile.lock\" \"${PODS_ROOT}/Manifest.lock\" > /dev/null\nif [[ $? != 0 ]] ; then\n    cat << EOM\nerror: The sandbox is not in sync with the Podfile.lock. Run 'pod install' or update your CocoaPods installation.\nEOM\n    exit 1\nfi\n";
			showEnvVarsInLog = 0;
		};
/* End PBXShellScriptBuildPhase section */

/* Begin PBXSourcesBuildPhase section */
		BD4BCCC51BDE04AA00466C0F /* Sources */ = {
			isa = PBXSourcesBuildPhase;
			buildActionMask = 2147483647;
			files = (
				BD9142CE1BF0904D0062BFCB /* GridTopicCell.swift in Sources */,
				BDE260491C0B67F000FB1939 /* ExploreController.swift in Sources */,
				BD0500D31C7A336000FEF1BD /* FeedFeaturedItemCell.swift in Sources */,
				BD7D3B301C7A2CE7005C4418 /* SpotsConfigurator.swift in Sources */,
				BD9142C91BF086300062BFCB /* AppDelegate.swift in Sources */,
				BD0054371C7A43C7001AD90A /* FeedDetailItem.swift in Sources */,
				BD9142D21BF099080062BFCB /* ListHeaderView.swift in Sources */,
				BD7D3B2E1C7A2CCF005C4418 /* Configurator.swift in Sources */,
				BDE2604F1C0B798C00FB1939 /* MainController.swift in Sources */,
				BDE2604B1C0B67F000FB1939 /* ForYouController.swift in Sources */,
				BDE260421C0B1A7700FB1939 /* FeedItemCell.swift in Sources */,
				BD037EBF1C0B89A7004BDA21 /* SearchHeaderView.swift in Sources */,
				BD0054351C7A3DB1001AD90A /* ForYouDetailController.swift in Sources */,
				BDE2604A1C0B67F000FB1939 /* FavoritesController.swift in Sources */,
				BDE2604D1C0B67F000FB1939 /* SearchController.swift in Sources */,
				BDE2604C1C0B67F000FB1939 /* SavedController.swift in Sources */,
			);
			runOnlyForDeploymentPostprocessing = 0;
		};
/* End PBXSourcesBuildPhase section */

/* Begin PBXVariantGroup section */
		BD9142C51BF086300062BFCB /* LaunchScreen.storyboard */ = {
			isa = PBXVariantGroup;
			children = (
				BD9142C61BF086300062BFCB /* Base */,
			);
			name = LaunchScreen.storyboard;
			sourceTree = "<group>";
		};
/* End PBXVariantGroup section */

/* Begin XCBuildConfiguration section */
		BD4BCCD91BDE04AA00466C0F /* Debug */ = {
			isa = XCBuildConfiguration;
			buildSettings = {
				ALWAYS_SEARCH_USER_PATHS = NO;
				CLANG_CXX_LANGUAGE_STANDARD = "gnu++0x";
				CLANG_CXX_LIBRARY = "libc++";
				CLANG_ENABLE_MODULES = YES;
				CLANG_ENABLE_OBJC_ARC = YES;
				CLANG_WARN_BOOL_CONVERSION = YES;
				CLANG_WARN_CONSTANT_CONVERSION = YES;
				CLANG_WARN_DIRECT_OBJC_ISA_USAGE = YES_ERROR;
				CLANG_WARN_EMPTY_BODY = YES;
				CLANG_WARN_ENUM_CONVERSION = YES;
				CLANG_WARN_INT_CONVERSION = YES;
				CLANG_WARN_OBJC_ROOT_CLASS = YES_ERROR;
				CLANG_WARN_UNREACHABLE_CODE = YES;
				CLANG_WARN__DUPLICATE_METHOD_MATCH = YES;
				"CODE_SIGN_IDENTITY[sdk=iphoneos*]" = "iPhone Developer";
				COPY_PHASE_STRIP = NO;
				DEBUG_INFORMATION_FORMAT = dwarf;
				ENABLE_STRICT_OBJC_MSGSEND = YES;
				ENABLE_TESTABILITY = YES;
				GCC_C_LANGUAGE_STANDARD = gnu99;
				GCC_DYNAMIC_NO_PIC = NO;
				GCC_NO_COMMON_BLOCKS = YES;
				GCC_OPTIMIZATION_LEVEL = 0;
				GCC_PREPROCESSOR_DEFINITIONS = (
					"DEBUG=1",
					"$(inherited)",
				);
				GCC_WARN_64_TO_32_BIT_CONVERSION = YES;
				GCC_WARN_ABOUT_RETURN_TYPE = YES_ERROR;
				GCC_WARN_UNDECLARED_SELECTOR = YES;
				GCC_WARN_UNINITIALIZED_AUTOS = YES_AGGRESSIVE;
				GCC_WARN_UNUSED_FUNCTION = YES;
				GCC_WARN_UNUSED_VARIABLE = YES;
				IPHONEOS_DEPLOYMENT_TARGET = 9.0;
				MTL_ENABLE_DEBUG_INFO = YES;
				ONLY_ACTIVE_ARCH = YES;
				SDKROOT = iphoneos;
				SWIFT_OPTIMIZATION_LEVEL = "-Onone";
			};
			name = Debug;
		};
		BD4BCCDA1BDE04AA00466C0F /* Release */ = {
			isa = XCBuildConfiguration;
			buildSettings = {
				ALWAYS_SEARCH_USER_PATHS = NO;
				CLANG_CXX_LANGUAGE_STANDARD = "gnu++0x";
				CLANG_CXX_LIBRARY = "libc++";
				CLANG_ENABLE_MODULES = YES;
				CLANG_ENABLE_OBJC_ARC = YES;
				CLANG_WARN_BOOL_CONVERSION = YES;
				CLANG_WARN_CONSTANT_CONVERSION = YES;
				CLANG_WARN_DIRECT_OBJC_ISA_USAGE = YES_ERROR;
				CLANG_WARN_EMPTY_BODY = YES;
				CLANG_WARN_ENUM_CONVERSION = YES;
				CLANG_WARN_INT_CONVERSION = YES;
				CLANG_WARN_OBJC_ROOT_CLASS = YES_ERROR;
				CLANG_WARN_UNREACHABLE_CODE = YES;
				CLANG_WARN__DUPLICATE_METHOD_MATCH = YES;
				"CODE_SIGN_IDENTITY[sdk=iphoneos*]" = "iPhone Developer";
				COPY_PHASE_STRIP = NO;
				DEBUG_INFORMATION_FORMAT = "dwarf-with-dsym";
				ENABLE_NS_ASSERTIONS = NO;
				ENABLE_STRICT_OBJC_MSGSEND = YES;
				GCC_C_LANGUAGE_STANDARD = gnu99;
				GCC_NO_COMMON_BLOCKS = YES;
				GCC_WARN_64_TO_32_BIT_CONVERSION = YES;
				GCC_WARN_ABOUT_RETURN_TYPE = YES_ERROR;
				GCC_WARN_UNDECLARED_SELECTOR = YES;
				GCC_WARN_UNINITIALIZED_AUTOS = YES_AGGRESSIVE;
				GCC_WARN_UNUSED_FUNCTION = YES;
				GCC_WARN_UNUSED_VARIABLE = YES;
				IPHONEOS_DEPLOYMENT_TARGET = 9.0;
				MTL_ENABLE_DEBUG_INFO = NO;
				SDKROOT = iphoneos;
				VALIDATE_PRODUCT = YES;
			};
			name = Release;
		};
		BD4BCCDC1BDE04AA00466C0F /* Debug */ = {
			isa = XCBuildConfiguration;
			baseConfigurationReference = D3B9DE7A4DA3F167E6879FB0 /* Pods-AppleNews.debug.xcconfig */;
			buildSettings = {
				ASSETCATALOG_COMPILER_APPICON_NAME = AppIcon;
				INFOPLIST_FILE = AppleNews/Info.plist;
				LD_RUNPATH_SEARCH_PATHS = "$(inherited) @executable_path/Frameworks";
				PRODUCT_BUNDLE_IDENTIFIER = no.hyper.AppleNews;
				PRODUCT_NAME = AppleNews;
			};
			name = Debug;
		};
		BD4BCCDD1BDE04AA00466C0F /* Release */ = {
			isa = XCBuildConfiguration;
			baseConfigurationReference = F929C65B8845D2404FCC2AA2 /* Pods-AppleNews.release.xcconfig */;
			buildSettings = {
				ASSETCATALOG_COMPILER_APPICON_NAME = AppIcon;
				INFOPLIST_FILE = AppleNews/Info.plist;
				LD_RUNPATH_SEARCH_PATHS = "$(inherited) @executable_path/Frameworks";
				PRODUCT_BUNDLE_IDENTIFIER = no.hyper.AppleNews;
				PRODUCT_NAME = AppleNews;
			};
			name = Release;
		};
/* End XCBuildConfiguration section */

/* Begin XCConfigurationList section */
		BD4BCCC41BDE04AA00466C0F /* Build configuration list for PBXProject "AppleNews" */ = {
			isa = XCConfigurationList;
			buildConfigurations = (
				BD4BCCD91BDE04AA00466C0F /* Debug */,
				BD4BCCDA1BDE04AA00466C0F /* Release */,
			);
			defaultConfigurationIsVisible = 0;
			defaultConfigurationName = Release;
		};
		BD4BCCDB1BDE04AA00466C0F /* Build configuration list for PBXNativeTarget "AppleNews" */ = {
			isa = XCConfigurationList;
			buildConfigurations = (
				BD4BCCDC1BDE04AA00466C0F /* Debug */,
				BD4BCCDD1BDE04AA00466C0F /* Release */,
			);
			defaultConfigurationIsVisible = 0;
			defaultConfigurationName = Release;
		};
/* End XCConfigurationList section */
	};
	rootObject = BD4BCCC11BDE04AA00466C0F /* Project object */;
}
