PODS:
  - Brick (2.0.3):
    - Tailor (~> 2.0)
  - Cache (2.1.1):
    - CryptoSwift
  - CryptoSwift (0.6.0)
  - Spots (5.6.2):
    - Brick (~> 2.0)
    - Cache (~> 2.0)
    - CryptoSwift (= 0.6.0)
    - Tailor (~> 2.0)
  - Tailor (2.0.2)

DEPENDENCIES:
  - Brick
  - Spots (from `../../`)
  - Tailor

EXTERNAL SOURCES:
  Spots:
    :path: "../../"

SPEC CHECKSUMS:
  Brick: 64ba8d63805cc8a81cee0556b9ff6ec387cbce2b
  Cache: 525a292370641881d7e350f0d451fd276790243a
  CryptoSwift: 4a599b7241b8d3b857d6e2c28867d0bd5d1aae24
  Spots: a61f398c2f493ece737120dbeb789a74ec2191df
  Tailor: 6f03d033af361a7cf1f25627a1877c5b91a9618c

PODFILE CHECKSUM: e2adb6f845222f3933cd8694339f8ed5e0eca9bb

COCOAPODS: 1.1.1
