PODS:
  - Cache (1.0.0)
  - Compass (1.4.0):
    - Sugar
  - Hue (1.0.1)
  - Imaginary (0.1.0):
    - Cache
  - Keychain (1.0.0)
  - Spots (1.0.0):
    - Imaginary
    - Sugar
    - Tailor
  - Sugar (1.0.7)
  - Tailor (0.4.5):
    - Sugar
  - Whisper (2.0.2)

DEPENDENCIES:
  - Cache (from `https://github.com/hyperoslo/Cache`)
  - Compass
  - Hue (from `https://github.com/hyperoslo/Hue`)
  - Imaginary (from `https://github.com/hyperoslo/Imaginary`)
  - Keychain (from `https://github.com/hyperoslo/Keychain`)
  - Spots (from `../../`)
  - Whisper

EXTERNAL SOURCES:
  Cache:
    :git: https://github.com/hyperoslo/Cache
  Hue:
    :git: https://github.com/hyperoslo/Hue
  Imaginary:
    :git: https://github.com/hyperoslo/Imaginary
  Keychain:
    :git: https://github.com/hyperoslo/Keychain
  Spots:
    :path: "../../"

CHECKOUT OPTIONS:
  Cache:
    :commit: 5af9d7f80b5c39ec578c54874d5acda248d10831
    :git: https://github.com/hyperoslo/Cache
  Hue:
    :commit: 027adc10a7506e99d2d1709528c47c9f223dc747
    :git: https://github.com/hyperoslo/Hue
  Imaginary:
    :commit: 243448a070decf6d8fcdc503b14505a2951af680
    :git: https://github.com/hyperoslo/Imaginary
  Keychain:
    :commit: f8197b27fe34774b72046b0ec4a24e517e1bb79c
    :git: https://github.com/hyperoslo/Keychain

SPEC CHECKSUMS:
  Cache: 78f58bc008313c7a1182967a2ebcb3de9fddecd4
  Compass: f4b8c37f9b315f0ee4f5e4f71888c54c92992d5d
  Hue: 6f934a73bf122bc0f7425116bc281d2cd43fdad2
  Imaginary: feaea646440c68a9b6ed66a46597d548b9a44207
  Keychain: 50cb247cab32e774422741b118af9b598a3fb5b2
  Spots: 0e2a783d37cf05ce0752e2ae4cd709de0112cb04
  Sugar: 610b55c5ca712804789b5f3aa566af8d82fa3cb6
  Tailor: d1d5bce9d81e953c3d7b3f3fd6d084337feeb7a5
  Whisper: 49abcba82d23dd20f0a9a025797cacd09c8aa3bb

COCOAPODS: 0.39.0
