PODS:
  - Cache (1.0.0)
  - Compass (1.2.4)
  - Hue (0.1.0)
  - Imaginary (0.1.0):
    - Cache
  - Keychain (1.0.0)
  - Spots (0.1.0):
    - Imaginary
    - Sugar
    - Tailor
  - Sugar (0.1.0)
  - Tailor (0.2.0):
    - Sugar
  - Whisper (1.1.0)

DEPENDENCIES:
  - Cache (from `https://github.com/hyperoslo/Cache`)
  - Compass
  - Hue (from `https://github.com/hyperoslo/Hue`)
  - Imaginary (from `https://github.com/hyperoslo/Imaginary`)
  - Keychain (from `https://github.com/hyperoslo/Keychain`)
  - Spots (from `../../`)
  - Sugar (from `https://github.com/hyperoslo/Sugar`)
  - Tailor (from `https://github.com/zenangst/Tailor`)
  - Whisper

EXTERNAL SOURCES:
  Cache:
    :git: https://github.com/hyperoslo/Cache
  Hue:
    :git: https://github.com/hyperoslo/Hue
  Imaginary:
    :git: https://github.com/hyperoslo/Imaginary
  Keychain:
    :git: https://github.com/hyperoslo/Keychain
  Spots:
    :path: "../../"
  Sugar:
    :git: https://github.com/hyperoslo/Sugar
  Tailor:
    :git: https://github.com/zenangst/Tailor

CHECKOUT OPTIONS:
  Cache:
    :commit: ae5f3ceb0124a4183d4d2ecfa59652109612906c
    :git: https://github.com/hyperoslo/Cache
  Hue:
    :commit: 1fcddfad166e60e5af3d5d3496f3e5dbceaf474c
    :git: https://github.com/hyperoslo/Hue
  Imaginary:
    :commit: 265eb5ddd1df41bbcc9f0f860e33649e831868d4
    :git: https://github.com/hyperoslo/Imaginary
  Keychain:
    :commit: 21e6f607394e112229a7f30bebe2f832a4d43c48
    :git: https://github.com/hyperoslo/Keychain
  Sugar:
    :commit: 0ace854ec430ff96ffb5eae5785b566168146982
    :git: https://github.com/hyperoslo/Sugar
  Tailor:
    :commit: 085f59593e5833532efa4d94b192e7bed49ce817
    :git: https://github.com/zenangst/Tailor

SPEC CHECKSUMS:
  Cache: 78f58bc008313c7a1182967a2ebcb3de9fddecd4
  Compass: b7ce9d4c22226a4b22609c4acbcba6f1bcb53cfd
  Hue: 236ca79bd7426ab735bf0436589b8e505611a3fa
  Imaginary: feaea646440c68a9b6ed66a46597d548b9a44207
  Keychain: 50cb247cab32e774422741b118af9b598a3fb5b2
  Spots: 9de65acd79cebc15b9f9756a86f7cab0104bc8fe
  Sugar: 41ef7630a1568447e9ce1d30939cc732fdc65542
  Tailor: acba14dba2fb854cdf2550c1a3dfd603f6b59dbc
  Whisper: 80f9eafa9d51dbc246f7c6aeb8aaa146a20cddce

COCOAPODS: 0.39.0
