PODS:
  - Brick (1.0.0):
    - Tailor
  - Cache (1.5.1):
    - CryptoSwift
  - Compass (3.0.0)
  - CryptoSwift (0.6.0)
  - Hue (2.0.0)
  - Imaginary (0.1.0):
    - Cache
  - Keychain (1.0.0)
  - Spots (4.0.2):
    - Brick (= 1.0.0)
    - Cache (= 1.5.1)
    - CryptoSwift (= 0.6.0)
    - Tailor (= 2.0.0)
  - Sugar (1.2.0)
  - Tailor (2.0.0)
  - Whisper (3.1.1)

DEPENDENCIES:
  - Brick (from `https://github.com/hyperoslo/Brick`, branch `swift-3`)
  - Cache (from `https://github.com/hyperoslo/Cache`, branch `swift-3`)
  - Compass (from `https://github.com/hyperoslo/Compass`, branch `swift-3`)
  - CryptoSwift (= 0.6.0)
  - Hue (from `https://github.com/hyperoslo/Hue`, branch `swift-3`)
  - Imaginary (from `https://github.com/hyperoslo/Imaginary`, branch `swift-3`)
  - Keychain (from `https://github.com/hyperoslo/Keychain`, branch `swift-3`)
  - Spots (from `../../`)
  - Sugar (from `https://github.com/hyperoslo/Sugar`, branch `swift-3`)
  - Tailor (= 2.0.0)
  - Whisper (from `https://github.com/hyperoslo/Whisper`, branch `swift-3`)

EXTERNAL SOURCES:
  Brick:
    :branch: swift-3
    :git: https://github.com/hyperoslo/Brick
  Cache:
    :branch: swift-3
    :git: https://github.com/hyperoslo/Cache
  Compass:
    :branch: swift-3
    :git: https://github.com/hyperoslo/Compass
  Hue:
    :branch: swift-3
    :git: https://github.com/hyperoslo/Hue
  Imaginary:
    :branch: swift-3
    :git: https://github.com/hyperoslo/Imaginary
  Keychain:
    :branch: swift-3
    :git: https://github.com/hyperoslo/Keychain
  Spots:
    :path: "../../"
  Sugar:
    :branch: swift-3
    :git: https://github.com/hyperoslo/Sugar
  Whisper:
    :branch: swift-3
    :git: https://github.com/hyperoslo/Whisper

CHECKOUT OPTIONS:
  Brick:
    :commit: 8c3040e96b8e8d62b534d40def925de30b7f8853
    :git: https://github.com/hyperoslo/Brick
  Cache:
    :commit: f4f1398fe02c762630a802b5e5ae9c334beafed9
    :git: https://github.com/hyperoslo/Cache
  Compass:
    :commit: ebbafc3b650c5848095ac10536b90c2ead1e692f
    :git: https://github.com/hyperoslo/Compass
  Hue:
    :commit: b8682f91d47b137b3be4f1cd8e255fdee8214027
    :git: https://github.com/hyperoslo/Hue
  Imaginary:
    :commit: 6fadb337e2fa8ebf90d7c1b28f1fd4cac77a6fc9
    :git: https://github.com/hyperoslo/Imaginary
  Keychain:
    :commit: c5f3406fed825570bf42b75c498531f86abbb256
    :git: https://github.com/hyperoslo/Keychain
  Sugar:
    :commit: 6b04120d3caf3f1e38f970e965c9f39752a23b32
    :git: https://github.com/hyperoslo/Sugar
  Whisper:
    :commit: ba2aee3654e6ae0fa061f82ec2c775907da59ed7
    :git: https://github.com/hyperoslo/Whisper

SPEC CHECKSUMS:
  Brick: 2de240889550c54ea20b146c72f31e9b256c71ad
  Cache: 87b48b059429d3b53238533830c53941f8aa85f0
  Compass: 5bb05fc2b873e9d5b1efda5752649b6a0a993843
  CryptoSwift: 4a599b7241b8d3b857d6e2c28867d0bd5d1aae24
  Hue: '08216d56d01a550a6bbf785778e3dca851b6a65f'
  Imaginary: 62a9ce1e6d7831ede429c8221a183f03ec2a90bc
  Keychain: 50cb247cab32e774422741b118af9b598a3fb5b2
  Spots: fcb567d256e0051a629b4fb302c00598e54d45a0
  Sugar: 556b623f0f8846cf08de7302701892f11d567419
  Tailor: d5ee9756f4698e0b0d3f3eaa650ffc995714b3b3
  Whisper: 74decae53daf8caff5acf8628e24b92d3f05a453

PODFILE CHECKSUM: cf692202fe2ba6d66c16a00fa3601c7712746469

COCOAPODS: 1.1.0.rc.2
