PODS:
  - Brick (0.9.6):
    - Tailor
  - Cache (1.5.1):
    - CryptoSwift
  - Compass (3.0.1)
  - CryptoSwift (0.5.2)
  - Hue (1.3.0)
  - Imaginary (0.1.0):
    - Cache
  - Spots (3.0.4):
    - Brick
    - Cache
    - CryptoSwift (= 0.5.2)
    - Tailor
  - Tailor (1.3.0)

DEPENDENCIES:
  - Cache (from `https://github.com/hyperoslo/Cache`)
  - Compass (from `https://github.com/hyperoslo/Compass`)
  - Hue (from `https://github.com/hyperoslo/Hue`)
  - Imaginary (from `https://github.com/hyperoslo/Imaginary`)
  - Spots (from `../../`)

EXTERNAL SOURCES:
  Cache:
    :git: https://github.com/hyperoslo/Cache
  Compass:
    :git: https://github.com/hyperoslo/Compass
  Hue:
    :git: https://github.com/hyperoslo/Hue
  Imaginary:
    :git: https://github.com/hyperoslo/Imaginary
  Spots:
    :path: "../../"

CHECKOUT OPTIONS:
  Cache:
    :commit: cff7ea060664c856ec76f3345cf1e541b5dc0e18
    :git: https://github.com/hyperoslo/Cache
  Compass:
    :commit: 84242c07670f0fe09b623069740f4601ef0bf1d9
    :git: https://github.com/hyperoslo/Compass
  Hue:
    :commit: 3cd45dee0ac7971ff0f0c86b68865d4a075078e3
    :git: https://github.com/hyperoslo/Hue
  Imaginary:
    :commit: e111dcfcd5a67e6d52febc48c5ebfb9090f77af5
    :git: https://github.com/hyperoslo/Imaginary

SPEC CHECKSUMS:
  Brick: 4af97115ccf754c13d5d6dc0860936809b198d67
  Cache: 87b48b059429d3b53238533830c53941f8aa85f0
  Compass: e48325f0db929a72430ddfb8d3d9af5a3b4f626a
  CryptoSwift: c1ef79f901b86099a6fe8b3c7524cf9f3f3c8c40
  Hue: b4d7f4923dd16237f9cbc1783c3c81438b4391f4
  Imaginary: 62a9ce1e6d7831ede429c8221a183f03ec2a90bc
  Spots: a6cb714c1da7007b666196651c143e49c9bf05b4
  Tailor: 71fac74a4f14abcd13a10bf07bbe69d5ac746f58

PODFILE CHECKSUM: 1dc2800aa90fc3f2870ee03ab115d0d6cc1b8876

COCOAPODS: 1.1.0.rc.2
