PODS:
  - Alamofire (3.4.1)
  - Brick (0.8.2):
    - Sugar (~> 1.0)
    - Tailor
  - Cache (1.4.0):
    - CryptoSwift
  - Compass (3.0.0):
    - Sugar
  - CryptoSwift (0.5.1)
  - Fashion (1.1.0):
    - Sugar
  - Hue (1.1)
  - Imaginary (0.1.0):
    - Cache
  - JWTDecode (1.0.0)
  - Keychain (1.0.0)
  - Malibu (1.0.0):
    - When
  - OhMyAuth (0.1.0):
    - Alamofire
    - JWTDecode
    - Keychain
    - Sugar
  - Spots (1.9.5):
    - Brick
    - Cache
    - Hue
    - Sugar
    - Tailor
  - Sugar (1.1.1)
  - Tailor (1.1.1):
    - Sugar
  - When (1.0.4)

DEPENDENCIES:
  - Cache (from `https://github.com/hyperoslo/Cache.git`)
  - Compass (from `https://github.com/hyperoslo/Compass.git`)
  - Fashion (from `https://github.com/vadymmarkov/Fashion.git`)
  - Hue (from `https://github.com/hyperoslo/Hue.git`)
  - Imaginary (from `https://github.com/hyperoslo/Imaginary.git`)
  - Keychain (from `https://github.com/hyperoslo/Keychain.git`)
  - Malibu (from `https://github.com/hyperoslo/Malibu.git`)
  - OhMyAuth (from `~/Documents/OhMyAuth`)
  - Spots (from `../../`)
  - Sugar (from `~/Documents/Sugar`)

EXTERNAL SOURCES:
  Cache:
    :git: https://github.com/hyperoslo/Cache.git
  Compass:
    :git: https://github.com/hyperoslo/Compass.git
  Fashion:
    :git: https://github.com/vadymmarkov/Fashion.git
  Hue:
    :git: https://github.com/hyperoslo/Hue.git
  Imaginary:
    :git: https://github.com/hyperoslo/Imaginary.git
  Keychain:
    :git: https://github.com/hyperoslo/Keychain.git
  Malibu:
    :git: https://github.com/hyperoslo/Malibu.git
  OhMyAuth:
    :path: "~/Documents/OhMyAuth"
  Spots:
    :path: "../../"
  Sugar:
    :path: "~/Documents/Sugar"

CHECKOUT OPTIONS:
  Cache:
    :commit: d6f0b013cbe9ede4b5fe5a8b615220abce0327d6
    :git: https://github.com/hyperoslo/Cache.git
  Compass:
    :commit: ef73279b2d22e3af204c040e478dcd4c2b5b7944
    :git: https://github.com/hyperoslo/Compass.git
  Fashion:
    :commit: 3e2bf8754d1dbdc9e05f423bbb96db6dc06fec46
    :git: https://github.com/vadymmarkov/Fashion.git
  Hue:
    :commit: 43404964a799dd0c8affc2d4631ead33df8e04f1
    :git: https://github.com/hyperoslo/Hue.git
  Imaginary:
    :commit: 4ab2007614aa2397a9ce82c69771f21df3d37cdc
    :git: https://github.com/hyperoslo/Imaginary.git
  Keychain:
    :commit: f8197b27fe34774b72046b0ec4a24e517e1bb79c
    :git: https://github.com/hyperoslo/Keychain.git
  Malibu:
    :commit: e260ae8b741ef6ef2e1a421f89528ea2a54a878e
    :git: https://github.com/hyperoslo/Malibu.git

SPEC CHECKSUMS:
  Alamofire: 01a82e2f6c0f860ade35534c8dd88be61bdef40c
  Brick: c5b60d83f69c5e882097ee4e9bf12abd428e395a
  Cache: 059cf0e10e6c3aec2c402eea19bd6b3aacb3fe9d
  Compass: a3c2e008e328b5773501df6186d5f64771cd82ce
  CryptoSwift: df42dda18baf6c76347a94e227dbcc0a341304bd
  Fashion: 82f2bb05505e3aea0977a2c23f5d8692e06f12a9
  Hue: c7d6a7206bac669ed69e78cc6c14a4d7bd28277c
  Imaginary: 62a9ce1e6d7831ede429c8221a183f03ec2a90bc
  JWTDecode: d172edcb1607cc15aed85d58eceedcbb675a4534
  Keychain: 50cb247cab32e774422741b118af9b598a3fb5b2
  Malibu: 7d69e5c8d15cd70a1c50c4efb3e13cb44340573e
  OhMyAuth: ce16b5e94887376934ea92a3ba252b6f79910699
  Spots: 74bd9973e517d5170dc241bc93eed6b6728d993f
  Sugar: 73eaf2803ba1128d8b0370f402494981af7675d3
  Tailor: 38a9f1ed1fa804856583396a55ed764d832eeca8
  When: 033104df132ebfa75f4d3a9ba3e7a9865a573a1c

PODFILE CHECKSUM: 6e1417504894395cd53d286cc9405c1180291976

COCOAPODS: 1.0.0
