PODS:
  - Brick (0.8.2):
    - Sugar (~> 1.0)
    - Tailor
  - Cache (1.4.0):
    - CryptoSwift
  - Compass (2.0.0):
    - Sugar
  - CryptoSwift (0.5.1)
  - Fakery (1.2.0):
    - SwiftyJSON
  - Imaginary (0.1.0):
    - Cache
  - Spots (2.0.0):
    - Brick
    - Cache
    - Hue
    - Sugar
    - Tailor
  - Sugar (1.1.1)
  - SwiftyJSON (2.3.2)
  - Tailor (1.1.1):
    - Sugar

DEPENDENCIES:
  - Cache (from `https://github.com/hyperoslo/Cache`)
  - Compass
  - Fakery
  - Imaginary (from `https://github.com/hyperoslo/Imaginary`)
  - Spots (from `../../`)

EXTERNAL SOURCES:
  Cache:
    :git: https://github.com/hyperoslo/Cache
  Imaginary:
    :git: https://github.com/hyperoslo/Imaginary
  Spots:
    :path: "../../"

CHECKOUT OPTIONS:
  Cache:
    :commit: d6f0b013cbe9ede4b5fe5a8b615220abce0327d6
    :git: https://github.com/hyperoslo/Cache
  Imaginary:
    :commit: 4ab2007614aa2397a9ce82c69771f21df3d37cdc
    :git: https://github.com/hyperoslo/Imaginary

SPEC CHECKSUMS:
  Brick: c5b60d83f69c5e882097ee4e9bf12abd428e395a
  Cache: 059cf0e10e6c3aec2c402eea19bd6b3aacb3fe9d
  Compass: a5793a890400a010a9a4eb6547c014e982483a2c
  CryptoSwift: df42dda18baf6c76347a94e227dbcc0a341304bd
  Fakery: ff6a27c3688a05c055d3e64c5fa9d78684796749
  Imaginary: 62a9ce1e6d7831ede429c8221a183f03ec2a90bc
  Spots: dd1bb515914fd6c50dc14574e4a689eebec5b919
  Sugar: bed396c924fd089feee7c780778cca2a124f580c
  SwiftyJSON: 04ccea08915aa0109039157c7974cf0298da292a
  Tailor: 38a9f1ed1fa804856583396a55ed764d832eeca8

PODFILE CHECKSUM: 28ab223e09938592306da973d1540467e2cd0128

COCOAPODS: 1.0.0
