// !$*UTF8*$!
{
	archiveVersion = 1;
	classes = {
	};
	objectVersion = 46;
	objects = {

/* Begin PBXBuildFile section */
		B076717841CF8CB0BA7A1539 /* Pods_Composition_tvOS.framework in Frameworks */ = {isa = PBXBuildFile; fileRef = DCD589B62B8FBEE0364BF3AE /* Pods_Composition_tvOS.framework */; };
		BDD121121E06F9080021CC41 /* Assets.xcassets in Resources */ = {isa = PBXBuildFile; fileRef = BDD121111E06F9080021CC41 /* Assets.xcassets */; };
		BDD121351E0865CE0021CC41 /* CompositionController.swift in Sources */ = {isa = PBXBuildFile; fileRef = BDD1212E1E0865CE0021CC41 /* CompositionController.swift */; };
		BDD121361E0865CE0021CC41 /* AppDelegate.swift in Sources */ = {isa = PBXBuildFile; fileRef = BDD121301E0865CE0021CC41 /* AppDelegate.swift */; };
		BDD121371E0865CE0021CC41 /* CompositionListHeader.swift in Sources */ = {isa = PBXBuildFile; fileRef = BDD121331E0865CE0021CC41 /* CompositionListHeader.swift */; };
		BDD121381E0865CE0021CC41 /* CompositionListView.swift in Sources */ = {isa = PBXBuildFile; fileRef = BDD121341E0865CE0021CC41 /* CompositionListView.swift */; };
/* End PBXBuildFile section */

/* Begin PBXFileReference section */
		138B6DC28C823C7C75E60592 /* Pods-Composition tvOS.release.xcconfig */ = {isa = PBXFileReference; includeInIndex = 1; lastKnownFileType = text.xcconfig; name = "Pods-Composition tvOS.release.xcconfig"; path = "Pods/Target Support Files/Pods-Composition tvOS/Pods-Composition tvOS.release.xcconfig"; sourceTree = "<group>"; };
		2D83C9BB2D50BEBED8417409 /* Pods-Composition tvOS.debug.xcconfig */ = {isa = PBXFileReference; includeInIndex = 1; lastKnownFileType = text.xcconfig; name = "Pods-Composition tvOS.debug.xcconfig"; path = "Pods/Target Support Files/Pods-Composition tvOS/Pods-Composition tvOS.debug.xcconfig"; sourceTree = "<group>"; };
		BDD121071E06F9080021CC41 /* Composition tvOS.app */ = {isa = PBXFileReference; explicitFileType = wrapper.application; includeInIndex = 0; path = "Composition tvOS.app"; sourceTree = BUILT_PRODUCTS_DIR; };
		BDD121111E06F9080021CC41 /* Assets.xcassets */ = {isa = PBXFileReference; lastKnownFileType = folder.assetcatalog; path = Assets.xcassets; sourceTree = "<group>"; };
		BDD121131E06F9080021CC41 /* Info.plist */ = {isa = PBXFileReference; lastKnownFileType = text.plist.xml; path = Info.plist; sourceTree = "<group>"; };
		BDD1212E1E0865CE0021CC41 /* CompositionController.swift */ = {isa = PBXFileReference; fileEncoding = 4; lastKnownFileType = sourcecode.swift; path = CompositionController.swift; sourceTree = "<group>"; };
		BDD121301E0865CE0021CC41 /* AppDelegate.swift */ = {isa = PBXFileReference; fileEncoding = 4; lastKnownFileType = sourcecode.swift; path = AppDelegate.swift; sourceTree = "<group>"; };
		BDD121331E0865CE0021CC41 /* CompositionListHeader.swift */ = {isa = PBXFileReference; fileEncoding = 4; lastKnownFileType = sourcecode.swift; path = CompositionListHeader.swift; sourceTree = "<group>"; };
		BDD121341E0865CE0021CC41 /* CompositionListView.swift */ = {isa = PBXFileReference; fileEncoding = 4; lastKnownFileType = sourcecode.swift; path = CompositionListView.swift; sourceTree = "<group>"; };
		DCD589B62B8FBEE0364BF3AE /* Pods_Composition_tvOS.framework */ = {isa = PBXFileReference; explicitFileType = wrapper.framework; includeInIndex = 0; path = Pods_Composition_tvOS.framework; sourceTree = BUILT_PRODUCTS_DIR; };
/* End PBXFileReference section */

/* Begin PBXFrameworksBuildPhase section */
		BDD121041E06F9080021CC41 /* Frameworks */ = {
			isa = PBXFrameworksBuildPhase;
			buildActionMask = 2147483647;
			files = (
				B076717841CF8CB0BA7A1539 /* Pods_Composition_tvOS.framework in Frameworks */,
			);
			runOnlyForDeploymentPostprocessing = 0;
		};
/* End PBXFrameworksBuildPhase section */

/* Begin PBXGroup section */
		2657B09EE20F66A8F684F0AF /* Frameworks */ = {
			isa = PBXGroup;
			children = (
				DCD589B62B8FBEE0364BF3AE /* Pods_Composition_tvOS.framework */,
			);
			name = Frameworks;
			sourceTree = "<group>";
		};
		BDD120FE1E06F9080021CC41 = {
			isa = PBXGroup;
			children = (
				BDD121091E06F9080021CC41 /* Composition */,
				BDD121081E06F9080021CC41 /* Products */,
				F16E7B9D03A31425DC527CBA /* Pods */,
				2657B09EE20F66A8F684F0AF /* Frameworks */,
			);
			sourceTree = "<group>";
		};
		BDD121081E06F9080021CC41 /* Products */ = {
			isa = PBXGroup;
			children = (
				BDD121071E06F9080021CC41 /* Composition tvOS.app */,
			);
			name = Products;
			sourceTree = "<group>";
		};
		BDD121091E06F9080021CC41 /* Composition */ = {
			isa = PBXGroup;
			children = (
				BDD1212B1E0865CE0021CC41 /* iOS */,
				BDD1212C1E0865CE0021CC41 /* macOS */,
				BDD1212D1E0865CE0021CC41 /* Shared */,
				BDD1212F1E0865CE0021CC41 /* Shared-tvOS-iOS */,
				BDD121311E0865CE0021CC41 /* tvOS */,
				BDD121111E06F9080021CC41 /* Assets.xcassets */,
				BDD121131E06F9080021CC41 /* Info.plist */,
			);
			path = Composition;
			sourceTree = "<group>";
		};
		BDD1212B1E0865CE0021CC41 /* iOS */ = {
			isa = PBXGroup;
			children = (
			);
			path = iOS;
			sourceTree = "<group>";
		};
		BDD1212C1E0865CE0021CC41 /* macOS */ = {
			isa = PBXGroup;
			children = (
			);
			path = macOS;
			sourceTree = "<group>";
		};
		BDD1212D1E0865CE0021CC41 /* Shared */ = {
			isa = PBXGroup;
			children = (
				BDD1212E1E0865CE0021CC41 /* CompositionController.swift */,
			);
			path = Shared;
			sourceTree = "<group>";
		};
		BDD1212F1E0865CE0021CC41 /* Shared-tvOS-iOS */ = {
			isa = PBXGroup;
			children = (
				BDD121301E0865CE0021CC41 /* AppDelegate.swift */,
			);
			path = "Shared-tvOS-iOS";
			sourceTree = "<group>";
		};
		BDD121311E0865CE0021CC41 /* tvOS */ = {
			isa = PBXGroup;
			children = (
				BDD121321E0865CE0021CC41 /* Views */,
			);
			path = tvOS;
			sourceTree = "<group>";
		};
		BDD121321E0865CE0021CC41 /* Views */ = {
			isa = PBXGroup;
			children = (
				BDD121331E0865CE0021CC41 /* CompositionListHeader.swift */,
				BDD121341E0865CE0021CC41 /* CompositionListView.swift */,
			);
			path = Views;
			sourceTree = "<group>";
		};
		F16E7B9D03A31425DC527CBA /* Pods */ = {
			isa = PBXGroup;
			children = (
				2D83C9BB2D50BEBED8417409 /* Pods-Composition tvOS.debug.xcconfig */,
				138B6DC28C823C7C75E60592 /* Pods-Composition tvOS.release.xcconfig */,
			);
			name = Pods;
			sourceTree = "<group>";
		};
/* End PBXGroup section */

/* Begin PBXNativeTarget section */
		BDD121061E06F9080021CC41 /* Composition tvOS */ = {
			isa = PBXNativeTarget;
			buildConfigurationList = BDD121161E06F9080021CC41 /* Build configuration list for PBXNativeTarget "Composition tvOS" */;
			buildPhases = (
				A5845539D665FC7D694DAE26 /* [CP] Check Pods Manifest.lock */,
				BDD121031E06F9080021CC41 /* Sources */,
				BDD121041E06F9080021CC41 /* Frameworks */,
				BDD121051E06F9080021CC41 /* Resources */,
				575D9DE904B0AE11117344D4 /* [CP] Embed Pods Frameworks */,
				4183E2F3D2F2F3DB4B22DE53 /* [CP] Copy Pods Resources */,
			);
			buildRules = (
			);
			dependencies = (
			);
			name = "Composition tvOS";
			productName = Composition;
			productReference = BDD121071E06F9080021CC41 /* Composition tvOS.app */;
			productType = "com.apple.product-type.application";
		};
/* End PBXNativeTarget section */

/* Begin PBXProject section */
		BDD120FF1E06F9080021CC41 /* Project object */ = {
			isa = PBXProject;
			attributes = {
				LastSwiftUpdateCheck = 0820;
				LastUpgradeCheck = 0820;
				ORGANIZATIONNAME = "Christoffer Winterkvist";
				TargetAttributes = {
					BDD121061E06F9080021CC41 = {
						CreatedOnToolsVersion = 8.2;
						DevelopmentTeam = LG4DBY4QF9;
						ProvisioningStyle = Automatic;
					};
				};
			};
			buildConfigurationList = BDD121021E06F9080021CC41 /* Build configuration list for PBXProject "Composition" */;
			compatibilityVersion = "Xcode 3.2";
			developmentRegion = English;
			hasScannedForEncodings = 0;
			knownRegions = (
				en,
				Base,
			);
			mainGroup = BDD120FE1E06F9080021CC41;
			productRefGroup = BDD121081E06F9080021CC41 /* Products */;
			projectDirPath = "";
			projectRoot = "";
			targets = (
				BDD121061E06F9080021CC41 /* Composition tvOS */,
			);
		};
/* End PBXProject section */

/* Begin PBXResourcesBuildPhase section */
		BDD121051E06F9080021CC41 /* Resources */ = {
			isa = PBXResourcesBuildPhase;
			buildActionMask = 2147483647;
			files = (
				BDD121121E06F9080021CC41 /* Assets.xcassets in Resources */,
			);
			runOnlyForDeploymentPostprocessing = 0;
		};
/* End PBXResourcesBuildPhase section */

/* Begin PBXShellScriptBuildPhase section */
		4183E2F3D2F2F3DB4B22DE53 /* [CP] Copy Pods Resources */ = {
			isa = PBXShellScriptBuildPhase;
			buildActionMask = 2147483647;
			files = (
			);
			inputPaths = (
			);
			name = "[CP] Copy Pods Resources";
			outputPaths = (
			);
			runOnlyForDeploymentPostprocessing = 0;
			shellPath = /bin/sh;
			shellScript = "\"${SRCROOT}/Pods/Target Support Files/Pods-Composition tvOS/Pods-Composition tvOS-resources.sh\"\n";
			showEnvVarsInLog = 0;
		};
		575D9DE904B0AE11117344D4 /* [CP] Embed Pods Frameworks */ = {
			isa = PBXShellScriptBuildPhase;
			buildActionMask = 2147483647;
			files = (
			);
			inputPaths = (
			);
			name = "[CP] Embed Pods Frameworks";
			outputPaths = (
			);
			runOnlyForDeploymentPostprocessing = 0;
			shellPath = /bin/sh;
			shellScript = "\"${SRCROOT}/Pods/Target Support Files/Pods-Composition tvOS/Pods-Composition tvOS-frameworks.sh\"\n";
			showEnvVarsInLog = 0;
		};
		A5845539D665FC7D694DAE26 /* [CP] Check Pods Manifest.lock */ = {
			isa = PBXShellScriptBuildPhase;
			buildActionMask = 2147483647;
			files = (
			);
			inputPaths = (
			);
			name = "[CP] Check Pods Manifest.lock";
			outputPaths = (
			);
			runOnlyForDeploymentPostprocessing = 0;
			shellPath = /bin/sh;
			shellScript = "diff \"${PODS_ROOT}/../Podfile.lock\" \"${PODS_ROOT}/Manifest.lock\" > /dev/null\nif [ $? != 0 ] ; then\n    # print error to STDERR\n    echo \"error: The sandbox is not in sync with the Podfile.lock. Run 'pod install' or update your CocoaPods installation.\" >&2\n    exit 1\nfi\n";
			showEnvVarsInLog = 0;
		};
/* End PBXShellScriptBuildPhase section */

/* Begin PBXSourcesBuildPhase section */
		BDD121031E06F9080021CC41 /* Sources */ = {
			isa = PBXSourcesBuildPhase;
			buildActionMask = 2147483647;
			files = (
				BDD121371E0865CE0021CC41 /* CompositionListHeader.swift in Sources */,
				BDD121361E0865CE0021CC41 /* AppDelegate.swift in Sources */,
				BDD121351E0865CE0021CC41 /* CompositionController.swift in Sources */,
				BDD121381E0865CE0021CC41 /* CompositionListView.swift in Sources */,
			);
			runOnlyForDeploymentPostprocessing = 0;
		};
/* End PBXSourcesBuildPhase section */

/* Begin XCBuildConfiguration section */
		BDD121141E06F9080021CC41 /* Debug */ = {
			isa = XCBuildConfiguration;
			buildSettings = {
				ALWAYS_SEARCH_USER_PATHS = NO;
				CLANG_ANALYZER_NONNULL = YES;
				CLANG_CXX_LANGUAGE_STANDARD = "gnu++0x";
				CLANG_CXX_LIBRARY = "libc++";
				CLANG_ENABLE_MODULES = YES;
				CLANG_ENABLE_OBJC_ARC = YES;
				CLANG_WARN_BOOL_CONVERSION = YES;
				CLANG_WARN_CONSTANT_CONVERSION = YES;
				CLANG_WARN_DIRECT_OBJC_ISA_USAGE = YES_ERROR;
				CLANG_WARN_DOCUMENTATION_COMMENTS = YES;
				CLANG_WARN_EMPTY_BODY = YES;
				CLANG_WARN_ENUM_CONVERSION = YES;
				CLANG_WARN_INFINITE_RECURSION = YES;
				CLANG_WARN_INT_CONVERSION = YES;
				CLANG_WARN_OBJC_ROOT_CLASS = YES_ERROR;
				CLANG_WARN_SUSPICIOUS_MOVE = YES;
				CLANG_WARN_UNREACHABLE_CODE = YES;
				CLANG_WARN__DUPLICATE_METHOD_MATCH = YES;
				COPY_PHASE_STRIP = NO;
				DEBUG_INFORMATION_FORMAT = dwarf;
				ENABLE_STRICT_OBJC_MSGSEND = YES;
				ENABLE_TESTABILITY = YES;
				GCC_C_LANGUAGE_STANDARD = gnu99;
				GCC_DYNAMIC_NO_PIC = NO;
				GCC_NO_COMMON_BLOCKS = YES;
				GCC_OPTIMIZATION_LEVEL = 0;
				GCC_PREPROCESSOR_DEFINITIONS = (
					"DEBUG=1",
					"$(inherited)",
				);
				GCC_WARN_64_TO_32_BIT_CONVERSION = YES;
				GCC_WARN_ABOUT_RETURN_TYPE = YES_ERROR;
				GCC_WARN_UNDECLARED_SELECTOR = YES;
				GCC_WARN_UNINITIALIZED_AUTOS = YES_AGGRESSIVE;
				GCC_WARN_UNUSED_FUNCTION = YES;
				GCC_WARN_UNUSED_VARIABLE = YES;
				MTL_ENABLE_DEBUG_INFO = YES;
				ONLY_ACTIVE_ARCH = YES;
				SDKROOT = appletvos;
				SWIFT_ACTIVE_COMPILATION_CONDITIONS = DEBUG;
				SWIFT_OPTIMIZATION_LEVEL = "-Onone";
				TARGETED_DEVICE_FAMILY = 3;
				TVOS_DEPLOYMENT_TARGET = 10.1;
			};
			name = Debug;
		};
		BDD121151E06F9080021CC41 /* Release */ = {
			isa = XCBuildConfiguration;
			buildSettings = {
				ALWAYS_SEARCH_USER_PATHS = NO;
				CLANG_ANALYZER_NONNULL = YES;
				CLANG_CXX_LANGUAGE_STANDARD = "gnu++0x";
				CLANG_CXX_LIBRARY = "libc++";
				CLANG_ENABLE_MODULES = YES;
				CLANG_ENABLE_OBJC_ARC = YES;
				CLANG_WARN_BOOL_CONVERSION = YES;
				CLANG_WARN_CONSTANT_CONVERSION = YES;
				CLANG_WARN_DIRECT_OBJC_ISA_USAGE = YES_ERROR;
				CLANG_WARN_DOCUMENTATION_COMMENTS = YES;
				CLANG_WARN_EMPTY_BODY = YES;
				CLANG_WARN_ENUM_CONVERSION = YES;
				CLANG_WARN_INFINITE_RECURSION = YES;
				CLANG_WARN_INT_CONVERSION = YES;
				CLANG_WARN_OBJC_ROOT_CLASS = YES_ERROR;
				CLANG_WARN_SUSPICIOUS_MOVE = YES;
				CLANG_WARN_UNREACHABLE_CODE = YES;
				CLANG_WARN__DUPLICATE_METHOD_MATCH = YES;
				COPY_PHASE_STRIP = NO;
				DEBUG_INFORMATION_FORMAT = "dwarf-with-dsym";
				ENABLE_NS_ASSERTIONS = NO;
				ENABLE_STRICT_OBJC_MSGSEND = YES;
				GCC_C_LANGUAGE_STANDARD = gnu99;
				GCC_NO_COMMON_BLOCKS = YES;
				GCC_WARN_64_TO_32_BIT_CONVERSION = YES;
				GCC_WARN_ABOUT_RETURN_TYPE = YES_ERROR;
				GCC_WARN_UNDECLARED_SELECTOR = YES;
				GCC_WARN_UNINITIALIZED_AUTOS = YES_AGGRESSIVE;
				GCC_WARN_UNUSED_FUNCTION = YES;
				GCC_WARN_UNUSED_VARIABLE = YES;
				MTL_ENABLE_DEBUG_INFO = NO;
				SDKROOT = appletvos;
				SWIFT_OPTIMIZATION_LEVEL = "-Owholemodule";
				TARGETED_DEVICE_FAMILY = 3;
				TVOS_DEPLOYMENT_TARGET = 10.1;
				VALIDATE_PRODUCT = YES;
			};
			name = Release;
		};
		BDD121171E06F9080021CC41 /* Debug */ = {
			isa = XCBuildConfiguration;
			baseConfigurationReference = 2D83C9BB2D50BEBED8417409 /* Pods-Composition tvOS.debug.xcconfig */;
			buildSettings = {
				ALWAYS_EMBED_SWIFT_STANDARD_LIBRARIES = YES;
				ASSETCATALOG_COMPILER_APPICON_NAME = "App Icon & Top Shelf Image";
				ASSETCATALOG_COMPILER_LAUNCHIMAGE_NAME = LaunchImage;
				DEVELOPMENT_TEAM = LG4DBY4QF9;
				INFOPLIST_FILE = Composition/Info.plist;
				LD_RUNPATH_SEARCH_PATHS = "$(inherited) @executable_path/Frameworks";
				PRODUCT_BUNDLE_IDENTIFIER = hyper.no.Composition;
				PRODUCT_NAME = "$(TARGET_NAME)";
				SWIFT_VERSION = 3.0;
			};
			name = Debug;
		};
		BDD121181E06F9080021CC41 /* Release */ = {
			isa = XCBuildConfiguration;
			baseConfigurationReference = 138B6DC28C823C7C75E60592 /* Pods-Composition tvOS.release.xcconfig */;
			buildSettings = {
				ALWAYS_EMBED_SWIFT_STANDARD_LIBRARIES = YES;
				ASSETCATALOG_COMPILER_APPICON_NAME = "App Icon & Top Shelf Image";
				ASSETCATALOG_COMPILER_LAUNCHIMAGE_NAME = LaunchImage;
				DEVELOPMENT_TEAM = LG4DBY4QF9;
				INFOPLIST_FILE = Composition/Info.plist;
				LD_RUNPATH_SEARCH_PATHS = "$(inherited) @executable_path/Frameworks";
				PRODUCT_BUNDLE_IDENTIFIER = hyper.no.Composition;
				PRODUCT_NAME = "$(TARGET_NAME)";
				SWIFT_VERSION = 3.0;
			};
			name = Release;
		};
/* End XCBuildConfiguration section */

/* Begin XCConfigurationList section */
		BDD121021E06F9080021CC41 /* Build configuration list for PBXProject "Composition" */ = {
			isa = XCConfigurationList;
			buildConfigurations = (
				BDD121141E06F9080021CC41 /* Debug */,
				BDD121151E06F9080021CC41 /* Release */,
			);
			defaultConfigurationIsVisible = 0;
			defaultConfigurationName = Release;
		};
		BDD121161E06F9080021CC41 /* Build configuration list for PBXNativeTarget "Composition tvOS" */ = {
			isa = XCConfigurationList;
			buildConfigurations = (
				BDD121171E06F9080021CC41 /* Debug */,
				BDD121181E06F9080021CC41 /* Release */,
			);
			defaultConfigurationIsVisible = 0;
			defaultConfigurationName = Release;
		};
/* End XCConfigurationList section */
	};
	rootObject = BDD120FF1E06F9080021CC41 /* Project object */;
}
