// !$*UTF8*$!
{
	archiveVersion = 1;
	classes = {
	};
	objectVersion = 46;
	objects = {

/* Begin PBXBuildFile section */
		145247EBAD739548A6D374E9 /* Pods.framework in Frameworks */ = {isa = PBXBuildFile; fileRef = 4130076C870CD84B2DA65854 /* Pods.framework */; };
		BD9142C91BF086300062BFCB /* AppDelegate.swift in Sources */ = {isa = PBXBuildFile; fileRef = BD9142C31BF086300062BFCB /* AppDelegate.swift */; };
		BD9142CA1BF086300062BFCB /* Assets.xcassets in Resources */ = {isa = PBXBuildFile; fileRef = BD9142C41BF086300062BFCB /* Assets.xcassets */; };
		BD9142CB1BF086300062BFCB /* LaunchScreen.storyboard in Resources */ = {isa = PBXBuildFile; fileRef = BD9142C51BF086300062BFCB /* LaunchScreen.storyboard */; };
		BD9142CE1BF0904D0062BFCB /* GridTopicCell.swift in Sources */ = {isa = PBXBuildFile; fileRef = BD9142CD1BF0904D0062BFCB /* GridTopicCell.swift */; };
		BD9142D21BF099080062BFCB /* ListHeaderView.swift in Sources */ = {isa = PBXBuildFile; fileRef = BD9142D11BF099080062BFCB /* ListHeaderView.swift */; };
		BDD513311BFF1031000A023D /* Componentable.swift in Sources */ = {isa = PBXBuildFile; fileRef = BDD513141BFF1031000A023D /* Componentable.swift */; };
		BDD513321BFF1031000A023D /* Gridable.swift in Sources */ = {isa = PBXBuildFile; fileRef = BDD513151BFF1031000A023D /* Gridable.swift */; };
		BDD513331BFF1031000A023D /* Itemble.swift in Sources */ = {isa = PBXBuildFile; fileRef = BDD513161BFF1031000A023D /* Itemble.swift */; };
		BDD513341BFF1031000A023D /* Listable.swift in Sources */ = {isa = PBXBuildFile; fileRef = BDD513171BFF1031000A023D /* Listable.swift */; };
		BDD513351BFF1031000A023D /* Parser.swift in Sources */ = {isa = PBXBuildFile; fileRef = BDD513181BFF1031000A023D /* Parser.swift */; };
		BDD513361BFF1031000A023D /* Spotable.swift in Sources */ = {isa = PBXBuildFile; fileRef = BDD513191BFF1031000A023D /* Spotable.swift */; };
		BDD513371BFF1031000A023D /* SpotFactory.swift in Sources */ = {isa = PBXBuildFile; fileRef = BDD5131A1BFF1031000A023D /* SpotFactory.swift */; };
		BDD513381BFF1031000A023D /* SpotsDelegate.swift in Sources */ = {isa = PBXBuildFile; fileRef = BDD5131B1BFF1031000A023D /* SpotsDelegate.swift */; };
		BDD513391BFF1031000A023D /* SpotSizeDelegate.swift in Sources */ = {isa = PBXBuildFile; fileRef = BDD5131C1BFF1031000A023D /* SpotSizeDelegate.swift */; };
		BDD5133A1BFF1031000A023D /* UIView+Optimize.swift in Sources */ = {isa = PBXBuildFile; fileRef = BDD5131D1BFF1031000A023D /* UIView+Optimize.swift */; };
		BDD5133B1BFF1031000A023D /* Component.swift in Sources */ = {isa = PBXBuildFile; fileRef = BDD5131F1BFF1031000A023D /* Component.swift */; };
		BDD5133C1BFF1031000A023D /* ListItem.swift in Sources */ = {isa = PBXBuildFile; fileRef = BDD513201BFF1031000A023D /* ListItem.swift */; };
		BDD5133D1BFF1031000A023D /* CarouselSpot.swift in Sources */ = {isa = PBXBuildFile; fileRef = BDD513231BFF1031000A023D /* CarouselSpot.swift */; };
		BDD5133E1BFF1031000A023D /* CarouselSpotCell.swift in Sources */ = {isa = PBXBuildFile; fileRef = BDD513241BFF1031000A023D /* CarouselSpotCell.swift */; };
		BDD5133F1BFF1031000A023D /* FeedSpot.swift in Sources */ = {isa = PBXBuildFile; fileRef = BDD513261BFF1031000A023D /* FeedSpot.swift */; };
		BDD513401BFF1031000A023D /* FeedSpotCell.swift in Sources */ = {isa = PBXBuildFile; fileRef = BDD513271BFF1031000A023D /* FeedSpotCell.swift */; };
		BDD513411BFF1031000A023D /* GridSpot.swift in Sources */ = {isa = PBXBuildFile; fileRef = BDD513291BFF1031000A023D /* GridSpot.swift */; };
		BDD513421BFF1031000A023D /* GridSpotCell.swift in Sources */ = {isa = PBXBuildFile; fileRef = BDD5132A1BFF1031000A023D /* GridSpotCell.swift */; };
		BDD513431BFF1031000A023D /* ListSpot.swift in Sources */ = {isa = PBXBuildFile; fileRef = BDD5132C1BFF1031000A023D /* ListSpot.swift */; };
		BDD513441BFF1031000A023D /* ListSpotCell.swift in Sources */ = {isa = PBXBuildFile; fileRef = BDD5132D1BFF1031000A023D /* ListSpotCell.swift */; };
		BDD513451BFF1031000A023D /* SpotCell.swift in Sources */ = {isa = PBXBuildFile; fileRef = BDD5132F1BFF1031000A023D /* SpotCell.swift */; };
		BDD513461BFF1031000A023D /* SpotsController.swift in Sources */ = {isa = PBXBuildFile; fileRef = BDD513301BFF1031000A023D /* SpotsController.swift */; };
/* End PBXBuildFile section */

/* Begin PBXFileReference section */
		4130076C870CD84B2DA65854 /* Pods.framework */ = {isa = PBXFileReference; explicitFileType = wrapper.framework; includeInIndex = 0; path = Pods.framework; sourceTree = BUILT_PRODUCTS_DIR; };
		64DC7B3AA5E98213C1480AC4 /* Pods.debug.xcconfig */ = {isa = PBXFileReference; includeInIndex = 1; lastKnownFileType = text.xcconfig; name = Pods.debug.xcconfig; path = "Pods/Target Support Files/Pods/Pods.debug.xcconfig"; sourceTree = "<group>"; };
		B2B953F991D64F708394529D /* Pods.release.xcconfig */ = {isa = PBXFileReference; includeInIndex = 1; lastKnownFileType = text.xcconfig; name = Pods.release.xcconfig; path = "Pods/Target Support Files/Pods/Pods.release.xcconfig"; sourceTree = "<group>"; };
		BD4BCCC91BDE04AA00466C0F /* AppleNews.app */ = {isa = PBXFileReference; explicitFileType = wrapper.application; includeInIndex = 0; path = AppleNews.app; sourceTree = BUILT_PRODUCTS_DIR; };
		BD9142C31BF086300062BFCB /* AppDelegate.swift */ = {isa = PBXFileReference; fileEncoding = 4; lastKnownFileType = sourcecode.swift; path = AppDelegate.swift; sourceTree = "<group>"; };
		BD9142C41BF086300062BFCB /* Assets.xcassets */ = {isa = PBXFileReference; lastKnownFileType = folder.assetcatalog; path = Assets.xcassets; sourceTree = "<group>"; };
		BD9142C61BF086300062BFCB /* Base */ = {isa = PBXFileReference; lastKnownFileType = file.storyboard; name = Base; path = Base.lproj/LaunchScreen.storyboard; sourceTree = "<group>"; };
		BD9142C81BF086300062BFCB /* Info.plist */ = {isa = PBXFileReference; fileEncoding = 4; lastKnownFileType = text.plist.xml; path = Info.plist; sourceTree = "<group>"; };
		BD9142CD1BF0904D0062BFCB /* GridTopicCell.swift */ = {isa = PBXFileReference; fileEncoding = 4; lastKnownFileType = sourcecode.swift; path = GridTopicCell.swift; sourceTree = "<group>"; };
		BD9142D11BF099080062BFCB /* ListHeaderView.swift */ = {isa = PBXFileReference; fileEncoding = 4; lastKnownFileType = sourcecode.swift; path = ListHeaderView.swift; sourceTree = "<group>"; };
		BDD513141BFF1031000A023D /* Componentable.swift */ = {isa = PBXFileReference; fileEncoding = 4; lastKnownFileType = sourcecode.swift; path = Componentable.swift; sourceTree = "<group>"; };
		BDD513151BFF1031000A023D /* Gridable.swift */ = {isa = PBXFileReference; fileEncoding = 4; lastKnownFileType = sourcecode.swift; path = Gridable.swift; sourceTree = "<group>"; };
		BDD513161BFF1031000A023D /* Itemble.swift */ = {isa = PBXFileReference; fileEncoding = 4; lastKnownFileType = sourcecode.swift; path = Itemble.swift; sourceTree = "<group>"; };
		BDD513171BFF1031000A023D /* Listable.swift */ = {isa = PBXFileReference; fileEncoding = 4; lastKnownFileType = sourcecode.swift; path = Listable.swift; sourceTree = "<group>"; };
		BDD513181BFF1031000A023D /* Parser.swift */ = {isa = PBXFileReference; fileEncoding = 4; lastKnownFileType = sourcecode.swift; path = Parser.swift; sourceTree = "<group>"; };
		BDD513191BFF1031000A023D /* Spotable.swift */ = {isa = PBXFileReference; fileEncoding = 4; lastKnownFileType = sourcecode.swift; path = Spotable.swift; sourceTree = "<group>"; };
		BDD5131A1BFF1031000A023D /* SpotFactory.swift */ = {isa = PBXFileReference; fileEncoding = 4; lastKnownFileType = sourcecode.swift; path = SpotFactory.swift; sourceTree = "<group>"; };
		BDD5131B1BFF1031000A023D /* SpotsDelegate.swift */ = {isa = PBXFileReference; fileEncoding = 4; lastKnownFileType = sourcecode.swift; path = SpotsDelegate.swift; sourceTree = "<group>"; };
		BDD5131C1BFF1031000A023D /* SpotSizeDelegate.swift */ = {isa = PBXFileReference; fileEncoding = 4; lastKnownFileType = sourcecode.swift; path = SpotSizeDelegate.swift; sourceTree = "<group>"; };
		BDD5131D1BFF1031000A023D /* UIView+Optimize.swift */ = {isa = PBXFileReference; fileEncoding = 4; lastKnownFileType = sourcecode.swift; path = "UIView+Optimize.swift"; sourceTree = "<group>"; };
		BDD5131F1BFF1031000A023D /* Component.swift */ = {isa = PBXFileReference; fileEncoding = 4; lastKnownFileType = sourcecode.swift; path = Component.swift; sourceTree = "<group>"; };
		BDD513201BFF1031000A023D /* ListItem.swift */ = {isa = PBXFileReference; fileEncoding = 4; lastKnownFileType = sourcecode.swift; path = ListItem.swift; sourceTree = "<group>"; };
		BDD513231BFF1031000A023D /* CarouselSpot.swift */ = {isa = PBXFileReference; fileEncoding = 4; lastKnownFileType = sourcecode.swift; path = CarouselSpot.swift; sourceTree = "<group>"; };
		BDD513241BFF1031000A023D /* CarouselSpotCell.swift */ = {isa = PBXFileReference; fileEncoding = 4; lastKnownFileType = sourcecode.swift; path = CarouselSpotCell.swift; sourceTree = "<group>"; };
		BDD513261BFF1031000A023D /* FeedSpot.swift */ = {isa = PBXFileReference; fileEncoding = 4; lastKnownFileType = sourcecode.swift; path = FeedSpot.swift; sourceTree = "<group>"; };
		BDD513271BFF1031000A023D /* FeedSpotCell.swift */ = {isa = PBXFileReference; fileEncoding = 4; lastKnownFileType = sourcecode.swift; path = FeedSpotCell.swift; sourceTree = "<group>"; };
		BDD513291BFF1031000A023D /* GridSpot.swift */ = {isa = PBXFileReference; fileEncoding = 4; lastKnownFileType = sourcecode.swift; path = GridSpot.swift; sourceTree = "<group>"; };
		BDD5132A1BFF1031000A023D /* GridSpotCell.swift */ = {isa = PBXFileReference; fileEncoding = 4; lastKnownFileType = sourcecode.swift; path = GridSpotCell.swift; sourceTree = "<group>"; };
		BDD5132C1BFF1031000A023D /* ListSpot.swift */ = {isa = PBXFileReference; fileEncoding = 4; lastKnownFileType = sourcecode.swift; path = ListSpot.swift; sourceTree = "<group>"; };
		BDD5132D1BFF1031000A023D /* ListSpotCell.swift */ = {isa = PBXFileReference; fileEncoding = 4; lastKnownFileType = sourcecode.swift; path = ListSpotCell.swift; sourceTree = "<group>"; };
		BDD5132F1BFF1031000A023D /* SpotCell.swift */ = {isa = PBXFileReference; fileEncoding = 4; lastKnownFileType = sourcecode.swift; path = SpotCell.swift; sourceTree = "<group>"; };
		BDD513301BFF1031000A023D /* SpotsController.swift */ = {isa = PBXFileReference; fileEncoding = 4; lastKnownFileType = sourcecode.swift; path = SpotsController.swift; sourceTree = "<group>"; };
/* End PBXFileReference section */

/* Begin PBXFrameworksBuildPhase section */
		BD4BCCC61BDE04AA00466C0F /* Frameworks */ = {
			isa = PBXFrameworksBuildPhase;
			buildActionMask = 2147483647;
			files = (
				145247EBAD739548A6D374E9 /* Pods.framework in Frameworks */,
			);
			runOnlyForDeploymentPostprocessing = 0;
		};
/* End PBXFrameworksBuildPhase section */

/* Begin PBXGroup section */
		22AB7A2AE7FDD8056EF15DDE /* Frameworks */ = {
			isa = PBXGroup;
			children = (
				4130076C870CD84B2DA65854 /* Pods.framework */,
			);
			name = Frameworks;
			sourceTree = "<group>";
		};
		6B791389BEAE9DCBEC362BFA /* Pods */ = {
			isa = PBXGroup;
			children = (
				64DC7B3AA5E98213C1480AC4 /* Pods.debug.xcconfig */,
				B2B953F991D64F708394529D /* Pods.release.xcconfig */,
			);
			name = Pods;
			sourceTree = "<group>";
		};
		BD4BCCC01BDE04AA00466C0F = {
			isa = PBXGroup;
			children = (
				BDD513121BFF1031000A023D /* Source */,
				22AB7A2AE7FDD8056EF15DDE /* Frameworks */,
				6B791389BEAE9DCBEC362BFA /* Pods */,
				BD4BCCCA1BDE04AA00466C0F /* Products */,
				BD9142C21BF086300062BFCB /* AppleNews */,
			);
			sourceTree = "<group>";
		};
		BD4BCCCA1BDE04AA00466C0F /* Products */ = {
			isa = PBXGroup;
			children = (
				BD4BCCC91BDE04AA00466C0F /* AppleNews.app */,
			);
			name = Products;
			sourceTree = "<group>";
		};
		BD9142C21BF086300062BFCB /* AppleNews */ = {
			isa = PBXGroup;
			children = (
				BD9142C81BF086300062BFCB /* Info.plist */,
				BD9142C31BF086300062BFCB /* AppDelegate.swift */,
				BD9142C41BF086300062BFCB /* Assets.xcassets */,
				BD9142C71BF086300062BFCB /* Cells */,
				BD9142D01BF099000062BFCB /* Headers */,
				BD9142C51BF086300062BFCB /* LaunchScreen.storyboard */,
			);
			path = AppleNews;
			sourceTree = "<group>";
		};
		BD9142C71BF086300062BFCB /* Cells */ = {
			isa = PBXGroup;
			children = (
				BD9142CD1BF0904D0062BFCB /* GridTopicCell.swift */,
			);
			path = Cells;
			sourceTree = "<group>";
		};
		BD9142D01BF099000062BFCB /* Headers */ = {
			isa = PBXGroup;
			children = (
				BD9142D11BF099080062BFCB /* ListHeaderView.swift */,
			);
			path = Headers;
			sourceTree = "<group>";
		};
		BDD513121BFF1031000A023D /* Source */ = {
			isa = PBXGroup;
			children = (
				BDD513131BFF1031000A023D /* Library */,
				BDD5131E1BFF1031000A023D /* Models */,
				BDD513211BFF1031000A023D /* Spots */,
				BDD513301BFF1031000A023D /* SpotsController.swift */,
			);
			name = Source;
			path = ../../Source;
			sourceTree = "<group>";
		};
		BDD513131BFF1031000A023D /* Library */ = {
			isa = PBXGroup;
			children = (
				BDD513141BFF1031000A023D /* Componentable.swift */,
				BDD513151BFF1031000A023D /* Gridable.swift */,
				BDD513161BFF1031000A023D /* Itemble.swift */,
				BDD513171BFF1031000A023D /* Listable.swift */,
				BDD513181BFF1031000A023D /* Parser.swift */,
				BDD513191BFF1031000A023D /* Spotable.swift */,
				BDD5131A1BFF1031000A023D /* SpotFactory.swift */,
				BDD5131B1BFF1031000A023D /* SpotsDelegate.swift */,
				BDD5131C1BFF1031000A023D /* SpotSizeDelegate.swift */,
				BDD5131D1BFF1031000A023D /* UIView+Optimize.swift */,
			);
			path = Library;
			sourceTree = "<group>";
		};
		BDD5131E1BFF1031000A023D /* Models */ = {
			isa = PBXGroup;
			children = (
				BDD5131F1BFF1031000A023D /* Component.swift */,
				BDD513201BFF1031000A023D /* ListItem.swift */,
			);
			path = Models;
			sourceTree = "<group>";
		};
		BDD513211BFF1031000A023D /* Spots */ = {
			isa = PBXGroup;
			children = (
				BDD513221BFF1031000A023D /* Carousel */,
				BDD513251BFF1031000A023D /* Feed */,
				BDD513281BFF1031000A023D /* Grid */,
				BDD5132B1BFF1031000A023D /* List */,
				BDD5132E1BFF1031000A023D /* Spots */,
			);
			path = Spots;
			sourceTree = "<group>";
		};
		BDD513221BFF1031000A023D /* Carousel */ = {
			isa = PBXGroup;
			children = (
				BDD513231BFF1031000A023D /* CarouselSpot.swift */,
				BDD513241BFF1031000A023D /* CarouselSpotCell.swift */,
			);
			path = Carousel;
			sourceTree = "<group>";
		};
		BDD513251BFF1031000A023D /* Feed */ = {
			isa = PBXGroup;
			children = (
				BDD513261BFF1031000A023D /* FeedSpot.swift */,
				BDD513271BFF1031000A023D /* FeedSpotCell.swift */,
			);
			path = Feed;
			sourceTree = "<group>";
		};
		BDD513281BFF1031000A023D /* Grid */ = {
			isa = PBXGroup;
			children = (
				BDD513291BFF1031000A023D /* GridSpot.swift */,
				BDD5132A1BFF1031000A023D /* GridSpotCell.swift */,
			);
			path = Grid;
			sourceTree = "<group>";
		};
		BDD5132B1BFF1031000A023D /* List */ = {
			isa = PBXGroup;
			children = (
				BDD5132C1BFF1031000A023D /* ListSpot.swift */,
				BDD5132D1BFF1031000A023D /* ListSpotCell.swift */,
			);
			path = List;
			sourceTree = "<group>";
		};
		BDD5132E1BFF1031000A023D /* Spots */ = {
			isa = PBXGroup;
			children = (
				BDD5132F1BFF1031000A023D /* SpotCell.swift */,
			);
			path = Spots;
			sourceTree = "<group>";
		};
/* End PBXGroup section */

/* Begin PBXNativeTarget section */
		BD4BCCC81BDE04AA00466C0F /* AppleNews */ = {
			isa = PBXNativeTarget;
			buildConfigurationList = BD4BCCDB1BDE04AA00466C0F /* Build configuration list for PBXNativeTarget "AppleNews" */;
			buildPhases = (
				941CBBB41146864845C99DB0 /* Check Pods Manifest.lock */,
				BD4BCCC51BDE04AA00466C0F /* Sources */,
				BD4BCCC61BDE04AA00466C0F /* Frameworks */,
				BD4BCCC71BDE04AA00466C0F /* Resources */,
				A9E9F90670779C48B353E729 /* Embed Pods Frameworks */,
				F54B7A954AAC9A191FB238AA /* Copy Pods Resources */,
			);
			buildRules = (
			);
			dependencies = (
			);
			name = AppleNews;
			productName = SpotsFeed;
			productReference = BD4BCCC91BDE04AA00466C0F /* AppleNews.app */;
			productType = "com.apple.product-type.application";
		};
/* End PBXNativeTarget section */

/* Begin PBXProject section */
		BD4BCCC11BDE04AA00466C0F /* Project object */ = {
			isa = PBXProject;
			attributes = {
				LastUpgradeCheck = 0700;
				ORGANIZATIONNAME = Hyper;
				TargetAttributes = {
					BD4BCCC81BDE04AA00466C0F = {
						CreatedOnToolsVersion = 7.0.1;
					};
				};
			};
			buildConfigurationList = BD4BCCC41BDE04AA00466C0F /* Build configuration list for PBXProject "AppleNews" */;
			compatibilityVersion = "Xcode 3.2";
			developmentRegion = English;
			hasScannedForEncodings = 0;
			knownRegions = (
				en,
				Base,
			);
			mainGroup = BD4BCCC01BDE04AA00466C0F;
			productRefGroup = BD4BCCCA1BDE04AA00466C0F /* Products */;
			projectDirPath = "";
			projectRoot = "";
			targets = (
				BD4BCCC81BDE04AA00466C0F /* AppleNews */,
			);
		};
/* End PBXProject section */

/* Begin PBXResourcesBuildPhase section */
		BD4BCCC71BDE04AA00466C0F /* Resources */ = {
			isa = PBXResourcesBuildPhase;
			buildActionMask = 2147483647;
			files = (
				BD9142CA1BF086300062BFCB /* Assets.xcassets in Resources */,
				BD9142CB1BF086300062BFCB /* LaunchScreen.storyboard in Resources */,
			);
			runOnlyForDeploymentPostprocessing = 0;
		};
/* End PBXResourcesBuildPhase section */

/* Begin PBXShellScriptBuildPhase section */
		941CBBB41146864845C99DB0 /* Check Pods Manifest.lock */ = {
			isa = PBXShellScriptBuildPhase;
			buildActionMask = 2147483647;
			files = (
			);
			inputPaths = (
			);
			name = "Check Pods Manifest.lock";
			outputPaths = (
			);
			runOnlyForDeploymentPostprocessing = 0;
			shellPath = /bin/sh;
			shellScript = "diff \"${PODS_ROOT}/../Podfile.lock\" \"${PODS_ROOT}/Manifest.lock\" > /dev/null\nif [[ $? != 0 ]] ; then\n    cat << EOM\nerror: The sandbox is not in sync with the Podfile.lock. Run 'pod install' or update your CocoaPods installation.\nEOM\n    exit 1\nfi\n";
			showEnvVarsInLog = 0;
		};
		A9E9F90670779C48B353E729 /* Embed Pods Frameworks */ = {
			isa = PBXShellScriptBuildPhase;
			buildActionMask = 2147483647;
			files = (
			);
			inputPaths = (
			);
			name = "Embed Pods Frameworks";
			outputPaths = (
			);
			runOnlyForDeploymentPostprocessing = 0;
			shellPath = /bin/sh;
			shellScript = "\"${SRCROOT}/Pods/Target Support Files/Pods/Pods-frameworks.sh\"\n";
			showEnvVarsInLog = 0;
		};
		F54B7A954AAC9A191FB238AA /* Copy Pods Resources */ = {
			isa = PBXShellScriptBuildPhase;
			buildActionMask = 2147483647;
			files = (
			);
			inputPaths = (
			);
			name = "Copy Pods Resources";
			outputPaths = (
			);
			runOnlyForDeploymentPostprocessing = 0;
			shellPath = /bin/sh;
			shellScript = "\"${SRCROOT}/Pods/Target Support Files/Pods/Pods-resources.sh\"\n";
			showEnvVarsInLog = 0;
		};
/* End PBXShellScriptBuildPhase section */

/* Begin PBXSourcesBuildPhase section */
		BD4BCCC51BDE04AA00466C0F /* Sources */ = {
			isa = PBXSourcesBuildPhase;
			buildActionMask = 2147483647;
			files = (
				BDD5133C1BFF1031000A023D /* ListItem.swift in Sources */,
				BDD513461BFF1031000A023D /* SpotsController.swift in Sources */,
				BDD5133F1BFF1031000A023D /* FeedSpot.swift in Sources */,
				BDD5133D1BFF1031000A023D /* CarouselSpot.swift in Sources */,
				BDD513371BFF1031000A023D /* SpotFactory.swift in Sources */,
				BDD513401BFF1031000A023D /* FeedSpotCell.swift in Sources */,
				BDD513431BFF1031000A023D /* ListSpot.swift in Sources */,
				BDD513411BFF1031000A023D /* GridSpot.swift in Sources */,
				BDD5133B1BFF1031000A023D /* Component.swift in Sources */,
				BDD513331BFF1031000A023D /* Itemble.swift in Sources */,
				BDD513381BFF1031000A023D /* SpotsDelegate.swift in Sources */,
				BD9142CE1BF0904D0062BFCB /* GridTopicCell.swift in Sources */,
				BDD513311BFF1031000A023D /* Componentable.swift in Sources */,
				BDD513391BFF1031000A023D /* SpotSizeDelegate.swift in Sources */,
				BDD513321BFF1031000A023D /* Gridable.swift in Sources */,
				BDD513351BFF1031000A023D /* Parser.swift in Sources */,
				BDD513451BFF1031000A023D /* SpotCell.swift in Sources */,
				BDD513441BFF1031000A023D /* ListSpotCell.swift in Sources */,
				BDD5133A1BFF1031000A023D /* UIView+Optimize.swift in Sources */,
				BD9142C91BF086300062BFCB /* AppDelegate.swift in Sources */,
				BDD513421BFF1031000A023D /* GridSpotCell.swift in Sources */,
				BD9142D21BF099080062BFCB /* ListHeaderView.swift in Sources */,
				BDD5133E1BFF1031000A023D /* CarouselSpotCell.swift in Sources */,
				BDD513361BFF1031000A023D /* Spotable.swift in Sources */,
				BDD513341BFF1031000A023D /* Listable.swift in Sources */,
			);
			runOnlyForDeploymentPostprocessing = 0;
		};
/* End PBXSourcesBuildPhase section */

/* Begin PBXVariantGroup section */
		BD9142C51BF086300062BFCB /* LaunchScreen.storyboard */ = {
			isa = PBXVariantGroup;
			children = (
				BD9142C61BF086300062BFCB /* Base */,
			);
			name = LaunchScreen.storyboard;
			sourceTree = "<group>";
		};
/* End PBXVariantGroup section */

/* Begin XCBuildConfiguration section */
		BD4BCCD91BDE04AA00466C0F /* Debug */ = {
			isa = XCBuildConfiguration;
			buildSettings = {
				ALWAYS_SEARCH_USER_PATHS = NO;
				CLANG_CXX_LANGUAGE_STANDARD = "gnu++0x";
				CLANG_CXX_LIBRARY = "libc++";
				CLANG_ENABLE_MODULES = YES;
				CLANG_ENABLE_OBJC_ARC = YES;
				CLANG_WARN_BOOL_CONVERSION = YES;
				CLANG_WARN_CONSTANT_CONVERSION = YES;
				CLANG_WARN_DIRECT_OBJC_ISA_USAGE = YES_ERROR;
				CLANG_WARN_EMPTY_BODY = YES;
				CLANG_WARN_ENUM_CONVERSION = YES;
				CLANG_WARN_INT_CONVERSION = YES;
				CLANG_WARN_OBJC_ROOT_CLASS = YES_ERROR;
				CLANG_WARN_UNREACHABLE_CODE = YES;
				CLANG_WARN__DUPLICATE_METHOD_MATCH = YES;
				"CODE_SIGN_IDENTITY[sdk=iphoneos*]" = "iPhone Developer";
				COPY_PHASE_STRIP = NO;
				DEBUG_INFORMATION_FORMAT = dwarf;
				ENABLE_STRICT_OBJC_MSGSEND = YES;
				ENABLE_TESTABILITY = YES;
				GCC_C_LANGUAGE_STANDARD = gnu99;
				GCC_DYNAMIC_NO_PIC = NO;
				GCC_NO_COMMON_BLOCKS = YES;
				GCC_OPTIMIZATION_LEVEL = 0;
				GCC_PREPROCESSOR_DEFINITIONS = (
					"DEBUG=1",
					"$(inherited)",
				);
				GCC_WARN_64_TO_32_BIT_CONVERSION = YES;
				GCC_WARN_ABOUT_RETURN_TYPE = YES_ERROR;
				GCC_WARN_UNDECLARED_SELECTOR = YES;
				GCC_WARN_UNINITIALIZED_AUTOS = YES_AGGRESSIVE;
				GCC_WARN_UNUSED_FUNCTION = YES;
				GCC_WARN_UNUSED_VARIABLE = YES;
				IPHONEOS_DEPLOYMENT_TARGET = 9.0;
				MTL_ENABLE_DEBUG_INFO = YES;
				ONLY_ACTIVE_ARCH = YES;
				SDKROOT = iphoneos;
				SWIFT_OPTIMIZATION_LEVEL = "-Onone";
			};
			name = Debug;
		};
		BD4BCCDA1BDE04AA00466C0F /* Release */ = {
			isa = XCBuildConfiguration;
			buildSettings = {
				ALWAYS_SEARCH_USER_PATHS = NO;
				CLANG_CXX_LANGUAGE_STANDARD = "gnu++0x";
				CLANG_CXX_LIBRARY = "libc++";
				CLANG_ENABLE_MODULES = YES;
				CLANG_ENABLE_OBJC_ARC = YES;
				CLANG_WARN_BOOL_CONVERSION = YES;
				CLANG_WARN_CONSTANT_CONVERSION = YES;
				CLANG_WARN_DIRECT_OBJC_ISA_USAGE = YES_ERROR;
				CLANG_WARN_EMPTY_BODY = YES;
				CLANG_WARN_ENUM_CONVERSION = YES;
				CLANG_WARN_INT_CONVERSION = YES;
				CLANG_WARN_OBJC_ROOT_CLASS = YES_ERROR;
				CLANG_WARN_UNREACHABLE_CODE = YES;
				CLANG_WARN__DUPLICATE_METHOD_MATCH = YES;
				"CODE_SIGN_IDENTITY[sdk=iphoneos*]" = "iPhone Developer";
				COPY_PHASE_STRIP = NO;
				DEBUG_INFORMATION_FORMAT = "dwarf-with-dsym";
				ENABLE_NS_ASSERTIONS = NO;
				ENABLE_STRICT_OBJC_MSGSEND = YES;
				GCC_C_LANGUAGE_STANDARD = gnu99;
				GCC_NO_COMMON_BLOCKS = YES;
				GCC_WARN_64_TO_32_BIT_CONVERSION = YES;
				GCC_WARN_ABOUT_RETURN_TYPE = YES_ERROR;
				GCC_WARN_UNDECLARED_SELECTOR = YES;
				GCC_WARN_UNINITIALIZED_AUTOS = YES_AGGRESSIVE;
				GCC_WARN_UNUSED_FUNCTION = YES;
				GCC_WARN_UNUSED_VARIABLE = YES;
				IPHONEOS_DEPLOYMENT_TARGET = 9.0;
				MTL_ENABLE_DEBUG_INFO = NO;
				SDKROOT = iphoneos;
				VALIDATE_PRODUCT = YES;
			};
			name = Release;
		};
		BD4BCCDC1BDE04AA00466C0F /* Debug */ = {
			isa = XCBuildConfiguration;
			baseConfigurationReference = 64DC7B3AA5E98213C1480AC4 /* Pods.debug.xcconfig */;
			buildSettings = {
				ASSETCATALOG_COMPILER_APPICON_NAME = AppIcon;
				INFOPLIST_FILE = AppleNews/Info.plist;
				LD_RUNPATH_SEARCH_PATHS = "$(inherited) @executable_path/Frameworks";
				PRODUCT_BUNDLE_IDENTIFIER = no.hyper.AppleNews;
				PRODUCT_NAME = AppleNews;
			};
			name = Debug;
		};
		BD4BCCDD1BDE04AA00466C0F /* Release */ = {
			isa = XCBuildConfiguration;
			baseConfigurationReference = B2B953F991D64F708394529D /* Pods.release.xcconfig */;
			buildSettings = {
				ASSETCATALOG_COMPILER_APPICON_NAME = AppIcon;
				INFOPLIST_FILE = AppleNews/Info.plist;
				LD_RUNPATH_SEARCH_PATHS = "$(inherited) @executable_path/Frameworks";
				PRODUCT_BUNDLE_IDENTIFIER = no.hyper.AppleNews;
				PRODUCT_NAME = AppleNews;
			};
			name = Release;
		};
/* End XCBuildConfiguration section */

/* Begin XCConfigurationList section */
		BD4BCCC41BDE04AA00466C0F /* Build configuration list for PBXProject "AppleNews" */ = {
			isa = XCConfigurationList;
			buildConfigurations = (
				BD4BCCD91BDE04AA00466C0F /* Debug */,
				BD4BCCDA1BDE04AA00466C0F /* Release */,
			);
			defaultConfigurationIsVisible = 0;
			defaultConfigurationName = Release;
		};
		BD4BCCDB1BDE04AA00466C0F /* Build configuration list for PBXNativeTarget "AppleNews" */ = {
			isa = XCConfigurationList;
			buildConfigurations = (
				BD4BCCDC1BDE04AA00466C0F /* Debug */,
				BD4BCCDD1BDE04AA00466C0F /* Release */,
			);
			defaultConfigurationIsVisible = 0;
			defaultConfigurationName = Release;
		};
/* End XCConfigurationList section */
	};
	rootObject = BD4BCCC11BDE04AA00466C0F /* Project object */;
}
